// !$*UTF8*$!
{
	archiveVersion = 1;
	classes = {
	};
	objectVersion = 56;
	objects = {

/* Begin PBXBuildFile section */
		1036DDD9EC1F1BD8A8B92646 /* Pods_VeganRestaurant.framework in Frameworks */ = {isa = PBXBuildFile; fileRef = E8DDAA54973694C85BDE2B54 /* Pods_VeganRestaurant.framework */; };
		C50367EF2A1791960020C6BB /* API.plist in Resources */ = {isa = PBXBuildFile; fileRef = C50367EE2A1791960020C6BB /* API.plist */; };
		C50367F52A1795D10020C6BB /* MainViewPresenter.swift in Sources */ = {isa = PBXBuildFile; fileRef = C50367F42A1795D10020C6BB /* MainViewPresenter.swift */; };
		C50367F82A179D7B0020C6BB /* Config.swift in Sources */ = {isa = PBXBuildFile; fileRef = C50367F72A179D7B0020C6BB /* Config.swift */; };
		C50367FA2A179EA80020C6BB /* TappedLocation.swift in Sources */ = {isa = PBXBuildFile; fileRef = C50367F92A179EA80020C6BB /* TappedLocation.swift */; };
		C52FA3432A175B20005E70DC /* AppDelegate.swift in Sources */ = {isa = PBXBuildFile; fileRef = C52FA3422A175B20005E70DC /* AppDelegate.swift */; };
		C52FA3452A175B20005E70DC /* SceneDelegate.swift in Sources */ = {isa = PBXBuildFile; fileRef = C52FA3442A175B20005E70DC /* SceneDelegate.swift */; };
		C52FA3472A175B20005E70DC /* MainViewController.swift in Sources */ = {isa = PBXBuildFile; fileRef = C52FA3462A175B20005E70DC /* MainViewController.swift */; };
		C52FA34C2A175B20005E70DC /* Assets.xcassets in Resources */ = {isa = PBXBuildFile; fileRef = C52FA34B2A175B20005E70DC /* Assets.xcassets */; };
		C52FA34F2A175B20005E70DC /* LaunchScreen.storyboard in Resources */ = {isa = PBXBuildFile; fileRef = C52FA34D2A175B20005E70DC /* LaunchScreen.storyboard */; };
/* End PBXBuildFile section */

/* Begin PBXFileReference section */
		504A921976A8C86232B4E5E5 /* Pods-VeganRestaurant.debug.xcconfig */ = {isa = PBXFileReference; includeInIndex = 1; lastKnownFileType = text.xcconfig; name = "Pods-VeganRestaurant.debug.xcconfig"; path = "Target Support Files/Pods-VeganRestaurant/Pods-VeganRestaurant.debug.xcconfig"; sourceTree = "<group>"; };
		C50367EE2A1791960020C6BB /* API.plist */ = {isa = PBXFileReference; lastKnownFileType = text.plist.xml; path = API.plist; sourceTree = "<group>"; };
		C50367F42A1795D10020C6BB /* MainViewPresenter.swift */ = {isa = PBXFileReference; lastKnownFileType = sourcecode.swift; path = MainViewPresenter.swift; sourceTree = "<group>"; };
		C50367F72A179D7B0020C6BB /* Config.swift */ = {isa = PBXFileReference; lastKnownFileType = sourcecode.swift; path = Config.swift; sourceTree = "<group>"; };
		C50367F92A179EA80020C6BB /* TappedLocation.swift */ = {isa = PBXFileReference; lastKnownFileType = sourcecode.swift; path = TappedLocation.swift; sourceTree = "<group>"; };
		C52FA33F2A175B20005E70DC /* VeganRestaurant.app */ = {isa = PBXFileReference; explicitFileType = wrapper.application; includeInIndex = 0; path = VeganRestaurant.app; sourceTree = BUILT_PRODUCTS_DIR; };
		C52FA3422A175B20005E70DC /* AppDelegate.swift */ = {isa = PBXFileReference; lastKnownFileType = sourcecode.swift; path = AppDelegate.swift; sourceTree = "<group>"; };
		C52FA3442A175B20005E70DC /* SceneDelegate.swift */ = {isa = PBXFileReference; lastKnownFileType = sourcecode.swift; path = SceneDelegate.swift; sourceTree = "<group>"; };
		C52FA3462A175B20005E70DC /* MainViewController.swift */ = {isa = PBXFileReference; lastKnownFileType = sourcecode.swift; path = MainViewController.swift; sourceTree = "<group>"; };
		C52FA34B2A175B20005E70DC /* Assets.xcassets */ = {isa = PBXFileReference; lastKnownFileType = folder.assetcatalog; path = Assets.xcassets; sourceTree = "<group>"; };
		C52FA34E2A175B20005E70DC /* Base */ = {isa = PBXFileReference; lastKnownFileType = file.storyboard; name = Base; path = Base.lproj/LaunchScreen.storyboard; sourceTree = "<group>"; };
		C52FA3502A175B20005E70DC /* Info.plist */ = {isa = PBXFileReference; lastKnownFileType = text.plist.xml; path = Info.plist; sourceTree = "<group>"; };
		CE9C80342B4DE4AD7FF372F7 /* Pods-VeganRestaurant.release.xcconfig */ = {isa = PBXFileReference; includeInIndex = 1; lastKnownFileType = text.xcconfig; name = "Pods-VeganRestaurant.release.xcconfig"; path = "Target Support Files/Pods-VeganRestaurant/Pods-VeganRestaurant.release.xcconfig"; sourceTree = "<group>"; };
		E8DDAA54973694C85BDE2B54 /* Pods_VeganRestaurant.framework */ = {isa = PBXFileReference; explicitFileType = wrapper.framework; includeInIndex = 0; path = Pods_VeganRestaurant.framework; sourceTree = BUILT_PRODUCTS_DIR; };
/* End PBXFileReference section */

/* Begin PBXFrameworksBuildPhase section */
		C52FA33C2A175B20005E70DC /* Frameworks */ = {
			isa = PBXFrameworksBuildPhase;
			buildActionMask = 2147483647;
			files = (
				1036DDD9EC1F1BD8A8B92646 /* Pods_VeganRestaurant.framework in Frameworks */,
			);
			runOnlyForDeploymentPostprocessing = 0;
		};
/* End PBXFrameworksBuildPhase section */

/* Begin PBXGroup section */
		7FE22D32B09012B7170C095E /* Frameworks */ = {
			isa = PBXGroup;
			children = (
				E8DDAA54973694C85BDE2B54 /* Pods_VeganRestaurant.framework */,
			);
			name = Frameworks;
			sourceTree = "<group>";
		};
		BE7C2C07294F8980354FE766 /* Pods */ = {
			isa = PBXGroup;
			children = (
				504A921976A8C86232B4E5E5 /* Pods-VeganRestaurant.debug.xcconfig */,
				CE9C80342B4DE4AD7FF372F7 /* Pods-VeganRestaurant.release.xcconfig */,
			);
			path = Pods;
			sourceTree = "<group>";
		};
		C50367EC2A1791620020C6BB /* Utils */ = {
			isa = PBXGroup;
			children = (
				C52FA3422A175B20005E70DC /* AppDelegate.swift */,
				C52FA3442A175B20005E70DC /* SceneDelegate.swift */,
				C52FA34B2A175B20005E70DC /* Assets.xcassets */,
				C52FA34D2A175B20005E70DC /* LaunchScreen.storyboard */,
				C52FA3502A175B20005E70DC /* Info.plist */,
				C50367EE2A1791960020C6BB /* API.plist */,
			);
			path = Utils;
			sourceTree = "<group>";
		};
		C50367ED2A1791840020C6BB /* Scene */ = {
			isa = PBXGroup;
			children = (
				C50367F12A1795AF0020C6BB /* View */,
				C50367F02A1795A30020C6BB /* Presenter */,
			);
			path = Scene;
			sourceTree = "<group>";
		};
		C50367F02A1795A30020C6BB /* Presenter */ = {
			isa = PBXGroup;
			children = (
				C50367F42A1795D10020C6BB /* MainViewPresenter.swift */,
			);
			path = Presenter;
			sourceTree = "<group>";
		};
		C50367F12A1795AF0020C6BB /* View */ = {
			isa = PBXGroup;
			children = (
				C52FA3462A175B20005E70DC /* MainViewController.swift */,
			);
			path = View;
			sourceTree = "<group>";
		};
		C50367F22A1795B90020C6BB /* Manager */ = {
			isa = PBXGroup;
			children = (
			);
			path = Manager;
			sourceTree = "<group>";
		};
		C50367F32A1795BE0020C6BB /* Model */ = {
			isa = PBXGroup;
			children = (
				C50367F92A179EA80020C6BB /* TappedLocation.swift */,
			);
			path = Model;
			sourceTree = "<group>";
		};
		C50367F62A179D6E0020C6BB /* System */ = {
			isa = PBXGroup;
			children = (
				C50367F72A179D7B0020C6BB /* Config.swift */,
			);
			path = System;
			sourceTree = "<group>";
		};
		C52FA3362A175B20005E70DC = {
			isa = PBXGroup;
			children = (
				C52FA3412A175B20005E70DC /* VeganRestaurant */,
				C52FA3402A175B20005E70DC /* Products */,
				BE7C2C07294F8980354FE766 /* Pods */,
				7FE22D32B09012B7170C095E /* Frameworks */,
			);
			sourceTree = "<group>";
		};
		C52FA3402A175B20005E70DC /* Products */ = {
			isa = PBXGroup;
			children = (
				C52FA33F2A175B20005E70DC /* VeganRestaurant.app */,
			);
			name = Products;
			sourceTree = "<group>";
		};
		C52FA3412A175B20005E70DC /* VeganRestaurant */ = {
			isa = PBXGroup;
			children = (
				C50367EC2A1791620020C6BB /* Utils */,
				C50367F62A179D6E0020C6BB /* System */,
				C50367F32A1795BE0020C6BB /* Model */,
				C50367F22A1795B90020C6BB /* Manager */,
				C50367ED2A1791840020C6BB /* Scene */,
			);
			path = VeganRestaurant;
			sourceTree = "<group>";
		};
/* End PBXGroup section */

/* Begin PBXNativeTarget section */
		C52FA33E2A175B20005E70DC /* VeganRestaurant */ = {
			isa = PBXNativeTarget;
			buildConfigurationList = C52FA3532A175B20005E70DC /* Build configuration list for PBXNativeTarget "VeganRestaurant" */;
			buildPhases = (
				200447A92F7EC9C550310E0D /* [CP] Check Pods Manifest.lock */,
				C52FA33B2A175B20005E70DC /* Sources */,
				C52FA33C2A175B20005E70DC /* Frameworks */,
				C52FA33D2A175B20005E70DC /* Resources */,
				E65714349F2131A11778A40C /* [CP] Embed Pods Frameworks */,
			);
			buildRules = (
			);
			dependencies = (
			);
			name = VeganRestaurant;
			productName = VeganRestaurant;
			productReference = C52FA33F2A175B20005E70DC /* VeganRestaurant.app */;
			productType = "com.apple.product-type.application";
		};
/* End PBXNativeTarget section */

/* Begin PBXProject section */
		C52FA3372A175B20005E70DC /* Project object */ = {
			isa = PBXProject;
			attributes = {
				BuildIndependentTargetsInParallel = 1;
				LastSwiftUpdateCheck = 1430;
				LastUpgradeCheck = 1430;
				TargetAttributes = {
					C52FA33E2A175B20005E70DC = {
						CreatedOnToolsVersion = 14.3;
					};
				};
			};
			buildConfigurationList = C52FA33A2A175B20005E70DC /* Build configuration list for PBXProject "VeganRestaurant" */;
			compatibilityVersion = "Xcode 14.0";
			developmentRegion = en;
			hasScannedForEncodings = 0;
			knownRegions = (
				en,
				Base,
			);
			mainGroup = C52FA3362A175B20005E70DC;
			productRefGroup = C52FA3402A175B20005E70DC /* Products */;
			projectDirPath = "";
			projectRoot = "";
			targets = (
				C52FA33E2A175B20005E70DC /* VeganRestaurant */,
			);
		};
/* End PBXProject section */

/* Begin PBXResourcesBuildPhase section */
		C52FA33D2A175B20005E70DC /* Resources */ = {
			isa = PBXResourcesBuildPhase;
			buildActionMask = 2147483647;
			files = (
				C52FA34F2A175B20005E70DC /* LaunchScreen.storyboard in Resources */,
				C50367EF2A1791960020C6BB /* API.plist in Resources */,
				C52FA34C2A175B20005E70DC /* Assets.xcassets in Resources */,
			);
			runOnlyForDeploymentPostprocessing = 0;
		};
/* End PBXResourcesBuildPhase section */

/* Begin PBXShellScriptBuildPhase section */
		200447A92F7EC9C550310E0D /* [CP] Check Pods Manifest.lock */ = {
			isa = PBXShellScriptBuildPhase;
			buildActionMask = 2147483647;
			files = (
			);
			inputFileListPaths = (
			);
			inputPaths = (
				"${PODS_PODFILE_DIR_PATH}/Podfile.lock",
				"${PODS_ROOT}/Manifest.lock",
			);
			name = "[CP] Check Pods Manifest.lock";
			outputFileListPaths = (
			);
			outputPaths = (
				"$(DERIVED_FILE_DIR)/Pods-VeganRestaurant-checkManifestLockResult.txt",
			);
			runOnlyForDeploymentPostprocessing = 0;
			shellPath = /bin/sh;
			shellScript = "diff \"${PODS_PODFILE_DIR_PATH}/Podfile.lock\" \"${PODS_ROOT}/Manifest.lock\" > /dev/null\nif [ $? != 0 ] ; then\n    # print error to STDERR\n    echo \"error: The sandbox is not in sync with the Podfile.lock. Run 'pod install' or update your CocoaPods installation.\" >&2\n    exit 1\nfi\n# This output is used by Xcode 'outputs' to avoid re-running this script phase.\necho \"SUCCESS\" > \"${SCRIPT_OUTPUT_FILE_0}\"\n";
			showEnvVarsInLog = 0;
		};
		E65714349F2131A11778A40C /* [CP] Embed Pods Frameworks */ = {
			isa = PBXShellScriptBuildPhase;
			buildActionMask = 2147483647;
			files = (
			);
			inputFileListPaths = (
				"${PODS_ROOT}/Target Support Files/Pods-VeganRestaurant/Pods-VeganRestaurant-frameworks-${CONFIGURATION}-input-files.xcfilelist",
			);
			name = "[CP] Embed Pods Frameworks";
			outputFileListPaths = (
				"${PODS_ROOT}/Target Support Files/Pods-VeganRestaurant/Pods-VeganRestaurant-frameworks-${CONFIGURATION}-output-files.xcfilelist",
			);
			runOnlyForDeploymentPostprocessing = 0;
			shellPath = /bin/sh;
			shellScript = "\"${PODS_ROOT}/Target Support Files/Pods-VeganRestaurant/Pods-VeganRestaurant-frameworks.sh\"\n";
			showEnvVarsInLog = 0;
		};
/* End PBXShellScriptBuildPhase section */

/* Begin PBXSourcesBuildPhase section */
		C52FA33B2A175B20005E70DC /* Sources */ = {
			isa = PBXSourcesBuildPhase;
			buildActionMask = 2147483647;
			files = (
				C52FA3472A175B20005E70DC /* MainViewController.swift in Sources */,
				C52FA3432A175B20005E70DC /* AppDelegate.swift in Sources */,
				C50367FA2A179EA80020C6BB /* TappedLocation.swift in Sources */,
				C50367F82A179D7B0020C6BB /* Config.swift in Sources */,
				C50367F52A1795D10020C6BB /* MainViewPresenter.swift in Sources */,
				C52FA3452A175B20005E70DC /* SceneDelegate.swift in Sources */,
			);
			runOnlyForDeploymentPostprocessing = 0;
		};
/* End PBXSourcesBuildPhase section */

/* Begin PBXVariantGroup section */
		C52FA34D2A175B20005E70DC /* LaunchScreen.storyboard */ = {
			isa = PBXVariantGroup;
			children = (
				C52FA34E2A175B20005E70DC /* Base */,
			);
			name = LaunchScreen.storyboard;
			sourceTree = "<group>";
		};
/* End PBXVariantGroup section */

/* Begin XCBuildConfiguration section */
		C52FA3512A175B20005E70DC /* Debug */ = {
			isa = XCBuildConfiguration;
			buildSettings = {
				ALWAYS_SEARCH_USER_PATHS = NO;
				CLANG_ANALYZER_NONNULL = YES;
				CLANG_ANALYZER_NUMBER_OBJECT_CONVERSION = YES_AGGRESSIVE;
				CLANG_CXX_LANGUAGE_STANDARD = "gnu++20";
				CLANG_ENABLE_MODULES = YES;
				CLANG_ENABLE_OBJC_ARC = YES;
				CLANG_ENABLE_OBJC_WEAK = YES;
				CLANG_WARN_BLOCK_CAPTURE_AUTORELEASING = YES;
				CLANG_WARN_BOOL_CONVERSION = YES;
				CLANG_WARN_COMMA = YES;
				CLANG_WARN_CONSTANT_CONVERSION = YES;
				CLANG_WARN_DEPRECATED_OBJC_IMPLEMENTATIONS = YES;
				CLANG_WARN_DIRECT_OBJC_ISA_USAGE = YES_ERROR;
				CLANG_WARN_DOCUMENTATION_COMMENTS = YES;
				CLANG_WARN_EMPTY_BODY = YES;
				CLANG_WARN_ENUM_CONVERSION = YES;
				CLANG_WARN_INFINITE_RECURSION = YES;
				CLANG_WARN_INT_CONVERSION = YES;
				CLANG_WARN_NON_LITERAL_NULL_CONVERSION = YES;
				CLANG_WARN_OBJC_IMPLICIT_RETAIN_SELF = YES;
				CLANG_WARN_OBJC_LITERAL_CONVERSION = YES;
				CLANG_WARN_OBJC_ROOT_CLASS = YES_ERROR;
				CLANG_WARN_QUOTED_INCLUDE_IN_FRAMEWORK_HEADER = YES;
				CLANG_WARN_RANGE_LOOP_ANALYSIS = YES;
				CLANG_WARN_STRICT_PROTOTYPES = YES;
				CLANG_WARN_SUSPICIOUS_MOVE = YES;
				CLANG_WARN_UNGUARDED_AVAILABILITY = YES_AGGRESSIVE;
				CLANG_WARN_UNREACHABLE_CODE = YES;
				CLANG_WARN__DUPLICATE_METHOD_MATCH = YES;
				COPY_PHASE_STRIP = NO;
				DEBUG_INFORMATION_FORMAT = dwarf;
				ENABLE_STRICT_OBJC_MSGSEND = YES;
				ENABLE_TESTABILITY = YES;
				GCC_C_LANGUAGE_STANDARD = gnu11;
				GCC_DYNAMIC_NO_PIC = NO;
				GCC_NO_COMMON_BLOCKS = YES;
				GCC_OPTIMIZATION_LEVEL = 0;
				GCC_PREPROCESSOR_DEFINITIONS = (
					"DEBUG=1",
					"$(inherited)",
				);
				GCC_WARN_64_TO_32_BIT_CONVERSION = YES;
				GCC_WARN_ABOUT_RETURN_TYPE = YES_ERROR;
				GCC_WARN_UNDECLARED_SELECTOR = YES;
				GCC_WARN_UNINITIALIZED_AUTOS = YES_AGGRESSIVE;
				GCC_WARN_UNUSED_FUNCTION = YES;
				GCC_WARN_UNUSED_VARIABLE = YES;
				IPHONEOS_DEPLOYMENT_TARGET = 16.4;
				MTL_ENABLE_DEBUG_INFO = INCLUDE_SOURCE;
				MTL_FAST_MATH = YES;
				ONLY_ACTIVE_ARCH = YES;
				SDKROOT = iphoneos;
				SWIFT_ACTIVE_COMPILATION_CONDITIONS = DEBUG;
				SWIFT_OPTIMIZATION_LEVEL = "-Onone";
			};
			name = Debug;
		};
		C52FA3522A175B20005E70DC /* Release */ = {
			isa = XCBuildConfiguration;
			buildSettings = {
				ALWAYS_SEARCH_USER_PATHS = NO;
				CLANG_ANALYZER_NONNULL = YES;
				CLANG_ANALYZER_NUMBER_OBJECT_CONVERSION = YES_AGGRESSIVE;
				CLANG_CXX_LANGUAGE_STANDARD = "gnu++20";
				CLANG_ENABLE_MODULES = YES;
				CLANG_ENABLE_OBJC_ARC = YES;
				CLANG_ENABLE_OBJC_WEAK = YES;
				CLANG_WARN_BLOCK_CAPTURE_AUTORELEASING = YES;
				CLANG_WARN_BOOL_CONVERSION = YES;
				CLANG_WARN_COMMA = YES;
				CLANG_WARN_CONSTANT_CONVERSION = YES;
				CLANG_WARN_DEPRECATED_OBJC_IMPLEMENTATIONS = YES;
				CLANG_WARN_DIRECT_OBJC_ISA_USAGE = YES_ERROR;
				CLANG_WARN_DOCUMENTATION_COMMENTS = YES;
				CLANG_WARN_EMPTY_BODY = YES;
				CLANG_WARN_ENUM_CONVERSION = YES;
				CLANG_WARN_INFINITE_RECURSION = YES;
				CLANG_WARN_INT_CONVERSION = YES;
				CLANG_WARN_NON_LITERAL_NULL_CONVERSION = YES;
				CLANG_WARN_OBJC_IMPLICIT_RETAIN_SELF = YES;
				CLANG_WARN_OBJC_LITERAL_CONVERSION = YES;
				CLANG_WARN_OBJC_ROOT_CLASS = YES_ERROR;
				CLANG_WARN_QUOTED_INCLUDE_IN_FRAMEWORK_HEADER = YES;
				CLANG_WARN_RANGE_LOOP_ANALYSIS = YES;
				CLANG_WARN_STRICT_PROTOTYPES = YES;
				CLANG_WARN_SUSPICIOUS_MOVE = YES;
				CLANG_WARN_UNGUARDED_AVAILABILITY = YES_AGGRESSIVE;
				CLANG_WARN_UNREACHABLE_CODE = YES;
				CLANG_WARN__DUPLICATE_METHOD_MATCH = YES;
				COPY_PHASE_STRIP = NO;
				DEBUG_INFORMATION_FORMAT = "dwarf-with-dsym";
				ENABLE_NS_ASSERTIONS = NO;
				ENABLE_STRICT_OBJC_MSGSEND = YES;
				GCC_C_LANGUAGE_STANDARD = gnu11;
				GCC_NO_COMMON_BLOCKS = YES;
				GCC_WARN_64_TO_32_BIT_CONVERSION = YES;
				GCC_WARN_ABOUT_RETURN_TYPE = YES_ERROR;
				GCC_WARN_UNDECLARED_SELECTOR = YES;
				GCC_WARN_UNINITIALIZED_AUTOS = YES_AGGRESSIVE;
				GCC_WARN_UNUSED_FUNCTION = YES;
				GCC_WARN_UNUSED_VARIABLE = YES;
				IPHONEOS_DEPLOYMENT_TARGET = 16.4;
				MTL_ENABLE_DEBUG_INFO = NO;
				MTL_FAST_MATH = YES;
				SDKROOT = iphoneos;
				SWIFT_COMPILATION_MODE = wholemodule;
				SWIFT_OPTIMIZATION_LEVEL = "-O";
				VALIDATE_PRODUCT = YES;
			};
			name = Release;
		};
		C52FA3542A175B20005E70DC /* Debug */ = {
			isa = XCBuildConfiguration;
			baseConfigurationReference = 504A921976A8C86232B4E5E5 /* Pods-VeganRestaurant.debug.xcconfig */;
			buildSettings = {
				ASSETCATALOG_COMPILER_APPICON_NAME = AppIcon;
				ASSETCATALOG_COMPILER_GLOBAL_ACCENT_COLOR_NAME = AccentColor;
				CODE_SIGN_STYLE = Automatic;
				CURRENT_PROJECT_VERSION = 1;
				DEVELOPMENT_TEAM = C4K2HXA435;
				GENERATE_INFOPLIST_FILE = YES;
				INFOPLIST_FILE = VeganRestaurant/Utils/Info.plist;
				INFOPLIST_KEY_NSLocationAlwaysUsageDescription = "테스트2";
				INFOPLIST_KEY_NSLocationWhenInUseUsageDescription = "테스트";
				INFOPLIST_KEY_UIApplicationSupportsIndirectInputEvents = YES;
				INFOPLIST_KEY_UILaunchStoryboardName = LaunchScreen;
				INFOPLIST_KEY_UISupportedInterfaceOrientations_iPad = "UIInterfaceOrientationPortrait UIInterfaceOrientationPortraitUpsideDown UIInterfaceOrientationLandscapeLeft UIInterfaceOrientationLandscapeRight";
				INFOPLIST_KEY_UISupportedInterfaceOrientations_iPhone = "UIInterfaceOrientationPortrait UIInterfaceOrientationLandscapeLeft UIInterfaceOrientationLandscapeRight";
				LD_RUNPATH_SEARCH_PATHS = (
					"$(inherited)",
					"@executable_path/Frameworks",
				);
				MARKETING_VERSION = 1.0;
				PRODUCT_BUNDLE_IDENTIFIER = SeonghunJeon.VeganRestaurant;
				PRODUCT_NAME = "$(TARGET_NAME)";
				SWIFT_EMIT_LOC_STRINGS = YES;
				SWIFT_VERSION = 5.0;
				TARGETED_DEVICE_FAMILY = "1,2";
			};
			name = Debug;
		};
		C52FA3552A175B20005E70DC /* Release */ = {
			isa = XCBuildConfiguration;
			baseConfigurationReference = CE9C80342B4DE4AD7FF372F7 /* Pods-VeganRestaurant.release.xcconfig */;
			buildSettings = {
				ASSETCATALOG_COMPILER_APPICON_NAME = AppIcon;
				ASSETCATALOG_COMPILER_GLOBAL_ACCENT_COLOR_NAME = AccentColor;
				CODE_SIGN_STYLE = Automatic;
				CURRENT_PROJECT_VERSION = 1;
				DEVELOPMENT_TEAM = C4K2HXA435;
				GENERATE_INFOPLIST_FILE = YES;
				INFOPLIST_FILE = VeganRestaurant/Utils/Info.plist;
				INFOPLIST_KEY_NSLocationAlwaysUsageDescription = "테스트2";
				INFOPLIST_KEY_NSLocationWhenInUseUsageDescription = "테스트";
				INFOPLIST_KEY_UIApplicationSupportsIndirectInputEvents = YES;
				INFOPLIST_KEY_UILaunchStoryboardName = LaunchScreen;
				INFOPLIST_KEY_UISupportedInterfaceOrientations_iPad = "UIInterfaceOrientationPortrait UIInterfaceOrientationPortraitUpsideDown UIInterfaceOrientationLandscapeLeft UIInterfaceOrientationLandscapeRight";
				INFOPLIST_KEY_UISupportedInterfaceOrientations_iPhone = "UIInterfaceOrientationPortrait UIInterfaceOrientationLandscapeLeft UIInterfaceOrientationLandscapeRight";
				LD_RUNPATH_SEARCH_PATHS = (
					"$(inherited)",
					"@executable_path/Frameworks",
				);
				MARKETING_VERSION = 1.0;
				PRODUCT_BUNDLE_IDENTIFIER = SeonghunJeon.VeganRestaurant;
				PRODUCT_NAME = "$(TARGET_NAME)";
				SWIFT_EMIT_LOC_STRINGS = YES;
				SWIFT_VERSION = 5.0;
				TARGETED_DEVICE_FAMILY = "1,2";
			};
			name = Release;
		};
/* End XCBuildConfiguration section */

/* Begin XCConfigurationList section */
		C52FA33A2A175B20005E70DC /* Build configuration list for PBXProject "VeganRestaurant" */ = {
			isa = XCConfigurationList;
			buildConfigurations = (
				C52FA3512A175B20005E70DC /* Debug */,
				C52FA3522A175B20005E70DC /* Release */,
			);
			defaultConfigurationIsVisible = 0;
			defaultConfigurationName = Release;
		};
		C52FA3532A175B20005E70DC /* Build configuration list for PBXNativeTarget "VeganRestaurant" */ = {
			isa = XCConfigurationList;
			buildConfigurations = (
				C52FA3542A175B20005E70DC /* Debug */,
				C52FA3552A175B20005E70DC /* Release */,
			);
			defaultConfigurationIsVisible = 0;
			defaultConfigurationName = Release;
		};
/* End XCConfigurationList section */
	};
	rootObject = C52FA3372A175B20005E70DC /* Project object */;
}
