// !$*UTF8*$!
{
	archiveVersion = 1;
	classes = {
	};
	objectVersion = 56;
	objects = {

/* Begin PBXBuildFile section */
		A156F24E1DC1F5FA54D44A76 /* Pods_AVIRO.framework in Frameworks */ = {isa = PBXBuildFile; fileRef = 796022A3066B91147B712BB4 /* Pods_AVIRO.framework */; };
		C50367F52A1795D10020C6BB /* HomeViewPresenter.swift in Sources */ = {isa = PBXBuildFile; fileRef = C50367F42A1795D10020C6BB /* HomeViewPresenter.swift */; };
		C50DB73D2A99D5710078B501 /* PlaceListCell.swift in Sources */ = {isa = PBXBuildFile; fileRef = C50DB73C2A99D5710078B501 /* PlaceListCell.swift */; };
		C50DB73F2A99D57C0078B501 /* PlaceListSearchViewController.swift in Sources */ = {isa = PBXBuildFile; fileRef = C50DB73E2A99D57C0078B501 /* PlaceListSearchViewController.swift */; };
		C50E6F6D2A8E5AAC00703B9E /* ReviewLabel.swift in Sources */ = {isa = PBXBuildFile; fileRef = C50E6F6C2A8E5AAC00703B9E /* ReviewLabel.swift */; };
		C50E6F6F2A8F10B500703B9E /* UILabel+Extension.swift in Sources */ = {isa = PBXBuildFile; fileRef = C50E6F6E2A8F10B500703B9E /* UILabel+Extension.swift */; };
		C50F6AF32A68FD0A00E942F5 /* EnrollPlaceViewController.swift in Sources */ = {isa = PBXBuildFile; fileRef = C50F6AF22A68FD0A00E942F5 /* EnrollPlaceViewController.swift */; };
		C50F6AF52A68FD6300E942F5 /* EnrollPlacePresenter.swift in Sources */ = {isa = PBXBuildFile; fileRef = C50F6AF42A68FD6300E942F5 /* EnrollPlacePresenter.swift */; };
		C50F6AF92A68FFBB00E942F5 /* EnrollStoreInfoView.swift in Sources */ = {isa = PBXBuildFile; fileRef = C50F6AF82A68FFBB00E942F5 /* EnrollStoreInfoView.swift */; };
		C50F6AFB2A68FFC300E942F5 /* EnrollVeganDetailView.swift in Sources */ = {isa = PBXBuildFile; fileRef = C50F6AFA2A68FFC300E942F5 /* EnrollVeganDetailView.swift */; };
		C50F6AFD2A68FFCB00E942F5 /* EnrollMenuTableView.swift in Sources */ = {isa = PBXBuildFile; fileRef = C50F6AFC2A68FFCB00E942F5 /* EnrollMenuTableView.swift */; };
		C50F6B022A6BC8E400E942F5 /* EnrollField.swift in Sources */ = {isa = PBXBuildFile; fileRef = C50F6B012A6BC8E400E942F5 /* EnrollField.swift */; };
		C50F6B042A6BCD6900E942F5 /* CategoryButton.swift in Sources */ = {isa = PBXBuildFile; fileRef = C50F6B032A6BCD6900E942F5 /* CategoryButton.swift */; };
		C51132BF2A559838006E1EC3 /* NotificationCenter+Extension.swift in Sources */ = {isa = PBXBuildFile; fileRef = C51132BE2A559838006E1EC3 /* NotificationCenter+Extension.swift */; };
		C51132C12A559BCA006E1EC3 /* AppController.swift in Sources */ = {isa = PBXBuildFile; fileRef = C51132C02A559BCA006E1EC3 /* AppController.swift */; };
		C5166E492A9305A9003495AA /* AVIROSummaryModel.swift in Sources */ = {isa = PBXBuildFile; fileRef = C5166E482A9305A9003495AA /* AVIROSummaryModel.swift */; };
		C5166E4D2A945228003495AA /* UserSingleton.swift in Sources */ = {isa = PBXBuildFile; fileRef = C5166E4C2A945228003495AA /* UserSingleton.swift */; };
		C51AED1D2A8A192D0015FBC2 /* ChangedViewAction.swift in Sources */ = {isa = PBXBuildFile; fileRef = C51AED1C2A8A192D0015FBC2 /* ChangedViewAction.swift */; };
		C51AED1F2A8B2BC80015FBC2 /* HomeTopButton.swift in Sources */ = {isa = PBXBuildFile; fileRef = C51AED1E2A8B2BC80015FBC2 /* HomeTopButton.swift */; };
		C51AED212A8B2BDB0015FBC2 /* HomeMapReferButton.swift in Sources */ = {isa = PBXBuildFile; fileRef = C51AED202A8B2BDB0015FBC2 /* HomeMapReferButton.swift */; };
		C51AED232A8B7B000015FBC2 /* UIViewController+Extension.swift in Sources */ = {isa = PBXBuildFile; fileRef = C51AED222A8B7B000015FBC2 /* UIViewController+Extension.swift */; };
		C51B09B82A82155200916BBD /* MarkerModelArray.swift in Sources */ = {isa = PBXBuildFile; fileRef = C51B09B72A82155200916BBD /* MarkerModelArray.swift */; };
		C51B09BA2A8215D800916BBD /* MarkerModel.swift in Sources */ = {isa = PBXBuildFile; fileRef = C51B09B92A8215D800916BBD /* MarkerModel.swift */; };
		C51B09BC2A82397800916BBD /* Marker+Extension.swift in Sources */ = {isa = PBXBuildFile; fileRef = C51B09BB2A82397800916BBD /* Marker+Extension.swift */; };
		C51BBAD52A78D53D00BF5B7C /* AVIROCheckPlaceModel.swift in Sources */ = {isa = PBXBuildFile; fileRef = C51BBAD42A78D53D00BF5B7C /* AVIROCheckPlaceModel.swift */; };
		C51BBAD72A78D5AB00BF5B7C /* PlaceCheckModel.swift in Sources */ = {isa = PBXBuildFile; fileRef = C51BBAD62A78D5AB00BF5B7C /* PlaceCheckModel.swift */; };
		C52066212A7CA9050038ECCD /* MainField.swift in Sources */ = {isa = PBXBuildFile; fileRef = C52066202A7CA9050038ECCD /* MainField.swift */; };
		C52066232A7CAC910038ECCD /* NoHistoryView.swift in Sources */ = {isa = PBXBuildFile; fileRef = C52066222A7CAC910038ECCD /* NoHistoryView.swift */; };
		C52066262A7CC3CE0038ECCD /* NoHistoryLabelView.swift in Sources */ = {isa = PBXBuildFile; fileRef = C52066252A7CC3CE0038ECCD /* NoHistoryLabelView.swift */; };
		C52066292A7CD5FC0038ECCD /* HistoryTableModel.swift in Sources */ = {isa = PBXBuildFile; fileRef = C52066282A7CD5FC0038ECCD /* HistoryTableModel.swift */; };
		C520662D2A7CE1CC0038ECCD /* SearchHistoryManager.swift in Sources */ = {isa = PBXBuildFile; fileRef = C520662C2A7CE1CC0038ECCD /* SearchHistoryManager.swift */; };
		C520662F2A7E485B0038ECCD /* MatchedPlaceModel.swift in Sources */ = {isa = PBXBuildFile; fileRef = C520662E2A7E485B0038ECCD /* MatchedPlaceModel.swift */; };
		C52066312A7E4A580038ECCD /* PlaceModelBeforeMatchedAVIRO.swift in Sources */ = {isa = PBXBuildFile; fileRef = C52066302A7E4A580038ECCD /* PlaceModelBeforeMatchedAVIRO.swift */; };
		C52066332A7E80350038ECCD /* MatchedPlaceListCell.swift in Sources */ = {isa = PBXBuildFile; fileRef = C52066322A7E80350038ECCD /* MatchedPlaceListCell.swift */; };
		C52066352A7F3FAE0038ECCD /* HistoryTableViewCell.swift in Sources */ = {isa = PBXBuildFile; fileRef = C52066342A7F3FAE0038ECCD /* HistoryTableViewCell.swift */; };
		C52066382A808DAD0038ECCD /* HistoryHeaderView.swift in Sources */ = {isa = PBXBuildFile; fileRef = C52066372A808DAD0038ECCD /* HistoryHeaderView.swift */; };
		C520663A2A808DC40038ECCD /* PlaceListHeaderView.swift in Sources */ = {isa = PBXBuildFile; fileRef = C52066392A808DC40038ECCD /* PlaceListHeaderView.swift */; };
		C520663C2A80C0450038ECCD /* CenterCoordinate.swift in Sources */ = {isa = PBXBuildFile; fileRef = C520663B2A80C0450038ECCD /* CenterCoordinate.swift */; };
		C52066412A8129510038ECCD /* KakaoAPISortingQuery.swift in Sources */ = {isa = PBXBuildFile; fileRef = C52066402A8129510038ECCD /* KakaoAPISortingQuery.swift */; };
		C528E4BA2A5F9A3E002BD72E /* ThridRegistrationViewController.swift in Sources */ = {isa = PBXBuildFile; fileRef = C528E4B92A5F9A3E002BD72E /* ThridRegistrationViewController.swift */; };
		C528E4BC2A5F9AB6002BD72E /* ThridRegistrationPresenter.swift in Sources */ = {isa = PBXBuildFile; fileRef = C528E4BB2A5F9AB6002BD72E /* ThridRegistrationPresenter.swift */; };
		C528E4BE2A5FB816002BD72E /* TermsTableCell.swift in Sources */ = {isa = PBXBuildFile; fileRef = C528E4BD2A5FB816002BD72E /* TermsTableCell.swift */; };
		C528E4C02A5FF1CB002BD72E /* FinalRegistrationViewController.swift in Sources */ = {isa = PBXBuildFile; fileRef = C528E4BF2A5FF1CB002BD72E /* FinalRegistrationViewController.swift */; };
		C52FA3432A175B20005E70DC /* AppDelegate.swift in Sources */ = {isa = PBXBuildFile; fileRef = C52FA3422A175B20005E70DC /* AppDelegate.swift */; };
		C52FA3452A175B20005E70DC /* SceneDelegate.swift in Sources */ = {isa = PBXBuildFile; fileRef = C52FA3442A175B20005E70DC /* SceneDelegate.swift */; };
		C52FA3472A175B20005E70DC /* HomeViewController.swift in Sources */ = {isa = PBXBuildFile; fileRef = C52FA3462A175B20005E70DC /* HomeViewController.swift */; };
		C52FA34C2A175B20005E70DC /* Assets.xcassets in Resources */ = {isa = PBXBuildFile; fileRef = C52FA34B2A175B20005E70DC /* Assets.xcassets */; };
		C52FA34F2A175B20005E70DC /* LaunchScreen.storyboard in Resources */ = {isa = PBXBuildFile; fileRef = C52FA34D2A175B20005E70DC /* LaunchScreen.storyboard */; };
		C5351B4D2A19223300116D50 /* KakaoMapRequestAPI.swift in Sources */ = {isa = PBXBuildFile; fileRef = C5351B4C2A19223300116D50 /* KakaoMapRequestAPI.swift */; };
		C5351B502A19225A00116D50 /* KakaoMapResponseKeywordModel.swift in Sources */ = {isa = PBXBuildFile; fileRef = C5351B4F2A19225A00116D50 /* KakaoMapResponseKeywordModel.swift */; };
		C5351B542A19A7B100116D50 /* MyCoordinate.swift in Sources */ = {isa = PBXBuildFile; fileRef = C5351B532A19A7B100116D50 /* MyCoordinate.swift */; };
		C5351B562A19B67900116D50 /* CustomAlertController.swift in Sources */ = {isa = PBXBuildFile; fileRef = C5351B552A19B67900116D50 /* CustomAlertController.swift */; };
		C5351B5C2A19F60200116D50 /* PlaceListSearchViewPresenter.swift in Sources */ = {isa = PBXBuildFile; fileRef = C5351B5B2A19F60200116D50 /* PlaceListSearchViewPresenter.swift */; };
		C5351B602A19F9A700116D50 /* PlaceListModel.swift in Sources */ = {isa = PBXBuildFile; fileRef = C5351B5F2A19F9A700116D50 /* PlaceListModel.swift */; };
		C5351B622A1A083400116D50 /* PlaceListCellModel.swift in Sources */ = {isa = PBXBuildFile; fileRef = C5351B612A1A083400116D50 /* PlaceListCellModel.swift */; };
		C5351B672A1A154C00116D50 /* PageEndingCheck.swift in Sources */ = {isa = PBXBuildFile; fileRef = C5351B662A1A154C00116D50 /* PageEndingCheck.swift */; };
		C5351B7A2A1B439000116D50 /* KakaoMapResponseCoordinateModel.swift in Sources */ = {isa = PBXBuildFile; fileRef = C5351B792A1B439000116D50 /* KakaoMapResponseCoordinateModel.swift */; };
		C53893162A5EC0C500CB9A54 /* GenderButton.swift in Sources */ = {isa = PBXBuildFile; fileRef = C53893152A5EC0C500CB9A54 /* GenderButton.swift */; };
		C547A8BA2A17D8D4004D1339 /* KakaoMapRequestManager.swift in Sources */ = {isa = PBXBuildFile; fileRef = C547A8B92A17D8D4004D1339 /* KakaoMapRequestManager.swift */; };
		C54BC0DB2A2C2D0D00B65439 /* UIColor+Extension.swift in Sources */ = {isa = PBXBuildFile; fileRef = C54BC0DA2A2C2D0D00B65439 /* UIColor+Extension.swift */; };
		C54BC0DD2A2C762C00B65439 /* CommentsLabel.swift in Sources */ = {isa = PBXBuildFile; fileRef = C54BC0DC2A2C762C00B65439 /* CommentsLabel.swift */; };
		C5538AAF2A1BB81200661DE2 /* VeganModel.swift in Sources */ = {isa = PBXBuildFile; fileRef = C5538AAE2A1BB81200661DE2 /* VeganModel.swift */; };
		C567C1502A56611500D4B426 /* TopCell.swift in Sources */ = {isa = PBXBuildFile; fileRef = C567C14F2A56611500D4B426 /* TopCell.swift */; };
		C568577D2A70E1F600F52715 /* BottomButton2.swift in Sources */ = {isa = PBXBuildFile; fileRef = C568577C2A70E1F600F52715 /* BottomButton2.swift */; };
		C56857802A7113C600F52715 /* NormalTableViewCell.swift in Sources */ = {isa = PBXBuildFile; fileRef = C568577F2A7113C600F52715 /* NormalTableViewCell.swift */; };
		C56857822A7113CF00F52715 /* RequestTableViewCell.swift in Sources */ = {isa = PBXBuildFile; fileRef = C56857812A7113CF00F52715 /* RequestTableViewCell.swift */; };
		C56E7A112A971504009CCAF2 /* ReportCellView.swift in Sources */ = {isa = PBXBuildFile; fileRef = C56E7A102A971504009CCAF2 /* ReportCellView.swift */; };
		C5732C712A41739000CDC499 /* AVIROAPIManager.swift in Sources */ = {isa = PBXBuildFile; fileRef = C5732C702A41739000CDC499 /* AVIROAPIManager.swift */; };
		C5732C732A41778A00CDC499 /* AVIROPostAPI.swift in Sources */ = {isa = PBXBuildFile; fileRef = C5732C722A41778A00CDC499 /* AVIROPostAPI.swift */; };
		C5732C752A41962D00CDC499 /* AVIRORequestAPI.swift in Sources */ = {isa = PBXBuildFile; fileRef = C5732C742A41962D00CDC499 /* AVIRORequestAPI.swift */; };
		C5732C772A41A0A500CDC499 /* AVIROMapModel.swift in Sources */ = {isa = PBXBuildFile; fileRef = C5732C762A41A0A500CDC499 /* AVIROMapModel.swift */; };
		C5732C7C2A41D41B00CDC499 /* VeganTableFieldModel.swift in Sources */ = {isa = PBXBuildFile; fileRef = C5732C7B2A41D41B00CDC499 /* VeganTableFieldModel.swift */; };
		C5732C7E2A41D42700CDC499 /* RequestTableFieldModel.swift in Sources */ = {isa = PBXBuildFile; fileRef = C5732C7D2A41D42700CDC499 /* RequestTableFieldModel.swift */; };
		C5803F582A88C1990064A853 /* PlaceTopModel.swift in Sources */ = {isa = PBXBuildFile; fileRef = C5803F572A88C1990064A853 /* PlaceTopModel.swift */; };
		C5803F5D2A88C3C00064A853 /* LocationUtility.swift in Sources */ = {isa = PBXBuildFile; fileRef = C5803F5C2A88C3C00064A853 /* LocationUtility.swift */; };
		C58B9AAE2A5675B9008AEAC3 /* TutorialViewController.swift in Sources */ = {isa = PBXBuildFile; fileRef = C58B9AAD2A5675B9008AEAC3 /* TutorialViewController.swift */; };
		C593B6472A4AB3A700D224CE /* PushCommentView.swift in Sources */ = {isa = PBXBuildFile; fileRef = C593B6462A4AB3A700D224CE /* PushCommentView.swift */; };
		C593B64B2A4AEA9800D224CE /* AVIROCommentPost.swift in Sources */ = {isa = PBXBuildFile; fileRef = C593B64A2A4AEA9800D224CE /* AVIROCommentPost.swift */; };
		C593B64F2A4C490600D224CE /* MyPageViewPresenter.swift in Sources */ = {isa = PBXBuildFile; fileRef = C593B64E2A4C490600D224CE /* MyPageViewPresenter.swift */; };
		C595ACCD2A84A1A200D35123 /* PlaceView.swift in Sources */ = {isa = PBXBuildFile; fileRef = C595ACCC2A84A1A200D35123 /* PlaceView.swift */; };
		C595ACD12A84A4EB00D35123 /* PlaceTopView.swift in Sources */ = {isa = PBXBuildFile; fileRef = C595ACD02A84A4EB00D35123 /* PlaceTopView.swift */; };
		C5A03C122A3A11290044D995 /* HomeViewControllerActionAndAnimation.swift in Sources */ = {isa = PBXBuildFile; fileRef = C5A03C112A3A11290044D995 /* HomeViewControllerActionAndAnimation.swift */; };
		C5A201B22A98502500A54381 /* TimeUtility.swift in Sources */ = {isa = PBXBuildFile; fileRef = C5A201B12A98502500A54381 /* TimeUtility.swift */; };
		C5A201B42A986EC300A54381 /* EditPlaceInfoViewController.swift in Sources */ = {isa = PBXBuildFile; fileRef = C5A201B32A986EC300A54381 /* EditPlaceInfoViewController.swift */; };
		C5A201B72A986EDF00A54381 /* EditMenuViewController.swift in Sources */ = {isa = PBXBuildFile; fileRef = C5A201B62A986EDF00A54381 /* EditMenuViewController.swift */; };
		C5A201BB2A986F9B00A54381 /* EditMenuPresenter.swift in Sources */ = {isa = PBXBuildFile; fileRef = C5A201BA2A986F9B00A54381 /* EditMenuPresenter.swift */; };
		C5A201BD2A98708800A54381 /* EditPlaceInfoPresenter.swift in Sources */ = {isa = PBXBuildFile; fileRef = C5A201BC2A98708800A54381 /* EditPlaceInfoPresenter.swift */; };
		C5A201C12A98A5DD00A54381 /* EditLocationTopView.swift in Sources */ = {isa = PBXBuildFile; fileRef = C5A201C02A98A5DD00A54381 /* EditLocationTopView.swift */; };
		C5A201C32A98A61F00A54381 /* EditLocationBottomView.swift in Sources */ = {isa = PBXBuildFile; fileRef = C5A201C22A98A61F00A54381 /* EditLocationBottomView.swift */; };
		C5A201C52A98A67900A54381 /* EditPhoneView.swift in Sources */ = {isa = PBXBuildFile; fileRef = C5A201C42A98A67900A54381 /* EditPhoneView.swift */; };
		C5A201C72A98A6D200A54381 /* EditWorkingHoursView.swift in Sources */ = {isa = PBXBuildFile; fileRef = C5A201C62A98A6D200A54381 /* EditWorkingHoursView.swift */; };
		C5A201C92A98A70800A54381 /* EditHomePageView.swift in Sources */ = {isa = PBXBuildFile; fileRef = C5A201C82A98A70800A54381 /* EditHomePageView.swift */; };
		C5A3C3C42A39658A0050AB3D /* LoginViewController.swift in Sources */ = {isa = PBXBuildFile; fileRef = C5A3C3C32A39658A0050AB3D /* LoginViewController.swift */; };
		C5A3C3C62A39659B0050AB3D /* LoginViewPresenter.swift in Sources */ = {isa = PBXBuildFile; fileRef = C5A3C3C52A39659B0050AB3D /* LoginViewPresenter.swift */; };
		C5A989972A959D920021B7C3 /* BookmarkPostModel.swift in Sources */ = {isa = PBXBuildFile; fileRef = C5A989962A959D920021B7C3 /* BookmarkPostModel.swift */; };
		C5A989992A959E040021B7C3 /* AVIROBookmarkModel.swift in Sources */ = {isa = PBXBuildFile; fileRef = C5A989982A959E040021B7C3 /* AVIROBookmarkModel.swift */; };
		C5A9899B2A95A6B50021B7C3 /* BookmarkArray.swift in Sources */ = {isa = PBXBuildFile; fileRef = C5A9899A2A95A6B50021B7C3 /* BookmarkArray.swift */; };
		C5A9899E2A95A7940021B7C3 /* BookmarkManager.swift in Sources */ = {isa = PBXBuildFile; fileRef = C5A9899D2A95A7940021B7C3 /* BookmarkManager.swift */; };
		C5B071E12A59454300AE709A /* BottomCell.swift in Sources */ = {isa = PBXBuildFile; fileRef = C5B071E02A59454300AE709A /* BottomCell.swift */; };
		C5B071E52A59B4AC00AE709A /* RegistrationField.swift in Sources */ = {isa = PBXBuildFile; fileRef = C5B071E42A59B4AC00AE709A /* RegistrationField.swift */; };
		C5C290742A85E4EC00ED5DCE /* PlaceSegmentedControlView.swift in Sources */ = {isa = PBXBuildFile; fileRef = C5C290732A85E4EC00ED5DCE /* PlaceSegmentedControlView.swift */; };
		C5C290772A85E4FF00ED5DCE /* PlaceHomeView.swift in Sources */ = {isa = PBXBuildFile; fileRef = C5C290762A85E4FF00ED5DCE /* PlaceHomeView.swift */; };
		C5C290792A85E51000ED5DCE /* PlaceMenuView.swift in Sources */ = {isa = PBXBuildFile; fileRef = C5C290782A85E51000ED5DCE /* PlaceMenuView.swift */; };
		C5C2907B2A85E51B00ED5DCE /* PlaceReviewsView.swift in Sources */ = {isa = PBXBuildFile; fileRef = C5C2907A2A85E51B00ED5DCE /* PlaceReviewsView.swift */; };
		C5C2907E2A85E69B00ED5DCE /* UnderlineSegmentedControl.swift in Sources */ = {isa = PBXBuildFile; fileRef = C5C2907D2A85E69B00ED5DCE /* UnderlineSegmentedControl.swift */; };
		C5C290812A8616E500ED5DCE /* PlaceInfoView.swift in Sources */ = {isa = PBXBuildFile; fileRef = C5C290802A8616E500ED5DCE /* PlaceInfoView.swift */; };
		C5C290852A86173F00ED5DCE /* PlaceReviewWriteView.swift in Sources */ = {isa = PBXBuildFile; fileRef = C5C290842A86173F00ED5DCE /* PlaceReviewWriteView.swift */; };
		C5C915492A777F8500C7CB93 /* SearchField.swift in Sources */ = {isa = PBXBuildFile; fileRef = C5C915482A777F8500C7CB93 /* SearchField.swift */; };
		C5C961932A8D9EE20016E2F8 /* PlaceMenuTableViewCell.swift in Sources */ = {isa = PBXBuildFile; fileRef = C5C961922A8D9EE20016E2F8 /* PlaceMenuTableViewCell.swift */; };
		C5C961952A8D9EED0016E2F8 /* PlaceReviewTableViewCell.swift in Sources */ = {isa = PBXBuildFile; fileRef = C5C961942A8D9EED0016E2F8 /* PlaceReviewTableViewCell.swift */; };
		C5C961982A8DA5880016E2F8 /* EditButton.swift in Sources */ = {isa = PBXBuildFile; fileRef = C5C961972A8DA5880016E2F8 /* EditButton.swift */; };
		C5C9619A2A8DA5950016E2F8 /* ShowMoreButton.swift in Sources */ = {isa = PBXBuildFile; fileRef = C5C961992A8DA5950016E2F8 /* ShowMoreButton.swift */; };
		C5C9619C2A8DB1D80016E2F8 /* MenuTypeLabel.swift in Sources */ = {isa = PBXBuildFile; fileRef = C5C9619B2A8DB1D80016E2F8 /* MenuTypeLabel.swift */; };
		C5C9619F2A8DEB230016E2F8 /* ReviewWriteButton.swift in Sources */ = {isa = PBXBuildFile; fileRef = C5C9619E2A8DEB230016E2F8 /* ReviewWriteButton.swift */; };
		C5CAAC452A39A93C008C5FDA /* Layout.swift in Sources */ = {isa = PBXBuildFile; fileRef = C5CAAC442A39A93C008C5FDA /* Layout.swift */; };
		C5CAAC472A39AEFE008C5FDA /* Image.swift in Sources */ = {isa = PBXBuildFile; fileRef = C5CAAC462A39AEFE008C5FDA /* Image.swift */; };
		C5CAAC492A39C6D4008C5FDA /* StringValue.swift in Sources */ = {isa = PBXBuildFile; fileRef = C5CAAC482A39C6D4008C5FDA /* StringValue.swift */; };
		C5D36D2E2A76031E003328E8 /* Double+Extension.swift in Sources */ = {isa = PBXBuildFile; fileRef = C5D36D2D2A76031E003328E8 /* Double+Extension.swift */; };
		C5D6E19F2A17B4410042679C /* API.plist in Resources */ = {isa = PBXBuildFile; fileRef = C5D6E19E2A17B4410042679C /* API.plist */; };
		C5D7458F2A224DCE006F9F31 /* HomeFirstPopUpView.swift in Sources */ = {isa = PBXBuildFile; fileRef = C5D7458E2A224DCE006F9F31 /* HomeFirstPopUpView.swift */; };
		C5D8E8632A3DEC3900D88A43 /* String+Extension.swift in Sources */ = {isa = PBXBuildFile; fileRef = C5D8E8622A3DEC3900D88A43 /* String+Extension.swift */; };
		C5D93D9F2A581EC800629C39 /* FirstRegistrationViewController.swift in Sources */ = {isa = PBXBuildFile; fileRef = C5D93D9E2A581EC800629C39 /* FirstRegistrationViewController.swift */; };
		C5D93DA12A581F5A00629C39 /* FirstRegistrationPresenter.swift in Sources */ = {isa = PBXBuildFile; fileRef = C5D93DA02A581F5A00629C39 /* FirstRegistrationPresenter.swift */; };
		C5D93DA32A58718300629C39 /* BottomButton1.swift in Sources */ = {isa = PBXBuildFile; fileRef = C5D93DA22A58718300629C39 /* BottomButton1.swift */; };
		C5E306E72A6FB4ED00C11CF7 /* MenuField.swift in Sources */ = {isa = PBXBuildFile; fileRef = C5E306E62A6FB4ED00C11CF7 /* MenuField.swift */; };
		C5E430AD2A5D142C00CB67EC /* LoginJson.json in Resources */ = {isa = PBXBuildFile; fileRef = C5E430AB2A5D142C00CB67EC /* LoginJson.json */; };
		C5E430AE2A5D142C00CB67EC /* RegistrationCompleted.json in Resources */ = {isa = PBXBuildFile; fileRef = C5E430AC2A5D142C00CB67EC /* RegistrationCompleted.json */; };
		C5E430B32A5DADBE00CB67EC /* SecondRegistrationPresenter.swift in Sources */ = {isa = PBXBuildFile; fileRef = C5E430B22A5DADBE00CB67EC /* SecondRegistrationPresenter.swift */; };
		C5E430B52A5DAE9800CB67EC /* SecondRegistrationViewController.swift in Sources */ = {isa = PBXBuildFile; fileRef = C5E430B42A5DAE9800CB67EC /* SecondRegistrationViewController.swift */; };
		C5E7B7A92A4D3CDF00CA2090 /* UserInfoModel.swift in Sources */ = {isa = PBXBuildFile; fileRef = C5E7B7A82A4D3CDF00CA2090 /* UserInfoModel.swift */; };
		C5EB50E42A1C685100B29CC1 /* TabBarItem.swift in Sources */ = {isa = PBXBuildFile; fileRef = C5EB50E32A1C685100B29CC1 /* TabBarItem.swift */; };
		C5EB50EA2A1C705900B29CC1 /* MyPageViewController.swift in Sources */ = {isa = PBXBuildFile; fileRef = C5EB50E92A1C705900B29CC1 /* MyPageViewController.swift */; };
		C5EB50EC2A1C72C600B29CC1 /* TabBarViewController.swift in Sources */ = {isa = PBXBuildFile; fileRef = C5EB50EB2A1C72C600B29CC1 /* TabBarViewController.swift */; };
		C5EB51082A209F6900B29CC1 /* HomeSearchViewController.swift in Sources */ = {isa = PBXBuildFile; fileRef = C5EB51072A209F6900B29CC1 /* HomeSearchViewController.swift */; };
		C5EB510B2A209FD300B29CC1 /* HomeSearchPresenter.swift in Sources */ = {isa = PBXBuildFile; fileRef = C5EB510A2A209FD300B29CC1 /* HomeSearchPresenter.swift */; };
		C5EB510D2A20A4B400B29CC1 /* HomeSearchViewTableViewCell.swift in Sources */ = {isa = PBXBuildFile; fileRef = C5EB510C2A20A4B400B29CC1 /* HomeSearchViewTableViewCell.swift */; };
		C5EB51122A20CC7D00B29CC1 /* HomeInfoStoreView.swift in Sources */ = {isa = PBXBuildFile; fileRef = C5EB51112A20CC7D00B29CC1 /* HomeInfoStoreView.swift */; };
		C5F1014F2A6D19A800C53286 /* VeganOptionButton.swift in Sources */ = {isa = PBXBuildFile; fileRef = C5F1014E2A6D19A800C53286 /* VeganOptionButton.swift */; };
		C5FA0EAA2A94DB3E004AD8B4 /* ReportReviewViewController.swift in Sources */ = {isa = PBXBuildFile; fileRef = C5FA0EA92A94DB3E004AD8B4 /* ReportReviewViewController.swift */; };
		C5FA0EAC2A94DF39004AD8B4 /* ReportReviewPresenter.swift in Sources */ = {isa = PBXBuildFile; fileRef = C5FA0EAB2A94DF39004AD8B4 /* ReportReviewPresenter.swift */; };
		C5FA0EAE2A94E96F004AD8B4 /* ReportLabel.swift in Sources */ = {isa = PBXBuildFile; fileRef = C5FA0EAD2A94E96F004AD8B4 /* ReportLabel.swift */; };
		C5FF13532A42C8810026981D /* AVIROPlaceModel.swift in Sources */ = {isa = PBXBuildFile; fileRef = C5FF13522A42C8810026981D /* AVIROPlaceModel.swift */; };
		C5FF13552A42C88D0026981D /* AVIROMenuModel.swift in Sources */ = {isa = PBXBuildFile; fileRef = C5FF13542A42C88D0026981D /* AVIROMenuModel.swift */; };
		C5FF13572A42C8970026981D /* AVIROReviewsModel.swift in Sources */ = {isa = PBXBuildFile; fileRef = C5FF13562A42C8970026981D /* AVIROReviewsModel.swift */; };
/* End PBXBuildFile section */

/* Begin PBXFileReference section */
		4EB01DC761F38F50251EAA43 /* Pods-AVIRO.release.xcconfig */ = {isa = PBXFileReference; includeInIndex = 1; lastKnownFileType = text.xcconfig; name = "Pods-AVIRO.release.xcconfig"; path = "Target Support Files/Pods-AVIRO/Pods-AVIRO.release.xcconfig"; sourceTree = "<group>"; };
		796022A3066B91147B712BB4 /* Pods_AVIRO.framework */ = {isa = PBXFileReference; explicitFileType = wrapper.framework; includeInIndex = 0; path = Pods_AVIRO.framework; sourceTree = BUILT_PRODUCTS_DIR; };
		B57500A8C1EA6C6CFDED2C4C /* Pods-AVIRO.debug.xcconfig */ = {isa = PBXFileReference; includeInIndex = 1; lastKnownFileType = text.xcconfig; name = "Pods-AVIRO.debug.xcconfig"; path = "Target Support Files/Pods-AVIRO/Pods-AVIRO.debug.xcconfig"; sourceTree = "<group>"; };
		C50367F42A1795D10020C6BB /* HomeViewPresenter.swift */ = {isa = PBXFileReference; lastKnownFileType = sourcecode.swift; path = HomeViewPresenter.swift; sourceTree = "<group>"; };
		C50DB73C2A99D5710078B501 /* PlaceListCell.swift */ = {isa = PBXFileReference; fileEncoding = 4; lastKnownFileType = sourcecode.swift; name = PlaceListCell.swift; path = ../../../../../../../../.Trash/PlaceListCell.swift; sourceTree = "<group>"; };
		C50DB73E2A99D57C0078B501 /* PlaceListSearchViewController.swift */ = {isa = PBXFileReference; fileEncoding = 4; lastKnownFileType = sourcecode.swift; name = PlaceListSearchViewController.swift; path = ../../../../../../../../.Trash/PlaceListSearchViewController.swift; sourceTree = "<group>"; };
		C50E6F6C2A8E5AAC00703B9E /* ReviewLabel.swift */ = {isa = PBXFileReference; lastKnownFileType = sourcecode.swift; path = ReviewLabel.swift; sourceTree = "<group>"; };
		C50E6F6E2A8F10B500703B9E /* UILabel+Extension.swift */ = {isa = PBXFileReference; lastKnownFileType = sourcecode.swift; path = "UILabel+Extension.swift"; sourceTree = "<group>"; };
		C50F6AF22A68FD0A00E942F5 /* EnrollPlaceViewController.swift */ = {isa = PBXFileReference; lastKnownFileType = sourcecode.swift; path = EnrollPlaceViewController.swift; sourceTree = "<group>"; };
		C50F6AF42A68FD6300E942F5 /* EnrollPlacePresenter.swift */ = {isa = PBXFileReference; lastKnownFileType = sourcecode.swift; path = EnrollPlacePresenter.swift; sourceTree = "<group>"; };
		C50F6AF82A68FFBB00E942F5 /* EnrollStoreInfoView.swift */ = {isa = PBXFileReference; lastKnownFileType = sourcecode.swift; path = EnrollStoreInfoView.swift; sourceTree = "<group>"; };
		C50F6AFA2A68FFC300E942F5 /* EnrollVeganDetailView.swift */ = {isa = PBXFileReference; lastKnownFileType = sourcecode.swift; path = EnrollVeganDetailView.swift; sourceTree = "<group>"; };
		C50F6AFC2A68FFCB00E942F5 /* EnrollMenuTableView.swift */ = {isa = PBXFileReference; lastKnownFileType = sourcecode.swift; path = EnrollMenuTableView.swift; sourceTree = "<group>"; };
		C50F6B012A6BC8E400E942F5 /* EnrollField.swift */ = {isa = PBXFileReference; lastKnownFileType = sourcecode.swift; path = EnrollField.swift; sourceTree = "<group>"; };
		C50F6B032A6BCD6900E942F5 /* CategoryButton.swift */ = {isa = PBXFileReference; lastKnownFileType = sourcecode.swift; path = CategoryButton.swift; sourceTree = "<group>"; };
		C51132BE2A559838006E1EC3 /* NotificationCenter+Extension.swift */ = {isa = PBXFileReference; lastKnownFileType = sourcecode.swift; path = "NotificationCenter+Extension.swift"; sourceTree = "<group>"; };
		C51132C02A559BCA006E1EC3 /* AppController.swift */ = {isa = PBXFileReference; lastKnownFileType = sourcecode.swift; path = AppController.swift; sourceTree = "<group>"; };
		C5166E482A9305A9003495AA /* AVIROSummaryModel.swift */ = {isa = PBXFileReference; lastKnownFileType = sourcecode.swift; path = AVIROSummaryModel.swift; sourceTree = "<group>"; };
		C5166E4C2A945228003495AA /* UserSingleton.swift */ = {isa = PBXFileReference; lastKnownFileType = sourcecode.swift; path = UserSingleton.swift; sourceTree = "<group>"; };
		C51AED1C2A8A192D0015FBC2 /* ChangedViewAction.swift */ = {isa = PBXFileReference; lastKnownFileType = sourcecode.swift; path = ChangedViewAction.swift; sourceTree = "<group>"; };
		C51AED1E2A8B2BC80015FBC2 /* HomeTopButton.swift */ = {isa = PBXFileReference; lastKnownFileType = sourcecode.swift; path = HomeTopButton.swift; sourceTree = "<group>"; };
		C51AED202A8B2BDB0015FBC2 /* HomeMapReferButton.swift */ = {isa = PBXFileReference; lastKnownFileType = sourcecode.swift; path = HomeMapReferButton.swift; sourceTree = "<group>"; };
		C51AED222A8B7B000015FBC2 /* UIViewController+Extension.swift */ = {isa = PBXFileReference; lastKnownFileType = sourcecode.swift; path = "UIViewController+Extension.swift"; sourceTree = "<group>"; };
		C51B09B72A82155200916BBD /* MarkerModelArray.swift */ = {isa = PBXFileReference; lastKnownFileType = sourcecode.swift; path = MarkerModelArray.swift; sourceTree = "<group>"; };
		C51B09B92A8215D800916BBD /* MarkerModel.swift */ = {isa = PBXFileReference; lastKnownFileType = sourcecode.swift; path = MarkerModel.swift; sourceTree = "<group>"; };
		C51B09BB2A82397800916BBD /* Marker+Extension.swift */ = {isa = PBXFileReference; lastKnownFileType = sourcecode.swift; path = "Marker+Extension.swift"; sourceTree = "<group>"; };
		C51BBAD42A78D53D00BF5B7C /* AVIROCheckPlaceModel.swift */ = {isa = PBXFileReference; lastKnownFileType = sourcecode.swift; path = AVIROCheckPlaceModel.swift; sourceTree = "<group>"; };
		C51BBAD62A78D5AB00BF5B7C /* PlaceCheckModel.swift */ = {isa = PBXFileReference; lastKnownFileType = sourcecode.swift; path = PlaceCheckModel.swift; sourceTree = "<group>"; };
		C52066202A7CA9050038ECCD /* MainField.swift */ = {isa = PBXFileReference; lastKnownFileType = sourcecode.swift; path = MainField.swift; sourceTree = "<group>"; };
		C52066222A7CAC910038ECCD /* NoHistoryView.swift */ = {isa = PBXFileReference; lastKnownFileType = sourcecode.swift; path = NoHistoryView.swift; sourceTree = "<group>"; };
		C52066252A7CC3CE0038ECCD /* NoHistoryLabelView.swift */ = {isa = PBXFileReference; lastKnownFileType = sourcecode.swift; path = NoHistoryLabelView.swift; sourceTree = "<group>"; };
		C52066282A7CD5FC0038ECCD /* HistoryTableModel.swift */ = {isa = PBXFileReference; lastKnownFileType = sourcecode.swift; path = HistoryTableModel.swift; sourceTree = "<group>"; };
		C520662C2A7CE1CC0038ECCD /* SearchHistoryManager.swift */ = {isa = PBXFileReference; lastKnownFileType = sourcecode.swift; path = SearchHistoryManager.swift; sourceTree = "<group>"; };
		C520662E2A7E485B0038ECCD /* MatchedPlaceModel.swift */ = {isa = PBXFileReference; lastKnownFileType = sourcecode.swift; path = MatchedPlaceModel.swift; sourceTree = "<group>"; };
		C52066302A7E4A580038ECCD /* PlaceModelBeforeMatchedAVIRO.swift */ = {isa = PBXFileReference; lastKnownFileType = sourcecode.swift; path = PlaceModelBeforeMatchedAVIRO.swift; sourceTree = "<group>"; };
		C52066322A7E80350038ECCD /* MatchedPlaceListCell.swift */ = {isa = PBXFileReference; lastKnownFileType = sourcecode.swift; path = MatchedPlaceListCell.swift; sourceTree = "<group>"; };
		C52066342A7F3FAE0038ECCD /* HistoryTableViewCell.swift */ = {isa = PBXFileReference; lastKnownFileType = sourcecode.swift; path = HistoryTableViewCell.swift; sourceTree = "<group>"; };
		C52066372A808DAD0038ECCD /* HistoryHeaderView.swift */ = {isa = PBXFileReference; lastKnownFileType = sourcecode.swift; path = HistoryHeaderView.swift; sourceTree = "<group>"; };
		C52066392A808DC40038ECCD /* PlaceListHeaderView.swift */ = {isa = PBXFileReference; lastKnownFileType = sourcecode.swift; path = PlaceListHeaderView.swift; sourceTree = "<group>"; };
		C520663B2A80C0450038ECCD /* CenterCoordinate.swift */ = {isa = PBXFileReference; lastKnownFileType = sourcecode.swift; path = CenterCoordinate.swift; sourceTree = "<group>"; };
		C52066402A8129510038ECCD /* KakaoAPISortingQuery.swift */ = {isa = PBXFileReference; lastKnownFileType = sourcecode.swift; path = KakaoAPISortingQuery.swift; sourceTree = "<group>"; };
		C528E4B92A5F9A3E002BD72E /* ThridRegistrationViewController.swift */ = {isa = PBXFileReference; lastKnownFileType = sourcecode.swift; path = ThridRegistrationViewController.swift; sourceTree = "<group>"; };
		C528E4BB2A5F9AB6002BD72E /* ThridRegistrationPresenter.swift */ = {isa = PBXFileReference; lastKnownFileType = sourcecode.swift; path = ThridRegistrationPresenter.swift; sourceTree = "<group>"; };
		C528E4BD2A5FB816002BD72E /* TermsTableCell.swift */ = {isa = PBXFileReference; lastKnownFileType = sourcecode.swift; path = TermsTableCell.swift; sourceTree = "<group>"; };
		C528E4BF2A5FF1CB002BD72E /* FinalRegistrationViewController.swift */ = {isa = PBXFileReference; lastKnownFileType = sourcecode.swift; path = FinalRegistrationViewController.swift; sourceTree = "<group>"; };
		C52FA33F2A175B20005E70DC /* AVIRO.app */ = {isa = PBXFileReference; explicitFileType = wrapper.application; includeInIndex = 0; path = AVIRO.app; sourceTree = BUILT_PRODUCTS_DIR; };
		C52FA3422A175B20005E70DC /* AppDelegate.swift */ = {isa = PBXFileReference; lastKnownFileType = sourcecode.swift; path = AppDelegate.swift; sourceTree = "<group>"; };
		C52FA3442A175B20005E70DC /* SceneDelegate.swift */ = {isa = PBXFileReference; lastKnownFileType = sourcecode.swift; path = SceneDelegate.swift; sourceTree = "<group>"; };
		C52FA3462A175B20005E70DC /* HomeViewController.swift */ = {isa = PBXFileReference; lastKnownFileType = sourcecode.swift; path = HomeViewController.swift; sourceTree = "<group>"; };
		C52FA34B2A175B20005E70DC /* Assets.xcassets */ = {isa = PBXFileReference; lastKnownFileType = folder.assetcatalog; path = Assets.xcassets; sourceTree = "<group>"; };
		C52FA34E2A175B20005E70DC /* Base */ = {isa = PBXFileReference; lastKnownFileType = file.storyboard; name = Base; path = Base.lproj/LaunchScreen.storyboard; sourceTree = "<group>"; };
		C52FA3502A175B20005E70DC /* Info.plist */ = {isa = PBXFileReference; lastKnownFileType = text.plist.xml; path = Info.plist; sourceTree = "<group>"; };
		C5351B4A2A1919F700116D50 /* .swiftlint.yml */ = {isa = PBXFileReference; lastKnownFileType = text.yaml; path = .swiftlint.yml; sourceTree = "<group>"; };
		C5351B4C2A19223300116D50 /* KakaoMapRequestAPI.swift */ = {isa = PBXFileReference; lastKnownFileType = sourcecode.swift; path = KakaoMapRequestAPI.swift; sourceTree = "<group>"; };
		C5351B4F2A19225A00116D50 /* KakaoMapResponseKeywordModel.swift */ = {isa = PBXFileReference; lastKnownFileType = sourcecode.swift; path = KakaoMapResponseKeywordModel.swift; sourceTree = "<group>"; };
		C5351B532A19A7B100116D50 /* MyCoordinate.swift */ = {isa = PBXFileReference; lastKnownFileType = sourcecode.swift; path = MyCoordinate.swift; sourceTree = "<group>"; };
		C5351B552A19B67900116D50 /* CustomAlertController.swift */ = {isa = PBXFileReference; lastKnownFileType = sourcecode.swift; path = CustomAlertController.swift; sourceTree = "<group>"; };
		C5351B5B2A19F60200116D50 /* PlaceListSearchViewPresenter.swift */ = {isa = PBXFileReference; lastKnownFileType = sourcecode.swift; path = PlaceListSearchViewPresenter.swift; sourceTree = "<group>"; };
		C5351B5F2A19F9A700116D50 /* PlaceListModel.swift */ = {isa = PBXFileReference; lastKnownFileType = sourcecode.swift; path = PlaceListModel.swift; sourceTree = "<group>"; };
		C5351B612A1A083400116D50 /* PlaceListCellModel.swift */ = {isa = PBXFileReference; lastKnownFileType = sourcecode.swift; path = PlaceListCellModel.swift; sourceTree = "<group>"; };
		C5351B662A1A154C00116D50 /* PageEndingCheck.swift */ = {isa = PBXFileReference; lastKnownFileType = sourcecode.swift; path = PageEndingCheck.swift; sourceTree = "<group>"; };
		C5351B792A1B439000116D50 /* KakaoMapResponseCoordinateModel.swift */ = {isa = PBXFileReference; lastKnownFileType = sourcecode.swift; path = KakaoMapResponseCoordinateModel.swift; sourceTree = "<group>"; };
		C53893152A5EC0C500CB9A54 /* GenderButton.swift */ = {isa = PBXFileReference; lastKnownFileType = sourcecode.swift; path = GenderButton.swift; sourceTree = "<group>"; };
		C547A8B92A17D8D4004D1339 /* KakaoMapRequestManager.swift */ = {isa = PBXFileReference; lastKnownFileType = sourcecode.swift; path = KakaoMapRequestManager.swift; sourceTree = "<group>"; };
		C54BC0DA2A2C2D0D00B65439 /* UIColor+Extension.swift */ = {isa = PBXFileReference; lastKnownFileType = sourcecode.swift; path = "UIColor+Extension.swift"; sourceTree = "<group>"; };
		C54BC0DC2A2C762C00B65439 /* CommentsLabel.swift */ = {isa = PBXFileReference; lastKnownFileType = sourcecode.swift; path = CommentsLabel.swift; sourceTree = "<group>"; };
		C5538AAE2A1BB81200661DE2 /* VeganModel.swift */ = {isa = PBXFileReference; lastKnownFileType = sourcecode.swift; path = VeganModel.swift; sourceTree = "<group>"; };
		C567C14F2A56611500D4B426 /* TopCell.swift */ = {isa = PBXFileReference; lastKnownFileType = sourcecode.swift; path = TopCell.swift; sourceTree = "<group>"; };
		C568577C2A70E1F600F52715 /* BottomButton2.swift */ = {isa = PBXFileReference; lastKnownFileType = sourcecode.swift; path = BottomButton2.swift; sourceTree = "<group>"; };
		C568577F2A7113C600F52715 /* NormalTableViewCell.swift */ = {isa = PBXFileReference; lastKnownFileType = sourcecode.swift; path = NormalTableViewCell.swift; sourceTree = "<group>"; };
		C56857812A7113CF00F52715 /* RequestTableViewCell.swift */ = {isa = PBXFileReference; lastKnownFileType = sourcecode.swift; path = RequestTableViewCell.swift; sourceTree = "<group>"; };
		C56E7A102A971504009CCAF2 /* ReportCellView.swift */ = {isa = PBXFileReference; lastKnownFileType = sourcecode.swift; path = ReportCellView.swift; sourceTree = "<group>"; };
		C5732C702A41739000CDC499 /* AVIROAPIManager.swift */ = {isa = PBXFileReference; lastKnownFileType = sourcecode.swift; path = AVIROAPIManager.swift; sourceTree = "<group>"; };
		C5732C722A41778A00CDC499 /* AVIROPostAPI.swift */ = {isa = PBXFileReference; lastKnownFileType = sourcecode.swift; path = AVIROPostAPI.swift; sourceTree = "<group>"; };
		C5732C742A41962D00CDC499 /* AVIRORequestAPI.swift */ = {isa = PBXFileReference; lastKnownFileType = sourcecode.swift; path = AVIRORequestAPI.swift; sourceTree = "<group>"; };
		C5732C762A41A0A500CDC499 /* AVIROMapModel.swift */ = {isa = PBXFileReference; lastKnownFileType = sourcecode.swift; path = AVIROMapModel.swift; sourceTree = "<group>"; };
		C5732C7B2A41D41B00CDC499 /* VeganTableFieldModel.swift */ = {isa = PBXFileReference; lastKnownFileType = sourcecode.swift; path = VeganTableFieldModel.swift; sourceTree = "<group>"; };
		C5732C7D2A41D42700CDC499 /* RequestTableFieldModel.swift */ = {isa = PBXFileReference; lastKnownFileType = sourcecode.swift; path = RequestTableFieldModel.swift; sourceTree = "<group>"; };
		C5803F572A88C1990064A853 /* PlaceTopModel.swift */ = {isa = PBXFileReference; lastKnownFileType = sourcecode.swift; path = PlaceTopModel.swift; sourceTree = "<group>"; };
		C5803F5C2A88C3C00064A853 /* LocationUtility.swift */ = {isa = PBXFileReference; lastKnownFileType = sourcecode.swift; path = LocationUtility.swift; sourceTree = "<group>"; };
		C58B9AAD2A5675B9008AEAC3 /* TutorialViewController.swift */ = {isa = PBXFileReference; lastKnownFileType = sourcecode.swift; path = TutorialViewController.swift; sourceTree = "<group>"; };
		C593B6462A4AB3A700D224CE /* PushCommentView.swift */ = {isa = PBXFileReference; lastKnownFileType = sourcecode.swift; path = PushCommentView.swift; sourceTree = "<group>"; };
		C593B64A2A4AEA9800D224CE /* AVIROCommentPost.swift */ = {isa = PBXFileReference; lastKnownFileType = sourcecode.swift; path = AVIROCommentPost.swift; sourceTree = "<group>"; };
		C593B64C2A4BFD9A00D224CE /* AVIRO.entitlements */ = {isa = PBXFileReference; lastKnownFileType = text.plist.entitlements; path = AVIRO.entitlements; sourceTree = "<group>"; };
		C593B64E2A4C490600D224CE /* MyPageViewPresenter.swift */ = {isa = PBXFileReference; lastKnownFileType = sourcecode.swift; path = MyPageViewPresenter.swift; sourceTree = "<group>"; };
		C595ACCC2A84A1A200D35123 /* PlaceView.swift */ = {isa = PBXFileReference; lastKnownFileType = sourcecode.swift; path = PlaceView.swift; sourceTree = "<group>"; };
		C595ACD02A84A4EB00D35123 /* PlaceTopView.swift */ = {isa = PBXFileReference; lastKnownFileType = sourcecode.swift; path = PlaceTopView.swift; sourceTree = "<group>"; };
		C5A03C112A3A11290044D995 /* HomeViewControllerActionAndAnimation.swift */ = {isa = PBXFileReference; lastKnownFileType = sourcecode.swift; path = HomeViewControllerActionAndAnimation.swift; sourceTree = "<group>"; };
		C5A201B12A98502500A54381 /* TimeUtility.swift */ = {isa = PBXFileReference; lastKnownFileType = sourcecode.swift; path = TimeUtility.swift; sourceTree = "<group>"; };
		C5A201B32A986EC300A54381 /* EditPlaceInfoViewController.swift */ = {isa = PBXFileReference; lastKnownFileType = sourcecode.swift; path = EditPlaceInfoViewController.swift; sourceTree = "<group>"; };
		C5A201B62A986EDF00A54381 /* EditMenuViewController.swift */ = {isa = PBXFileReference; lastKnownFileType = sourcecode.swift; path = EditMenuViewController.swift; sourceTree = "<group>"; };
		C5A201BA2A986F9B00A54381 /* EditMenuPresenter.swift */ = {isa = PBXFileReference; lastKnownFileType = sourcecode.swift; path = EditMenuPresenter.swift; sourceTree = "<group>"; };
		C5A201BC2A98708800A54381 /* EditPlaceInfoPresenter.swift */ = {isa = PBXFileReference; lastKnownFileType = sourcecode.swift; path = EditPlaceInfoPresenter.swift; sourceTree = "<group>"; };
		C5A201C02A98A5DD00A54381 /* EditLocationTopView.swift */ = {isa = PBXFileReference; lastKnownFileType = sourcecode.swift; path = EditLocationTopView.swift; sourceTree = "<group>"; };
		C5A201C22A98A61F00A54381 /* EditLocationBottomView.swift */ = {isa = PBXFileReference; lastKnownFileType = sourcecode.swift; path = EditLocationBottomView.swift; sourceTree = "<group>"; };
		C5A201C42A98A67900A54381 /* EditPhoneView.swift */ = {isa = PBXFileReference; lastKnownFileType = sourcecode.swift; path = EditPhoneView.swift; sourceTree = "<group>"; };
		C5A201C62A98A6D200A54381 /* EditWorkingHoursView.swift */ = {isa = PBXFileReference; lastKnownFileType = sourcecode.swift; path = EditWorkingHoursView.swift; sourceTree = "<group>"; };
		C5A201C82A98A70800A54381 /* EditHomePageView.swift */ = {isa = PBXFileReference; lastKnownFileType = sourcecode.swift; path = EditHomePageView.swift; sourceTree = "<group>"; };
		C5A3C3C32A39658A0050AB3D /* LoginViewController.swift */ = {isa = PBXFileReference; lastKnownFileType = sourcecode.swift; path = LoginViewController.swift; sourceTree = "<group>"; };
		C5A3C3C52A39659B0050AB3D /* LoginViewPresenter.swift */ = {isa = PBXFileReference; lastKnownFileType = sourcecode.swift; path = LoginViewPresenter.swift; sourceTree = "<group>"; };
		C5A989962A959D920021B7C3 /* BookmarkPostModel.swift */ = {isa = PBXFileReference; lastKnownFileType = sourcecode.swift; path = BookmarkPostModel.swift; sourceTree = "<group>"; };
		C5A989982A959E040021B7C3 /* AVIROBookmarkModel.swift */ = {isa = PBXFileReference; lastKnownFileType = sourcecode.swift; path = AVIROBookmarkModel.swift; sourceTree = "<group>"; };
		C5A9899A2A95A6B50021B7C3 /* BookmarkArray.swift */ = {isa = PBXFileReference; lastKnownFileType = sourcecode.swift; path = BookmarkArray.swift; sourceTree = "<group>"; };
		C5A9899D2A95A7940021B7C3 /* BookmarkManager.swift */ = {isa = PBXFileReference; lastKnownFileType = sourcecode.swift; path = BookmarkManager.swift; sourceTree = "<group>"; };
		C5B071E02A59454300AE709A /* BottomCell.swift */ = {isa = PBXFileReference; lastKnownFileType = sourcecode.swift; path = BottomCell.swift; sourceTree = "<group>"; };
		C5B071E42A59B4AC00AE709A /* RegistrationField.swift */ = {isa = PBXFileReference; lastKnownFileType = sourcecode.swift; path = RegistrationField.swift; sourceTree = "<group>"; };
		C5C290732A85E4EC00ED5DCE /* PlaceSegmentedControlView.swift */ = {isa = PBXFileReference; lastKnownFileType = sourcecode.swift; path = PlaceSegmentedControlView.swift; sourceTree = "<group>"; };
		C5C290762A85E4FF00ED5DCE /* PlaceHomeView.swift */ = {isa = PBXFileReference; lastKnownFileType = sourcecode.swift; path = PlaceHomeView.swift; sourceTree = "<group>"; };
		C5C290782A85E51000ED5DCE /* PlaceMenuView.swift */ = {isa = PBXFileReference; lastKnownFileType = sourcecode.swift; path = PlaceMenuView.swift; sourceTree = "<group>"; };
		C5C2907A2A85E51B00ED5DCE /* PlaceReviewsView.swift */ = {isa = PBXFileReference; lastKnownFileType = sourcecode.swift; path = PlaceReviewsView.swift; sourceTree = "<group>"; };
		C5C2907D2A85E69B00ED5DCE /* UnderlineSegmentedControl.swift */ = {isa = PBXFileReference; lastKnownFileType = sourcecode.swift; path = UnderlineSegmentedControl.swift; sourceTree = "<group>"; };
		C5C290802A8616E500ED5DCE /* PlaceInfoView.swift */ = {isa = PBXFileReference; lastKnownFileType = sourcecode.swift; path = PlaceInfoView.swift; sourceTree = "<group>"; };
		C5C290842A86173F00ED5DCE /* PlaceReviewWriteView.swift */ = {isa = PBXFileReference; lastKnownFileType = sourcecode.swift; path = PlaceReviewWriteView.swift; sourceTree = "<group>"; };
		C5C915482A777F8500C7CB93 /* SearchField.swift */ = {isa = PBXFileReference; lastKnownFileType = sourcecode.swift; path = SearchField.swift; sourceTree = "<group>"; };
		C5C961922A8D9EE20016E2F8 /* PlaceMenuTableViewCell.swift */ = {isa = PBXFileReference; lastKnownFileType = sourcecode.swift; path = PlaceMenuTableViewCell.swift; sourceTree = "<group>"; };
		C5C961942A8D9EED0016E2F8 /* PlaceReviewTableViewCell.swift */ = {isa = PBXFileReference; lastKnownFileType = sourcecode.swift; path = PlaceReviewTableViewCell.swift; sourceTree = "<group>"; };
		C5C961972A8DA5880016E2F8 /* EditButton.swift */ = {isa = PBXFileReference; lastKnownFileType = sourcecode.swift; path = EditButton.swift; sourceTree = "<group>"; };
		C5C961992A8DA5950016E2F8 /* ShowMoreButton.swift */ = {isa = PBXFileReference; lastKnownFileType = sourcecode.swift; path = ShowMoreButton.swift; sourceTree = "<group>"; };
		C5C9619B2A8DB1D80016E2F8 /* MenuTypeLabel.swift */ = {isa = PBXFileReference; lastKnownFileType = sourcecode.swift; path = MenuTypeLabel.swift; sourceTree = "<group>"; };
		C5C9619E2A8DEB230016E2F8 /* ReviewWriteButton.swift */ = {isa = PBXFileReference; lastKnownFileType = sourcecode.swift; path = ReviewWriteButton.swift; sourceTree = "<group>"; };
		C5CAAC442A39A93C008C5FDA /* Layout.swift */ = {isa = PBXFileReference; lastKnownFileType = sourcecode.swift; path = Layout.swift; sourceTree = "<group>"; };
		C5CAAC462A39AEFE008C5FDA /* Image.swift */ = {isa = PBXFileReference; lastKnownFileType = sourcecode.swift; path = Image.swift; sourceTree = "<group>"; };
		C5CAAC482A39C6D4008C5FDA /* StringValue.swift */ = {isa = PBXFileReference; lastKnownFileType = sourcecode.swift; path = StringValue.swift; sourceTree = "<group>"; };
		C5D36D2D2A76031E003328E8 /* Double+Extension.swift */ = {isa = PBXFileReference; lastKnownFileType = sourcecode.swift; path = "Double+Extension.swift"; sourceTree = "<group>"; };
		C5D6E19E2A17B4410042679C /* API.plist */ = {isa = PBXFileReference; lastKnownFileType = text.plist.xml; path = API.plist; sourceTree = "<group>"; };
		C5D7458E2A224DCE006F9F31 /* HomeFirstPopUpView.swift */ = {isa = PBXFileReference; lastKnownFileType = sourcecode.swift; path = HomeFirstPopUpView.swift; sourceTree = "<group>"; };
		C5D8E8622A3DEC3900D88A43 /* String+Extension.swift */ = {isa = PBXFileReference; lastKnownFileType = sourcecode.swift; path = "String+Extension.swift"; sourceTree = "<group>"; };
		C5D93D9E2A581EC800629C39 /* FirstRegistrationViewController.swift */ = {isa = PBXFileReference; lastKnownFileType = sourcecode.swift; path = FirstRegistrationViewController.swift; sourceTree = "<group>"; };
		C5D93DA02A581F5A00629C39 /* FirstRegistrationPresenter.swift */ = {isa = PBXFileReference; lastKnownFileType = sourcecode.swift; path = FirstRegistrationPresenter.swift; sourceTree = "<group>"; };
		C5D93DA22A58718300629C39 /* BottomButton1.swift */ = {isa = PBXFileReference; lastKnownFileType = sourcecode.swift; path = BottomButton1.swift; sourceTree = "<group>"; };
		C5E306E62A6FB4ED00C11CF7 /* MenuField.swift */ = {isa = PBXFileReference; lastKnownFileType = sourcecode.swift; path = MenuField.swift; sourceTree = "<group>"; };
		C5E430AB2A5D142C00CB67EC /* LoginJson.json */ = {isa = PBXFileReference; fileEncoding = 4; lastKnownFileType = text.json; name = LoginJson.json; path = ../../../../../Downloads/LoginJson.json; sourceTree = "<group>"; };
		C5E430AC2A5D142C00CB67EC /* RegistrationCompleted.json */ = {isa = PBXFileReference; fileEncoding = 4; lastKnownFileType = text.json; name = RegistrationCompleted.json; path = ../../../../../Downloads/RegistrationCompleted.json; sourceTree = "<group>"; };
		C5E430B22A5DADBE00CB67EC /* SecondRegistrationPresenter.swift */ = {isa = PBXFileReference; lastKnownFileType = sourcecode.swift; path = SecondRegistrationPresenter.swift; sourceTree = "<group>"; };
		C5E430B42A5DAE9800CB67EC /* SecondRegistrationViewController.swift */ = {isa = PBXFileReference; lastKnownFileType = sourcecode.swift; path = SecondRegistrationViewController.swift; sourceTree = "<group>"; };
		C5E7B7A82A4D3CDF00CA2090 /* UserInfoModel.swift */ = {isa = PBXFileReference; lastKnownFileType = sourcecode.swift; path = UserInfoModel.swift; sourceTree = "<group>"; };
		C5EB50E32A1C685100B29CC1 /* TabBarItem.swift */ = {isa = PBXFileReference; lastKnownFileType = sourcecode.swift; path = TabBarItem.swift; sourceTree = "<group>"; };
		C5EB50E92A1C705900B29CC1 /* MyPageViewController.swift */ = {isa = PBXFileReference; lastKnownFileType = sourcecode.swift; path = MyPageViewController.swift; sourceTree = "<group>"; };
		C5EB50EB2A1C72C600B29CC1 /* TabBarViewController.swift */ = {isa = PBXFileReference; lastKnownFileType = sourcecode.swift; path = TabBarViewController.swift; sourceTree = "<group>"; };
		C5EB51072A209F6900B29CC1 /* HomeSearchViewController.swift */ = {isa = PBXFileReference; lastKnownFileType = sourcecode.swift; path = HomeSearchViewController.swift; sourceTree = "<group>"; };
		C5EB510A2A209FD300B29CC1 /* HomeSearchPresenter.swift */ = {isa = PBXFileReference; lastKnownFileType = sourcecode.swift; path = HomeSearchPresenter.swift; sourceTree = "<group>"; };
		C5EB510C2A20A4B400B29CC1 /* HomeSearchViewTableViewCell.swift */ = {isa = PBXFileReference; lastKnownFileType = sourcecode.swift; path = HomeSearchViewTableViewCell.swift; sourceTree = "<group>"; };
		C5EB51112A20CC7D00B29CC1 /* HomeInfoStoreView.swift */ = {isa = PBXFileReference; lastKnownFileType = sourcecode.swift; path = HomeInfoStoreView.swift; sourceTree = "<group>"; };
		C5F1014E2A6D19A800C53286 /* VeganOptionButton.swift */ = {isa = PBXFileReference; lastKnownFileType = sourcecode.swift; path = VeganOptionButton.swift; sourceTree = "<group>"; };
		C5FA0EA92A94DB3E004AD8B4 /* ReportReviewViewController.swift */ = {isa = PBXFileReference; lastKnownFileType = sourcecode.swift; path = ReportReviewViewController.swift; sourceTree = "<group>"; };
		C5FA0EAB2A94DF39004AD8B4 /* ReportReviewPresenter.swift */ = {isa = PBXFileReference; lastKnownFileType = sourcecode.swift; path = ReportReviewPresenter.swift; sourceTree = "<group>"; };
		C5FA0EAD2A94E96F004AD8B4 /* ReportLabel.swift */ = {isa = PBXFileReference; lastKnownFileType = sourcecode.swift; path = ReportLabel.swift; sourceTree = "<group>"; };
		C5FF13522A42C8810026981D /* AVIROPlaceModel.swift */ = {isa = PBXFileReference; lastKnownFileType = sourcecode.swift; path = AVIROPlaceModel.swift; sourceTree = "<group>"; };
		C5FF13542A42C88D0026981D /* AVIROMenuModel.swift */ = {isa = PBXFileReference; lastKnownFileType = sourcecode.swift; path = AVIROMenuModel.swift; sourceTree = "<group>"; };
		C5FF13562A42C8970026981D /* AVIROReviewsModel.swift */ = {isa = PBXFileReference; lastKnownFileType = sourcecode.swift; path = AVIROReviewsModel.swift; sourceTree = "<group>"; };
/* End PBXFileReference section */

/* Begin PBXFrameworksBuildPhase section */
		C52FA33C2A175B20005E70DC /* Frameworks */ = {
			isa = PBXFrameworksBuildPhase;
			buildActionMask = 2147483647;
			files = (
				A156F24E1DC1F5FA54D44A76 /* Pods_AVIRO.framework in Frameworks */,
			);
			runOnlyForDeploymentPostprocessing = 0;
		};
/* End PBXFrameworksBuildPhase section */

/* Begin PBXGroup section */
		0C3C6AC2BC6B49CCDD2FE9BF /* Frameworks */ = {
			isa = PBXGroup;
			children = (
				796022A3066B91147B712BB4 /* Pods_AVIRO.framework */,
			);
			name = Frameworks;
			sourceTree = "<group>";
		};
		BE7C2C07294F8980354FE766 /* Pods */ = {
			isa = PBXGroup;
			children = (
				B57500A8C1EA6C6CFDED2C4C /* Pods-AVIRO.debug.xcconfig */,
				4EB01DC761F38F50251EAA43 /* Pods-AVIRO.release.xcconfig */,
			);
			path = Pods;
			sourceTree = "<group>";
		};
		C50367EC2A1791620020C6BB /* Utils */ = {
			isa = PBXGroup;
			children = (
				C5E430AA2A5D13B600CB67EC /* Lottie */,
				C52FA3422A175B20005E70DC /* AppDelegate.swift */,
				C52FA3442A175B20005E70DC /* SceneDelegate.swift */,
				C52FA34B2A175B20005E70DC /* Assets.xcassets */,
				C52FA34D2A175B20005E70DC /* LaunchScreen.storyboard */,
				C52FA3502A175B20005E70DC /* Info.plist */,
				C5D6E19E2A17B4410042679C /* API.plist */,
			);
			path = Utils;
			sourceTree = "<group>";
		};
		C50367ED2A1791840020C6BB /* Scene */ = {
			isa = PBXGroup;
			children = (
				C50367F02A1795A30020C6BB /* Presenter */,
				C50367F12A1795AF0020C6BB /* View */,
			);
			path = Scene;
			sourceTree = "<group>";
		};
		C50367F02A1795A30020C6BB /* Presenter */ = {
			isa = PBXGroup;
			children = (
				C5D93D972A56C74500629C39 /* Login */,
				C5D93D982A56C74F00629C39 /* Home */,
				C5351B762A1B36C700116D50 /* EnrollPlace */,
				C593B64D2A4C48EE00D224CE /* Mypage */,
			);
			path = Presenter;
			sourceTree = "<group>";
		};
		C50367F12A1795AF0020C6BB /* View */ = {
			isa = PBXGroup;
			children = (
				C5D93D9D2A581E9100629C39 /* Tutorial */,
				C5D93D962A56C6ED00629C39 /* Registration */,
				C567C14D2A5658C700D4B426 /* Login */,
				C567C14E2A5658D400D4B426 /* TabBar */,
			);
			path = View;
			sourceTree = "<group>";
		};
		C50367F22A1795B90020C6BB /* Manager */ = {
			isa = PBXGroup;
			children = (
				C5A9899C2A95A7820021B7C3 /* FacadeManager */,
				C520662B2A7CE19F0038ECCD /* UserDefaultsManager */,
				C5732C6F2A41736D00CDC499 /* AVIRODatabase */,
				C5351B4E2A19223600116D50 /* KakaoMap */,
			);
			path = Manager;
			sourceTree = "<group>";
		};
		C50367F32A1795BE0020C6BB /* Model */ = {
			isa = PBXGroup;
			children = (
				C5EB51012A20926800B29CC1 /* TapBarModel */,
				C5EB51022A20927400B29CC1 /* HomeViewModel */,
				C5732C7A2A41D3F800CDC499 /* EnrollViewModel */,
				C5351B7B2A1B52A000116D50 /* PlaceListModel */,
				C5351B782A1B437600116D50 /* APIResonseModel */,
				C5351B652A1A128D00116D50 /* SingletonModel */,
			);
			path = Model;
			sourceTree = "<group>";
		};
		C50367F62A179D6E0020C6BB /* Custom */ = {
			isa = PBXGroup;
			children = (
				C5B071E32A59B3CB00AE709A /* SubClass */,
				C5803F5B2A88C3AF0064A853 /* Utility */,
				C51132BD2A559826006E1EC3 /* Extension */,
				C5CAAC432A39A92A008C5FDA /* StaticValue */,
				C5351B552A19B67900116D50 /* CustomAlertController.swift */,
			);
			path = Custom;
			sourceTree = "<group>";
		};
		C50DB7372A99D4C80078B501 /* PlaceList */ = {
			isa = PBXGroup;
			children = (
				C50DB73E2A99D57C0078B501 /* PlaceListSearchViewController.swift */,
				C50DB73C2A99D5710078B501 /* PlaceListCell.swift */,
			);
			path = PlaceList;
			sourceTree = "<group>";
		};
		C50F6AF72A68FFAF00E942F5 /* SubView */ = {
			isa = PBXGroup;
			children = (
				C50F6AF82A68FFBB00E942F5 /* EnrollStoreInfoView.swift */,
				C50F6AFA2A68FFC300E942F5 /* EnrollVeganDetailView.swift */,
				C50F6AFC2A68FFCB00E942F5 /* EnrollMenuTableView.swift */,
				C568577E2A7113A100F52715 /* MenuTableView */,
			);
			path = SubView;
			sourceTree = "<group>";
		};
		C51132BD2A559826006E1EC3 /* Extension */ = {
			isa = PBXGroup;
			children = (
				C51132BE2A559838006E1EC3 /* NotificationCenter+Extension.swift */,
				C54BC0DA2A2C2D0D00B65439 /* UIColor+Extension.swift */,
				C5D8E8622A3DEC3900D88A43 /* String+Extension.swift */,
				C5D36D2D2A76031E003328E8 /* Double+Extension.swift */,
				C51B09BB2A82397800916BBD /* Marker+Extension.swift */,
				C51AED222A8B7B000015FBC2 /* UIViewController+Extension.swift */,
				C50E6F6E2A8F10B500703B9E /* UILabel+Extension.swift */,
			);
			path = Extension;
			sourceTree = "<group>";
		};
		C5166E472A930583003495AA /* AVIRODetailPlace */ = {
			isa = PBXGroup;
			children = (
				C5166E482A9305A9003495AA /* AVIROSummaryModel.swift */,
				C5FF13522A42C8810026981D /* AVIROPlaceModel.swift */,
				C5FF13542A42C88D0026981D /* AVIROMenuModel.swift */,
				C5FF13562A42C8970026981D /* AVIROReviewsModel.swift */,
			);
			path = AVIRODetailPlace;
			sourceTree = "<group>";
		};
		C5166E4A2A939442003495AA /* SubView */ = {
			isa = PBXGroup;
			children = (
				C593B6462A4AB3A700D224CE /* PushCommentView.swift */,
			);
			path = SubView;
			sourceTree = "<group>";
		};
		C5166E4B2A945214003495AA /* UserSingleton */ = {
			isa = PBXGroup;
			children = (
				C5166E4C2A945228003495AA /* UserSingleton.swift */,
			);
			path = UserSingleton;
			sourceTree = "<group>";
		};
		C51AED1B2A8A19060015FBC2 /* ViewController */ = {
			isa = PBXGroup;
			children = (
				C51AED1C2A8A192D0015FBC2 /* ChangedViewAction.swift */,
			);
			path = ViewController;
			sourceTree = "<group>";
		};
		C51B09B62A82046000916BBD /* MapDataSingleton */ = {
			isa = PBXGroup;
			children = (
				C51B09B72A82155200916BBD /* MarkerModelArray.swift */,
				C5A9899A2A95A6B50021B7C3 /* BookmarkArray.swift */,
			);
			path = MapDataSingleton;
			sourceTree = "<group>";
		};
		C52066242A7CACA80038ECCD /* SubView */ = {
			isa = PBXGroup;
			children = (
				C52066362A808D920038ECCD /* HeaderView */,
				C5EB510C2A20A4B400B29CC1 /* HomeSearchViewTableViewCell.swift */,
				C52066222A7CAC910038ECCD /* NoHistoryView.swift */,
				C52066252A7CC3CE0038ECCD /* NoHistoryLabelView.swift */,
				C52066342A7F3FAE0038ECCD /* HistoryTableViewCell.swift */,
			);
			path = SubView;
			sourceTree = "<group>";
		};
		C52066272A7CD5E60038ECCD /* HomeSearchViewModel */ = {
			isa = PBXGroup;
			children = (
				C52066282A7CD5FC0038ECCD /* HistoryTableModel.swift */,
				C520662E2A7E485B0038ECCD /* MatchedPlaceModel.swift */,
				C52066322A7E80350038ECCD /* MatchedPlaceListCell.swift */,
			);
			path = HomeSearchViewModel;
			sourceTree = "<group>";
		};
		C520662B2A7CE19F0038ECCD /* UserDefaultsManager */ = {
			isa = PBXGroup;
			children = (
			);
			path = UserDefaultsManager;
			sourceTree = "<group>";
		};
		C52066362A808D920038ECCD /* HeaderView */ = {
			isa = PBXGroup;
			children = (
				C52066372A808DAD0038ECCD /* HistoryHeaderView.swift */,
				C52066392A808DC40038ECCD /* PlaceListHeaderView.swift */,
			);
			path = HeaderView;
			sourceTree = "<group>";
		};
		C520663D2A80C60D0038ECCD /* ViewSingleton */ = {
			isa = PBXGroup;
			children = (
				C51132C02A559BCA006E1EC3 /* AppController.swift */,
			);
			name = ViewSingleton;
			path = "View Present 관련 Singleton";
			sourceTree = "<group>";
		};
		C520663E2A80C6220038ECCD /* CoordinateSingleton */ = {
			isa = PBXGroup;
			children = (
				C5351B532A19A7B100116D50 /* MyCoordinate.swift */,
				C520663B2A80C0450038ECCD /* CenterCoordinate.swift */,
			);
			path = CoordinateSingleton;
			sourceTree = "<group>";
		};
		C520663F2A80C6450038ECCD /* APISingleton */ = {
			isa = PBXGroup;
			children = (
				C5351B662A1A154C00116D50 /* PageEndingCheck.swift */,
				C52066402A8129510038ECCD /* KakaoAPISortingQuery.swift */,
			);
			path = APISingleton;
			sourceTree = "<group>";
		};
		C52FA3362A175B20005E70DC = {
			isa = PBXGroup;
			children = (
				C5351B4A2A1919F700116D50 /* .swiftlint.yml */,
				C52FA3412A175B20005E70DC /* AVIRO */,
				C52FA3402A175B20005E70DC /* Products */,
				BE7C2C07294F8980354FE766 /* Pods */,
				0C3C6AC2BC6B49CCDD2FE9BF /* Frameworks */,
			);
			sourceTree = "<group>";
		};
		C52FA3402A175B20005E70DC /* Products */ = {
			isa = PBXGroup;
			children = (
				C52FA33F2A175B20005E70DC /* AVIRO.app */,
			);
			name = Products;
			sourceTree = "<group>";
		};
		C52FA3412A175B20005E70DC /* AVIRO */ = {
			isa = PBXGroup;
			children = (
				C593B64C2A4BFD9A00D224CE /* AVIRO.entitlements */,
				C50367EC2A1791620020C6BB /* Utils */,
				C50367F62A179D6E0020C6BB /* Custom */,
				C50367F32A1795BE0020C6BB /* Model */,
				C50367F22A1795B90020C6BB /* Manager */,
				C50367ED2A1791840020C6BB /* Scene */,
			);
			path = AVIRO;
			sourceTree = "<group>";
		};
		C5351B4E2A19223600116D50 /* KakaoMap */ = {
			isa = PBXGroup;
			children = (
				C547A8B92A17D8D4004D1339 /* KakaoMapRequestManager.swift */,
				C5351B4C2A19223300116D50 /* KakaoMapRequestAPI.swift */,
			);
			path = KakaoMap;
			sourceTree = "<group>";
		};
		C5351B652A1A128D00116D50 /* SingletonModel */ = {
			isa = PBXGroup;
			children = (
				C5166E4B2A945214003495AA /* UserSingleton */,
				C51B09B62A82046000916BBD /* MapDataSingleton */,
				C520663D2A80C60D0038ECCD /* ViewSingleton */,
				C520663E2A80C6220038ECCD /* CoordinateSingleton */,
				C520663F2A80C6450038ECCD /* APISingleton */,
			);
			path = SingletonModel;
			sourceTree = "<group>";
		};
		C5351B722A1B369000116D50 /* Enroll */ = {
			isa = PBXGroup;
			children = (
				C50F6AF22A68FD0A00E942F5 /* EnrollPlaceViewController.swift */,
				C50F6AF72A68FFAF00E942F5 /* SubView */,
				C50DB7372A99D4C80078B501 /* PlaceList */,
			);
			path = Enroll;
			sourceTree = "<group>";
		};
		C5351B762A1B36C700116D50 /* EnrollPlace */ = {
			isa = PBXGroup;
			children = (
				C50F6AF42A68FD6300E942F5 /* EnrollPlacePresenter.swift */,
				C5351B812A1B547C00116D50 /* PlaceList */,
			);
			path = EnrollPlace;
			sourceTree = "<group>";
		};
		C5351B782A1B437600116D50 /* APIResonseModel */ = {
			isa = PBXGroup;
			children = (
				C5FF13502A42C8630026981D /* KakaoMap */,
				C5FF13512A42C86C0026981D /* AVIRO */,
			);
			path = APIResonseModel;
			sourceTree = "<group>";
		};
		C5351B7B2A1B52A000116D50 /* PlaceListModel */ = {
			isa = PBXGroup;
			children = (
				C5351B5F2A19F9A700116D50 /* PlaceListModel.swift */,
				C5351B612A1A083400116D50 /* PlaceListCellModel.swift */,
				C51BBAD62A78D5AB00BF5B7C /* PlaceCheckModel.swift */,
			);
			path = PlaceListModel;
			sourceTree = "<group>";
		};
		C5351B812A1B547C00116D50 /* PlaceList */ = {
			isa = PBXGroup;
			children = (
				C5351B5B2A19F60200116D50 /* PlaceListSearchViewPresenter.swift */,
			);
			path = PlaceList;
			sourceTree = "<group>";
		};
		C54BC0D82A2C2CEE00B65439 /* UIButton */ = {
			isa = PBXGroup;
			children = (
				C5C961962A8DA5680016E2F8 /* PlaceView */,
				C5D93DA22A58718300629C39 /* BottomButton1.swift */,
				C568577C2A70E1F600F52715 /* BottomButton2.swift */,
				C53893152A5EC0C500CB9A54 /* GenderButton.swift */,
				C50F6B032A6BCD6900E942F5 /* CategoryButton.swift */,
				C5F1014E2A6D19A800C53286 /* VeganOptionButton.swift */,
				C51AED1E2A8B2BC80015FBC2 /* HomeTopButton.swift */,
				C51AED202A8B2BDB0015FBC2 /* HomeMapReferButton.swift */,
			);
			path = UIButton;
			sourceTree = "<group>";
		};
		C54BC0D92A2C2CF900B65439 /* UITextLabel */ = {
			isa = PBXGroup;
			children = (
				C5C9619D2A8DEAED0016E2F8 /* PlaceView */,
				C54BC0DC2A2C762C00B65439 /* CommentsLabel.swift */,
				C5FA0EAD2A94E96F004AD8B4 /* ReportLabel.swift */,
			);
			path = UITextLabel;
			sourceTree = "<group>";
		};
		C567C14D2A5658C700D4B426 /* Login */ = {
			isa = PBXGroup;
			children = (
				C5A3C3C32A39658A0050AB3D /* LoginViewController.swift */,
			);
			path = Login;
			sourceTree = "<group>";
		};
		C567C14E2A5658D400D4B426 /* TabBar */ = {
			isa = PBXGroup;
			children = (
				C5EB50EB2A1C72C600B29CC1 /* TabBarViewController.swift */,
				C5EB50ED2A1C76FC00B29CC1 /* Home */,
				C5351B722A1B369000116D50 /* Enroll */,
				C5EB50F02A1C772300B29CC1 /* MyPage */,
			);
			path = TabBar;
			sourceTree = "<group>";
		};
		C568577E2A7113A100F52715 /* MenuTableView */ = {
			isa = PBXGroup;
			children = (
				C568577F2A7113C600F52715 /* NormalTableViewCell.swift */,
				C56857812A7113CF00F52715 /* RequestTableViewCell.swift */,
			);
			path = MenuTableView;
			sourceTree = "<group>";
		};
		C5732C6F2A41736D00CDC499 /* AVIRODatabase */ = {
			isa = PBXGroup;
			children = (
				C5732C702A41739000CDC499 /* AVIROAPIManager.swift */,
				C5732C722A41778A00CDC499 /* AVIROPostAPI.swift */,
				C5732C742A41962D00CDC499 /* AVIRORequestAPI.swift */,
			);
			path = AVIRODatabase;
			sourceTree = "<group>";
		};
		C5732C7A2A41D3F800CDC499 /* EnrollViewModel */ = {
			isa = PBXGroup;
			children = (
				C5732C7B2A41D41B00CDC499 /* VeganTableFieldModel.swift */,
				C5732C7D2A41D42700CDC499 /* RequestTableFieldModel.swift */,
			);
			path = EnrollViewModel;
			sourceTree = "<group>";
		};
		C5732C802A41E20800CDC499 /* Deprecated */ = {
			isa = PBXGroup;
			children = (
				C5A03C112A3A11290044D995 /* HomeViewControllerActionAndAnimation.swift */,
			);
			path = Deprecated;
			sourceTree = "<group>";
		};
		C5803F562A88C1810064A853 /* PlaceViewModel */ = {
			isa = PBXGroup;
			children = (
				C5803F572A88C1990064A853 /* PlaceTopModel.swift */,
			);
			path = PlaceViewModel;
			sourceTree = "<group>";
		};
		C5803F5B2A88C3AF0064A853 /* Utility */ = {
			isa = PBXGroup;
			children = (
				C5803F5C2A88C3C00064A853 /* LocationUtility.swift */,
				C5A201B12A98502500A54381 /* TimeUtility.swift */,
			);
			path = Utility;
			sourceTree = "<group>";
		};
		C593B6482A4AEA6600D224CE /* AVIROPost */ = {
			isa = PBXGroup;
			children = (
				C5538AAE2A1BB81200661DE2 /* VeganModel.swift */,
				C593B64A2A4AEA9800D224CE /* AVIROCommentPost.swift */,
				C5E7B7A82A4D3CDF00CA2090 /* UserInfoModel.swift */,
				C52066302A7E4A580038ECCD /* PlaceModelBeforeMatchedAVIRO.swift */,
				C5A989962A959D920021B7C3 /* BookmarkPostModel.swift */,
			);
			path = AVIROPost;
			sourceTree = "<group>";
		};
		C593B6492A4AEA7400D224CE /* AVIROGet */ = {
			isa = PBXGroup;
			children = (
				C51BBAD42A78D53D00BF5B7C /* AVIROCheckPlaceModel.swift */,
				C5732C762A41A0A500CDC499 /* AVIROMapModel.swift */,
				C5A989982A959E040021B7C3 /* AVIROBookmarkModel.swift */,
				C5166E472A930583003495AA /* AVIRODetailPlace */,
			);
			path = AVIROGet;
			sourceTree = "<group>";
		};
		C593B64D2A4C48EE00D224CE /* Mypage */ = {
			isa = PBXGroup;
			children = (
				C593B64E2A4C490600D224CE /* MyPageViewPresenter.swift */,
			);
			path = Mypage;
			sourceTree = "<group>";
		};
		C595ACCE2A84A1C100D35123 /* Deprecated */ = {
			isa = PBXGroup;
			children = (
				C5EB51112A20CC7D00B29CC1 /* HomeInfoStoreView.swift */,
				C5D7458E2A224DCE006F9F31 /* HomeFirstPopUpView.swift */,
			);
			path = Deprecated;
			sourceTree = "<group>";
		};
		C595ACCF2A84A21100D35123 /* SubView */ = {
			isa = PBXGroup;
			children = (
				C595ACD02A84A4EB00D35123 /* PlaceTopView.swift */,
				C5C290732A85E4EC00ED5DCE /* PlaceSegmentedControlView.swift */,
				C5C290752A85E4EF00ED5DCE /* SegmentedControlSubView */,
			);
			path = SubView;
			sourceTree = "<group>";
		};
		C5983B462A8337E8008F577A /* TutorialCell */ = {
			isa = PBXGroup;
			children = (
				C567C14F2A56611500D4B426 /* TopCell.swift */,
				C5B071E02A59454300AE709A /* BottomCell.swift */,
			);
			path = TutorialCell;
			sourceTree = "<group>";
		};
		C5A201B52A986ECA00A54381 /* EditPlaceInfo */ = {
			isa = PBXGroup;
			children = (
				C5A201B32A986EC300A54381 /* EditPlaceInfoViewController.swift */,
				C5A201BE2A989FF900A54381 /* EditPlaceInfoSubView */,
			);
			path = EditPlaceInfo;
			sourceTree = "<group>";
		};
		C5A201B82A986EE300A54381 /* EditMenu */ = {
			isa = PBXGroup;
			children = (
				C5A201B62A986EDF00A54381 /* EditMenuViewController.swift */,
			);
			path = EditMenu;
			sourceTree = "<group>";
		};
		C5A201B92A986F8500A54381 /* EditPresenter */ = {
			isa = PBXGroup;
			children = (
				C5A201BC2A98708800A54381 /* EditPlaceInfoPresenter.swift */,
				C5A201BA2A986F9B00A54381 /* EditMenuPresenter.swift */,
			);
			path = EditPresenter;
			sourceTree = "<group>";
		};
		C5A201BE2A989FF900A54381 /* EditPlaceInfoSubView */ = {
			isa = PBXGroup;
			children = (
				C5A201C02A98A5DD00A54381 /* EditLocationTopView.swift */,
				C5A201C22A98A61F00A54381 /* EditLocationBottomView.swift */,
				C5A201C42A98A67900A54381 /* EditPhoneView.swift */,
				C5A201C62A98A6D200A54381 /* EditWorkingHoursView.swift */,
				C5A201C82A98A70800A54381 /* EditHomePageView.swift */,
			);
			path = EditPlaceInfoSubView;
			sourceTree = "<group>";
		};
		C5A9899C2A95A7820021B7C3 /* FacadeManager */ = {
			isa = PBXGroup;
			children = (
				C520662C2A7CE1CC0038ECCD /* SearchHistoryManager.swift */,
				C5A9899D2A95A7940021B7C3 /* BookmarkManager.swift */,
			);
			path = FacadeManager;
			sourceTree = "<group>";
		};
		C5B071E22A59B3C200AE709A /* UITextField */ = {
			isa = PBXGroup;
			children = (
				C5B071E42A59B4AC00AE709A /* RegistrationField.swift */,
				C50F6B012A6BC8E400E942F5 /* EnrollField.swift */,
				C5E306E62A6FB4ED00C11CF7 /* MenuField.swift */,
				C5C915482A777F8500C7CB93 /* SearchField.swift */,
				C52066202A7CA9050038ECCD /* MainField.swift */,
			);
			path = UITextField;
			sourceTree = "<group>";
		};
		C5B071E32A59B3CB00AE709A /* SubClass */ = {
			isa = PBXGroup;
			children = (
				C5C2907C2A85E5E600ED5DCE /* UISegmentedControl */,
				C54BC0D82A2C2CEE00B65439 /* UIButton */,
				C54BC0D92A2C2CF900B65439 /* UITextLabel */,
				C5B071E22A59B3C200AE709A /* UITextField */,
			);
			path = SubClass;
			sourceTree = "<group>";
		};
		C5C290752A85E4EF00ED5DCE /* SegmentedControlSubView */ = {
			isa = PBXGroup;
			children = (
				C5C290762A85E4FF00ED5DCE /* PlaceHomeView.swift */,
				C5C2907F2A8616C500ED5DCE /* SubView */,
			);
			path = SegmentedControlSubView;
			sourceTree = "<group>";
		};
		C5C2907C2A85E5E600ED5DCE /* UISegmentedControl */ = {
			isa = PBXGroup;
			children = (
				C5C2907D2A85E69B00ED5DCE /* UnderlineSegmentedControl.swift */,
			);
			path = UISegmentedControl;
			sourceTree = "<group>";
		};
		C5C2907F2A8616C500ED5DCE /* SubView */ = {
			isa = PBXGroup;
			children = (
				C5C290802A8616E500ED5DCE /* PlaceInfoView.swift */,
				C5C290782A85E51000ED5DCE /* PlaceMenuView.swift */,
				C5C290842A86173F00ED5DCE /* PlaceReviewWriteView.swift */,
				C5C2907A2A85E51B00ED5DCE /* PlaceReviewsView.swift */,
				C5166E4A2A939442003495AA /* SubView */,
				C5C961902A8D9EA10016E2F8 /* TableView */,
			);
			path = SubView;
			sourceTree = "<group>";
		};
		C5C961902A8D9EA10016E2F8 /* TableView */ = {
			isa = PBXGroup;
			children = (
				C5C961922A8D9EE20016E2F8 /* PlaceMenuTableViewCell.swift */,
				C5C961942A8D9EED0016E2F8 /* PlaceReviewTableViewCell.swift */,
			);
			path = TableView;
			sourceTree = "<group>";
		};
		C5C961962A8DA5680016E2F8 /* PlaceView */ = {
			isa = PBXGroup;
			children = (
				C5C961972A8DA5880016E2F8 /* EditButton.swift */,
				C5C961992A8DA5950016E2F8 /* ShowMoreButton.swift */,
				C5C9619E2A8DEB230016E2F8 /* ReviewWriteButton.swift */,
			);
			path = PlaceView;
			sourceTree = "<group>";
		};
		C5C9619D2A8DEAED0016E2F8 /* PlaceView */ = {
			isa = PBXGroup;
			children = (
				C5C9619B2A8DB1D80016E2F8 /* MenuTypeLabel.swift */,
				C50E6F6C2A8E5AAC00703B9E /* ReviewLabel.swift */,
			);
			path = PlaceView;
			sourceTree = "<group>";
		};
		C5CAAC432A39A92A008C5FDA /* StaticValue */ = {
			isa = PBXGroup;
			children = (
				C5CAAC442A39A93C008C5FDA /* Layout.swift */,
				C5CAAC462A39AEFE008C5FDA /* Image.swift */,
				C5CAAC482A39C6D4008C5FDA /* StringValue.swift */,
			);
			path = StaticValue;
			sourceTree = "<group>";
		};
		C5D93D962A56C6ED00629C39 /* Registration */ = {
			isa = PBXGroup;
			children = (
				C5D93D9E2A581EC800629C39 /* FirstRegistrationViewController.swift */,
				C5E430B42A5DAE9800CB67EC /* SecondRegistrationViewController.swift */,
				C528E4B92A5F9A3E002BD72E /* ThridRegistrationViewController.swift */,
				C528E4BD2A5FB816002BD72E /* TermsTableCell.swift */,
				C528E4BF2A5FF1CB002BD72E /* FinalRegistrationViewController.swift */,
			);
			path = Registration;
			sourceTree = "<group>";
		};
		C5D93D972A56C74500629C39 /* Login */ = {
			isa = PBXGroup;
			children = (
				C5A3C3C52A39659B0050AB3D /* LoginViewPresenter.swift */,
				C5D93D992A56C75F00629C39 /* RegistrationPresenter */,
			);
			path = Login;
			sourceTree = "<group>";
		};
		C5D93D982A56C74F00629C39 /* Home */ = {
			isa = PBXGroup;
			children = (
				C50367F42A1795D10020C6BB /* HomeViewPresenter.swift */,
				C5EB51092A209FC000B29CC1 /* HomeSearchPresenter */,
				C5FA0EA62A94D88D004AD8B4 /* ReportPresenter */,
				C5A201B92A986F8500A54381 /* EditPresenter */,
			);
			path = Home;
			sourceTree = "<group>";
		};
		C5D93D992A56C75F00629C39 /* RegistrationPresenter */ = {
			isa = PBXGroup;
			children = (
				C5D93DA02A581F5A00629C39 /* FirstRegistrationPresenter.swift */,
				C5E430B22A5DADBE00CB67EC /* SecondRegistrationPresenter.swift */,
				C528E4BB2A5F9AB6002BD72E /* ThridRegistrationPresenter.swift */,
			);
			path = RegistrationPresenter;
			sourceTree = "<group>";
		};
		C5D93D9D2A581E9100629C39 /* Tutorial */ = {
			isa = PBXGroup;
			children = (
				C58B9AAD2A5675B9008AEAC3 /* TutorialViewController.swift */,
				C5983B462A8337E8008F577A /* TutorialCell */,
			);
			path = Tutorial;
			sourceTree = "<group>";
		};
		C5E430AA2A5D13B600CB67EC /* Lottie */ = {
			isa = PBXGroup;
			children = (
				C5E430AB2A5D142C00CB67EC /* LoginJson.json */,
				C5E430AC2A5D142C00CB67EC /* RegistrationCompleted.json */,
			);
			path = Lottie;
			sourceTree = "<group>";
		};
		C5EB50ED2A1C76FC00B29CC1 /* Home */ = {
			isa = PBXGroup;
			children = (
				C52FA3462A175B20005E70DC /* HomeViewController.swift */,
				C51AED1B2A8A19060015FBC2 /* ViewController */,
				C5732C802A41E20800CDC499 /* Deprecated */,
				C5EB51102A20CC6800B29CC1 /* PlaceDetail */,
				C5FA0EA82A94D935004AD8B4 /* Edit */,
				C5FA0EA72A94D92B004AD8B4 /* Report */,
				C5EB51062A209F5700B29CC1 /* HomeSearch */,
			);
			path = Home;
			sourceTree = "<group>";
		};
		C5EB50F02A1C772300B29CC1 /* MyPage */ = {
			isa = PBXGroup;
			children = (
				C5EB50E92A1C705900B29CC1 /* MyPageViewController.swift */,
			);
			path = MyPage;
			sourceTree = "<group>";
		};
		C5EB51012A20926800B29CC1 /* TapBarModel */ = {
			isa = PBXGroup;
			children = (
				C5EB50E32A1C685100B29CC1 /* TabBarItem.swift */,
			);
			path = TapBarModel;
			sourceTree = "<group>";
		};
		C5EB51022A20927400B29CC1 /* HomeViewModel */ = {
			isa = PBXGroup;
			children = (
				C51B09B92A8215D800916BBD /* MarkerModel.swift */,
				C5803F562A88C1810064A853 /* PlaceViewModel */,
				C52066272A7CD5E60038ECCD /* HomeSearchViewModel */,
			);
			path = HomeViewModel;
			sourceTree = "<group>";
		};
		C5EB51062A209F5700B29CC1 /* HomeSearch */ = {
			isa = PBXGroup;
			children = (
				C5EB51072A209F6900B29CC1 /* HomeSearchViewController.swift */,
				C52066242A7CACA80038ECCD /* SubView */,
			);
			path = HomeSearch;
			sourceTree = "<group>";
		};
		C5EB51092A209FC000B29CC1 /* HomeSearchPresenter */ = {
			isa = PBXGroup;
			children = (
				C5EB510A2A209FD300B29CC1 /* HomeSearchPresenter.swift */,
			);
			path = HomeSearchPresenter;
			sourceTree = "<group>";
		};
		C5EB51102A20CC6800B29CC1 /* PlaceDetail */ = {
			isa = PBXGroup;
			children = (
				C595ACCC2A84A1A200D35123 /* PlaceView.swift */,
				C595ACCF2A84A21100D35123 /* SubView */,
				C595ACCE2A84A1C100D35123 /* Deprecated */,
			);
			path = PlaceDetail;
			sourceTree = "<group>";
		};
		C5FA0EA62A94D88D004AD8B4 /* ReportPresenter */ = {
			isa = PBXGroup;
			children = (
				C5FA0EAB2A94DF39004AD8B4 /* ReportReviewPresenter.swift */,
			);
			path = ReportPresenter;
			sourceTree = "<group>";
		};
		C5FA0EA72A94D92B004AD8B4 /* Report */ = {
			isa = PBXGroup;
			children = (
				C5FA0EA92A94DB3E004AD8B4 /* ReportReviewViewController.swift */,
				C56E7A102A971504009CCAF2 /* ReportCellView.swift */,
			);
			path = Report;
			sourceTree = "<group>";
		};
		C5FA0EA82A94D935004AD8B4 /* Edit */ = {
			isa = PBXGroup;
			children = (
				C5A201B52A986ECA00A54381 /* EditPlaceInfo */,
				C5A201B82A986EE300A54381 /* EditMenu */,
			);
			path = Edit;
			sourceTree = "<group>";
		};
		C5FF13502A42C8630026981D /* KakaoMap */ = {
			isa = PBXGroup;
			children = (
				C5351B4F2A19225A00116D50 /* KakaoMapResponseKeywordModel.swift */,
				C5351B792A1B439000116D50 /* KakaoMapResponseCoordinateModel.swift */,
			);
			path = KakaoMap;
			sourceTree = "<group>";
		};
		C5FF13512A42C86C0026981D /* AVIRO */ = {
			isa = PBXGroup;
			children = (
				C593B6492A4AEA7400D224CE /* AVIROGet */,
				C593B6482A4AEA6600D224CE /* AVIROPost */,
			);
			path = AVIRO;
			sourceTree = "<group>";
		};
/* End PBXGroup section */

/* Begin PBXNativeTarget section */
		C52FA33E2A175B20005E70DC /* AVIRO */ = {
			isa = PBXNativeTarget;
			buildConfigurationList = C52FA3532A175B20005E70DC /* Build configuration list for PBXNativeTarget "AVIRO" */;
			buildPhases = (
				94D666AE4260592A253C27D2 /* [CP] Check Pods Manifest.lock */,
				C52FA33B2A175B20005E70DC /* Sources */,
				C52FA33C2A175B20005E70DC /* Frameworks */,
				C52FA33D2A175B20005E70DC /* Resources */,
				C5351B492A19160600116D50 /* swiftlint */,
				C60A8D31733F9A2D78370C5C /* [CP] Embed Pods Frameworks */,
			);
			buildRules = (
			);
			dependencies = (
			);
			name = AVIRO;
			productName = VeganRestaurant;
			productReference = C52FA33F2A175B20005E70DC /* AVIRO.app */;
			productType = "com.apple.product-type.application";
		};
/* End PBXNativeTarget section */

/* Begin PBXProject section */
		C52FA3372A175B20005E70DC /* Project object */ = {
			isa = PBXProject;
			attributes = {
				BuildIndependentTargetsInParallel = 1;
				LastSwiftUpdateCheck = 1430;
				LastUpgradeCheck = 1430;
				TargetAttributes = {
					C52FA33E2A175B20005E70DC = {
						CreatedOnToolsVersion = 14.3;
					};
				};
			};
			buildConfigurationList = C52FA33A2A175B20005E70DC /* Build configuration list for PBXProject "AVIRO" */;
			compatibilityVersion = "Xcode 14.0";
			developmentRegion = en;
			hasScannedForEncodings = 0;
			knownRegions = (
				en,
				Base,
			);
			mainGroup = C52FA3362A175B20005E70DC;
			productRefGroup = C52FA3402A175B20005E70DC /* Products */;
			projectDirPath = "";
			projectRoot = "";
			targets = (
				C52FA33E2A175B20005E70DC /* AVIRO */,
			);
		};
/* End PBXProject section */

/* Begin PBXResourcesBuildPhase section */
		C52FA33D2A175B20005E70DC /* Resources */ = {
			isa = PBXResourcesBuildPhase;
			buildActionMask = 2147483647;
			files = (
				C52FA34F2A175B20005E70DC /* LaunchScreen.storyboard in Resources */,
				C5E430AE2A5D142C00CB67EC /* RegistrationCompleted.json in Resources */,
				C5E430AD2A5D142C00CB67EC /* LoginJson.json in Resources */,
				C5D6E19F2A17B4410042679C /* API.plist in Resources */,
				C52FA34C2A175B20005E70DC /* Assets.xcassets in Resources */,
			);
			runOnlyForDeploymentPostprocessing = 0;
		};
/* End PBXResourcesBuildPhase section */

/* Begin PBXShellScriptBuildPhase section */
		94D666AE4260592A253C27D2 /* [CP] Check Pods Manifest.lock */ = {
			isa = PBXShellScriptBuildPhase;
			buildActionMask = 2147483647;
			files = (
			);
			inputFileListPaths = (
			);
			inputPaths = (
				"${PODS_PODFILE_DIR_PATH}/Podfile.lock",
				"${PODS_ROOT}/Manifest.lock",
			);
			name = "[CP] Check Pods Manifest.lock";
			outputFileListPaths = (
			);
			outputPaths = (
				"$(DERIVED_FILE_DIR)/Pods-AVIRO-checkManifestLockResult.txt",
			);
			runOnlyForDeploymentPostprocessing = 0;
			shellPath = /bin/sh;
			shellScript = "diff \"${PODS_PODFILE_DIR_PATH}/Podfile.lock\" \"${PODS_ROOT}/Manifest.lock\" > /dev/null\nif [ $? != 0 ] ; then\n    # print error to STDERR\n    echo \"error: The sandbox is not in sync with the Podfile.lock. Run 'pod install' or update your CocoaPods installation.\" >&2\n    exit 1\nfi\n# This output is used by Xcode 'outputs' to avoid re-running this script phase.\necho \"SUCCESS\" > \"${SCRIPT_OUTPUT_FILE_0}\"\n";
			showEnvVarsInLog = 0;
		};
		C5351B492A19160600116D50 /* swiftlint */ = {
			isa = PBXShellScriptBuildPhase;
			alwaysOutOfDate = 1;
			buildActionMask = 2147483647;
			files = (
			);
			inputFileListPaths = (
			);
			inputPaths = (
			);
			name = swiftlint;
			outputFileListPaths = (
			);
			outputPaths = (
			);
			runOnlyForDeploymentPostprocessing = 0;
			shellPath = /bin/sh;
			shellScript = "# Type a script or drag a script file from your workspace to insert its path.\n\n    export PATH=\"$PATH:/opt/homebrew/bin\"\n    if which swiftlint > /dev/null; then\n      swiftlint\n    else\n      echo \"warning: SwiftLint not installed, download from https://github.com/realm/SwiftLint\"\n    fi\n";
		};
		C60A8D31733F9A2D78370C5C /* [CP] Embed Pods Frameworks */ = {
			isa = PBXShellScriptBuildPhase;
			buildActionMask = 2147483647;
			files = (
			);
			inputFileListPaths = (
				"${PODS_ROOT}/Target Support Files/Pods-AVIRO/Pods-AVIRO-frameworks-${CONFIGURATION}-input-files.xcfilelist",
			);
			name = "[CP] Embed Pods Frameworks";
			outputFileListPaths = (
				"${PODS_ROOT}/Target Support Files/Pods-AVIRO/Pods-AVIRO-frameworks-${CONFIGURATION}-output-files.xcfilelist",
			);
			runOnlyForDeploymentPostprocessing = 0;
			shellPath = /bin/sh;
			shellScript = "\"${PODS_ROOT}/Target Support Files/Pods-AVIRO/Pods-AVIRO-frameworks.sh\"\n";
			showEnvVarsInLog = 0;
		};
/* End PBXShellScriptBuildPhase section */

/* Begin PBXSourcesBuildPhase section */
		C52FA33B2A175B20005E70DC /* Sources */ = {
			isa = PBXSourcesBuildPhase;
			buildActionMask = 2147483647;
			files = (
				C5CAAC492A39C6D4008C5FDA /* StringValue.swift in Sources */,
				C5C2907E2A85E69B00ED5DCE /* UnderlineSegmentedControl.swift in Sources */,
				C5A3C3C42A39658A0050AB3D /* LoginViewController.swift in Sources */,
				C5732C732A41778A00CDC499 /* AVIROPostAPI.swift in Sources */,
				C5732C7C2A41D41B00CDC499 /* VeganTableFieldModel.swift in Sources */,
				C5732C752A41962D00CDC499 /* AVIRORequestAPI.swift in Sources */,
				C5D93DA12A581F5A00629C39 /* FirstRegistrationPresenter.swift in Sources */,
				C567C1502A56611500D4B426 /* TopCell.swift in Sources */,
				C50F6B042A6BCD6900E942F5 /* CategoryButton.swift in Sources */,
				C5C915492A777F8500C7CB93 /* SearchField.swift in Sources */,
				C52066212A7CA9050038ECCD /* MainField.swift in Sources */,
				C5EB510B2A209FD300B29CC1 /* HomeSearchPresenter.swift in Sources */,
				C52066262A7CC3CE0038ECCD /* NoHistoryLabelView.swift in Sources */,
				C5803F5D2A88C3C00064A853 /* LocationUtility.swift in Sources */,
				C5F1014F2A6D19A800C53286 /* VeganOptionButton.swift in Sources */,
				C52066292A7CD5FC0038ECCD /* HistoryTableModel.swift in Sources */,
				C50F6AF52A68FD6300E942F5 /* EnrollPlacePresenter.swift in Sources */,
				C5CAAC452A39A93C008C5FDA /* Layout.swift in Sources */,
				C595ACD12A84A4EB00D35123 /* PlaceTopView.swift in Sources */,
				C520663A2A808DC40038ECCD /* PlaceListHeaderView.swift in Sources */,
				C52066382A808DAD0038ECCD /* HistoryHeaderView.swift in Sources */,
				C5C290742A85E4EC00ED5DCE /* PlaceSegmentedControlView.swift in Sources */,
				C5FA0EAE2A94E96F004AD8B4 /* ReportLabel.swift in Sources */,
				C52FA3472A175B20005E70DC /* HomeViewController.swift in Sources */,
				C51BBAD72A78D5AB00BF5B7C /* PlaceCheckModel.swift in Sources */,
				C54BC0DB2A2C2D0D00B65439 /* UIColor+Extension.swift in Sources */,
				C52FA3432A175B20005E70DC /* AppDelegate.swift in Sources */,
				C5C290812A8616E500ED5DCE /* PlaceInfoView.swift in Sources */,
				C5B071E12A59454300AE709A /* BottomCell.swift in Sources */,
				C5FA0EAA2A94DB3E004AD8B4 /* ReportReviewViewController.swift in Sources */,
				C520663C2A80C0450038ECCD /* CenterCoordinate.swift in Sources */,
				C5C961932A8D9EE20016E2F8 /* PlaceMenuTableViewCell.swift in Sources */,
				C5351B502A19225A00116D50 /* KakaoMapResponseKeywordModel.swift in Sources */,
				C52066412A8129510038ECCD /* KakaoAPISortingQuery.swift in Sources */,
				C5351B4D2A19223300116D50 /* KakaoMapRequestAPI.swift in Sources */,
				C520662F2A7E485B0038ECCD /* MatchedPlaceModel.swift in Sources */,
				C5A201B72A986EDF00A54381 /* EditMenuViewController.swift in Sources */,
				C5A201C92A98A70800A54381 /* EditHomePageView.swift in Sources */,
				C5166E492A9305A9003495AA /* AVIROSummaryModel.swift in Sources */,
				C5A9899E2A95A7940021B7C3 /* BookmarkManager.swift in Sources */,
				C50F6AFB2A68FFC300E942F5 /* EnrollVeganDetailView.swift in Sources */,
				C5A201C72A98A6D200A54381 /* EditWorkingHoursView.swift in Sources */,
				C5C290772A85E4FF00ED5DCE /* PlaceHomeView.swift in Sources */,
				C5D93D9F2A581EC800629C39 /* FirstRegistrationViewController.swift in Sources */,
				C528E4C02A5FF1CB002BD72E /* FinalRegistrationViewController.swift in Sources */,
				C5D93DA32A58718300629C39 /* BottomButton1.swift in Sources */,
				C5A989992A959E040021B7C3 /* AVIROBookmarkModel.swift in Sources */,
				C5803F582A88C1990064A853 /* PlaceTopModel.swift in Sources */,
				C50DB73F2A99D57C0078B501 /* PlaceListSearchViewController.swift in Sources */,
				C5D36D2E2A76031E003328E8 /* Double+Extension.swift in Sources */,
				C54BC0DD2A2C762C00B65439 /* CommentsLabel.swift in Sources */,
				C5EB51082A209F6900B29CC1 /* HomeSearchViewController.swift in Sources */,
				C5351B562A19B67900116D50 /* CustomAlertController.swift in Sources */,
				C5538AAF2A1BB81200661DE2 /* VeganModel.swift in Sources */,
				C50F6AF32A68FD0A00E942F5 /* EnrollPlaceViewController.swift in Sources */,
				C5732C7E2A41D42700CDC499 /* RequestTableFieldModel.swift in Sources */,
				C5C961982A8DA5880016E2F8 /* EditButton.swift in Sources */,
				C5A989972A959D920021B7C3 /* BookmarkPostModel.swift in Sources */,
				C5CAAC472A39AEFE008C5FDA /* Image.swift in Sources */,
				C5E7B7A92A4D3CDF00CA2090 /* UserInfoModel.swift in Sources */,
				C5A201C32A98A61F00A54381 /* EditLocationBottomView.swift in Sources */,
				C52066232A7CAC910038ECCD /* NoHistoryView.swift in Sources */,
				C5E306E72A6FB4ED00C11CF7 /* MenuField.swift in Sources */,
				C51AED212A8B2BDB0015FBC2 /* HomeMapReferButton.swift in Sources */,
				C5E430B32A5DADBE00CB67EC /* SecondRegistrationPresenter.swift in Sources */,
				C5EB510D2A20A4B400B29CC1 /* HomeSearchViewTableViewCell.swift in Sources */,
				C50367F52A1795D10020C6BB /* HomeViewPresenter.swift in Sources */,
				C5C9619A2A8DA5950016E2F8 /* ShowMoreButton.swift in Sources */,
				C5351B622A1A083400116D50 /* PlaceListCellModel.swift in Sources */,
				C51B09BA2A8215D800916BBD /* MarkerModel.swift in Sources */,
				C52FA3452A175B20005E70DC /* SceneDelegate.swift in Sources */,
				C5351B542A19A7B100116D50 /* MyCoordinate.swift in Sources */,
				C5EB50EA2A1C705900B29CC1 /* MyPageViewController.swift in Sources */,
				C5D8E8632A3DEC3900D88A43 /* String+Extension.swift in Sources */,
				C50F6B022A6BC8E400E942F5 /* EnrollField.swift in Sources */,
				C5D7458F2A224DCE006F9F31 /* HomeFirstPopUpView.swift in Sources */,
				C51B09B82A82155200916BBD /* MarkerModelArray.swift in Sources */,
				C5A9899B2A95A6B50021B7C3 /* BookmarkArray.swift in Sources */,
				C520662D2A7CE1CC0038ECCD /* SearchHistoryManager.swift in Sources */,
				C51AED232A8B7B000015FBC2 /* UIViewController+Extension.swift in Sources */,
				C5C961952A8D9EED0016E2F8 /* PlaceReviewTableViewCell.swift in Sources */,
				C5A3C3C62A39659B0050AB3D /* LoginViewPresenter.swift in Sources */,
				C5166E4D2A945228003495AA /* UserSingleton.swift in Sources */,
				C58B9AAE2A5675B9008AEAC3 /* TutorialViewController.swift in Sources */,
				C5FF13552A42C88D0026981D /* AVIROMenuModel.swift in Sources */,
				C56E7A112A971504009CCAF2 /* ReportCellView.swift in Sources */,
				C52066332A7E80350038ECCD /* MatchedPlaceListCell.swift in Sources */,
				C595ACCD2A84A1A200D35123 /* PlaceView.swift in Sources */,
				C547A8BA2A17D8D4004D1339 /* KakaoMapRequestManager.swift in Sources */,
				C5351B672A1A154C00116D50 /* PageEndingCheck.swift in Sources */,
				C5732C772A41A0A500CDC499 /* AVIROMapModel.swift in Sources */,
				C51132BF2A559838006E1EC3 /* NotificationCenter+Extension.swift in Sources */,
				C5FF13532A42C8810026981D /* AVIROPlaceModel.swift in Sources */,
				C5351B5C2A19F60200116D50 /* PlaceListSearchViewPresenter.swift in Sources */,
				C50E6F6F2A8F10B500703B9E /* UILabel+Extension.swift in Sources */,
				C52066352A7F3FAE0038ECCD /* HistoryTableViewCell.swift in Sources */,
				C528E4BA2A5F9A3E002BD72E /* ThridRegistrationViewController.swift in Sources */,
				C528E4BC2A5F9AB6002BD72E /* ThridRegistrationPresenter.swift in Sources */,
				C5C290792A85E51000ED5DCE /* PlaceMenuView.swift in Sources */,
				C5A201B42A986EC300A54381 /* EditPlaceInfoViewController.swift in Sources */,
				C51AED1D2A8A192D0015FBC2 /* ChangedViewAction.swift in Sources */,
				C51B09BC2A82397800916BBD /* Marker+Extension.swift in Sources */,
				C528E4BE2A5FB816002BD72E /* TermsTableCell.swift in Sources */,
				C5EB51122A20CC7D00B29CC1 /* HomeInfoStoreView.swift in Sources */,
				C5EB50E42A1C685100B29CC1 /* TabBarItem.swift in Sources */,
				C5A201BB2A986F9B00A54381 /* EditMenuPresenter.swift in Sources */,
				C5C9619C2A8DB1D80016E2F8 /* MenuTypeLabel.swift in Sources */,
				C5351B7A2A1B439000116D50 /* KakaoMapResponseCoordinateModel.swift in Sources */,
				C50E6F6D2A8E5AAC00703B9E /* ReviewLabel.swift in Sources */,
				C5C290852A86173F00ED5DCE /* PlaceReviewWriteView.swift in Sources */,
				C51BBAD52A78D53D00BF5B7C /* AVIROCheckPlaceModel.swift in Sources */,
				C50DB73D2A99D5710078B501 /* PlaceListCell.swift in Sources */,
				C56857802A7113C600F52715 /* NormalTableViewCell.swift in Sources */,
				C52066312A7E4A580038ECCD /* PlaceModelBeforeMatchedAVIRO.swift in Sources */,
				C5C9619F2A8DEB230016E2F8 /* ReviewWriteButton.swift in Sources */,
				C5E430B52A5DAE9800CB67EC /* SecondRegistrationViewController.swift in Sources */,
				C593B64B2A4AEA9800D224CE /* AVIROCommentPost.swift in Sources */,
				C5A201C12A98A5DD00A54381 /* EditLocationTopView.swift in Sources */,
				C593B64F2A4C490600D224CE /* MyPageViewPresenter.swift in Sources */,
				C5FF13572A42C8970026981D /* AVIROReviewsModel.swift in Sources */,
				C5B071E52A59B4AC00AE709A /* RegistrationField.swift in Sources */,
				C53893162A5EC0C500CB9A54 /* GenderButton.swift in Sources */,
				C50F6AFD2A68FFCB00E942F5 /* EnrollMenuTableView.swift in Sources */,
				C5351B602A19F9A700116D50 /* PlaceListModel.swift in Sources */,
				C5A201C52A98A67900A54381 /* EditPhoneView.swift in Sources */,
				C5732C712A41739000CDC499 /* AVIROAPIManager.swift in Sources */,
				C50F6AF92A68FFBB00E942F5 /* EnrollStoreInfoView.swift in Sources */,
				C56857822A7113CF00F52715 /* RequestTableViewCell.swift in Sources */,
				C5C2907B2A85E51B00ED5DCE /* PlaceReviewsView.swift in Sources */,
				C5A201BD2A98708800A54381 /* EditPlaceInfoPresenter.swift in Sources */,
				C5EB50EC2A1C72C600B29CC1 /* TabBarViewController.swift in Sources */,
				C568577D2A70E1F600F52715 /* BottomButton2.swift in Sources */,
				C51132C12A559BCA006E1EC3 /* AppController.swift in Sources */,
				C5A03C122A3A11290044D995 /* HomeViewControllerActionAndAnimation.swift in Sources */,
				C593B6472A4AB3A700D224CE /* PushCommentView.swift in Sources */,
				C51AED1F2A8B2BC80015FBC2 /* HomeTopButton.swift in Sources */,
				C5FA0EAC2A94DF39004AD8B4 /* ReportReviewPresenter.swift in Sources */,
				C5A201B22A98502500A54381 /* TimeUtility.swift in Sources */,
			);
			runOnlyForDeploymentPostprocessing = 0;
		};
/* End PBXSourcesBuildPhase section */

/* Begin PBXVariantGroup section */
		C52FA34D2A175B20005E70DC /* LaunchScreen.storyboard */ = {
			isa = PBXVariantGroup;
			children = (
				C52FA34E2A175B20005E70DC /* Base */,
			);
			name = LaunchScreen.storyboard;
			sourceTree = "<group>";
		};
/* End PBXVariantGroup section */

/* Begin XCBuildConfiguration section */
		C52FA3512A175B20005E70DC /* Debug */ = {
			isa = XCBuildConfiguration;
			buildSettings = {
				ALWAYS_SEARCH_USER_PATHS = NO;
				CLANG_ANALYZER_NONNULL = YES;
				CLANG_ANALYZER_NUMBER_OBJECT_CONVERSION = YES_AGGRESSIVE;
				CLANG_CXX_LANGUAGE_STANDARD = "gnu++20";
				CLANG_ENABLE_MODULES = YES;
				CLANG_ENABLE_OBJC_ARC = YES;
				CLANG_ENABLE_OBJC_WEAK = YES;
				CLANG_WARN_BLOCK_CAPTURE_AUTORELEASING = YES;
				CLANG_WARN_BOOL_CONVERSION = YES;
				CLANG_WARN_COMMA = YES;
				CLANG_WARN_CONSTANT_CONVERSION = YES;
				CLANG_WARN_DEPRECATED_OBJC_IMPLEMENTATIONS = YES;
				CLANG_WARN_DIRECT_OBJC_ISA_USAGE = YES_ERROR;
				CLANG_WARN_DOCUMENTATION_COMMENTS = YES;
				CLANG_WARN_EMPTY_BODY = YES;
				CLANG_WARN_ENUM_CONVERSION = YES;
				CLANG_WARN_INFINITE_RECURSION = YES;
				CLANG_WARN_INT_CONVERSION = YES;
				CLANG_WARN_NON_LITERAL_NULL_CONVERSION = YES;
				CLANG_WARN_OBJC_IMPLICIT_RETAIN_SELF = YES;
				CLANG_WARN_OBJC_LITERAL_CONVERSION = YES;
				CLANG_WARN_OBJC_ROOT_CLASS = YES_ERROR;
				CLANG_WARN_QUOTED_INCLUDE_IN_FRAMEWORK_HEADER = YES;
				CLANG_WARN_RANGE_LOOP_ANALYSIS = YES;
				CLANG_WARN_STRICT_PROTOTYPES = YES;
				CLANG_WARN_SUSPICIOUS_MOVE = YES;
				CLANG_WARN_UNGUARDED_AVAILABILITY = YES_AGGRESSIVE;
				CLANG_WARN_UNREACHABLE_CODE = YES;
				CLANG_WARN__DUPLICATE_METHOD_MATCH = YES;
				COPY_PHASE_STRIP = NO;
				DEBUG_INFORMATION_FORMAT = dwarf;
				ENABLE_STRICT_OBJC_MSGSEND = YES;
				ENABLE_TESTABILITY = YES;
				GCC_C_LANGUAGE_STANDARD = gnu11;
				GCC_DYNAMIC_NO_PIC = NO;
				GCC_NO_COMMON_BLOCKS = YES;
				GCC_OPTIMIZATION_LEVEL = 0;
				GCC_PREPROCESSOR_DEFINITIONS = (
					"DEBUG=1",
					"$(inherited)",
				);
				GCC_WARN_64_TO_32_BIT_CONVERSION = YES;
				GCC_WARN_ABOUT_RETURN_TYPE = YES_ERROR;
				GCC_WARN_UNDECLARED_SELECTOR = YES;
				GCC_WARN_UNINITIALIZED_AUTOS = YES_AGGRESSIVE;
				GCC_WARN_UNUSED_FUNCTION = YES;
				GCC_WARN_UNUSED_VARIABLE = YES;
				IPHONEOS_DEPLOYMENT_TARGET = 16.4;
				MTL_ENABLE_DEBUG_INFO = INCLUDE_SOURCE;
				MTL_FAST_MATH = YES;
				ONLY_ACTIVE_ARCH = YES;
				SDKROOT = iphoneos;
				SWIFT_ACTIVE_COMPILATION_CONDITIONS = DEBUG;
				SWIFT_OPTIMIZATION_LEVEL = "-Onone";
			};
			name = Debug;
		};
		C52FA3522A175B20005E70DC /* Release */ = {
			isa = XCBuildConfiguration;
			buildSettings = {
				ALWAYS_SEARCH_USER_PATHS = NO;
				CLANG_ANALYZER_NONNULL = YES;
				CLANG_ANALYZER_NUMBER_OBJECT_CONVERSION = YES_AGGRESSIVE;
				CLANG_CXX_LANGUAGE_STANDARD = "gnu++20";
				CLANG_ENABLE_MODULES = YES;
				CLANG_ENABLE_OBJC_ARC = YES;
				CLANG_ENABLE_OBJC_WEAK = YES;
				CLANG_WARN_BLOCK_CAPTURE_AUTORELEASING = YES;
				CLANG_WARN_BOOL_CONVERSION = YES;
				CLANG_WARN_COMMA = YES;
				CLANG_WARN_CONSTANT_CONVERSION = YES;
				CLANG_WARN_DEPRECATED_OBJC_IMPLEMENTATIONS = YES;
				CLANG_WARN_DIRECT_OBJC_ISA_USAGE = YES_ERROR;
				CLANG_WARN_DOCUMENTATION_COMMENTS = YES;
				CLANG_WARN_EMPTY_BODY = YES;
				CLANG_WARN_ENUM_CONVERSION = YES;
				CLANG_WARN_INFINITE_RECURSION = YES;
				CLANG_WARN_INT_CONVERSION = YES;
				CLANG_WARN_NON_LITERAL_NULL_CONVERSION = YES;
				CLANG_WARN_OBJC_IMPLICIT_RETAIN_SELF = YES;
				CLANG_WARN_OBJC_LITERAL_CONVERSION = YES;
				CLANG_WARN_OBJC_ROOT_CLASS = YES_ERROR;
				CLANG_WARN_QUOTED_INCLUDE_IN_FRAMEWORK_HEADER = YES;
				CLANG_WARN_RANGE_LOOP_ANALYSIS = YES;
				CLANG_WARN_STRICT_PROTOTYPES = YES;
				CLANG_WARN_SUSPICIOUS_MOVE = YES;
				CLANG_WARN_UNGUARDED_AVAILABILITY = YES_AGGRESSIVE;
				CLANG_WARN_UNREACHABLE_CODE = YES;
				CLANG_WARN__DUPLICATE_METHOD_MATCH = YES;
				COPY_PHASE_STRIP = NO;
				DEBUG_INFORMATION_FORMAT = "dwarf-with-dsym";
				ENABLE_NS_ASSERTIONS = NO;
				ENABLE_STRICT_OBJC_MSGSEND = YES;
				GCC_C_LANGUAGE_STANDARD = gnu11;
				GCC_NO_COMMON_BLOCKS = YES;
				GCC_WARN_64_TO_32_BIT_CONVERSION = YES;
				GCC_WARN_ABOUT_RETURN_TYPE = YES_ERROR;
				GCC_WARN_UNDECLARED_SELECTOR = YES;
				GCC_WARN_UNINITIALIZED_AUTOS = YES_AGGRESSIVE;
				GCC_WARN_UNUSED_FUNCTION = YES;
				GCC_WARN_UNUSED_VARIABLE = YES;
				IPHONEOS_DEPLOYMENT_TARGET = 16.4;
				MTL_ENABLE_DEBUG_INFO = NO;
				MTL_FAST_MATH = YES;
				SDKROOT = iphoneos;
				SWIFT_COMPILATION_MODE = wholemodule;
				SWIFT_OPTIMIZATION_LEVEL = "-O";
				VALIDATE_PRODUCT = YES;
			};
			name = Release;
		};
		C52FA3542A175B20005E70DC /* Debug */ = {
			isa = XCBuildConfiguration;
			baseConfigurationReference = B57500A8C1EA6C6CFDED2C4C /* Pods-AVIRO.debug.xcconfig */;
			buildSettings = {
				ASSETCATALOG_COMPILER_APPICON_NAME = AppIcon;
				ASSETCATALOG_COMPILER_GLOBAL_ACCENT_COLOR_NAME = AccentColor;
				CODE_SIGN_ENTITLEMENTS = AVIRO/AVIRO.entitlements;
				CODE_SIGN_STYLE = Automatic;
				CURRENT_PROJECT_VERSION = 6;
				DEVELOPMENT_TEAM = C4K2HXA435;
				GENERATE_INFOPLIST_FILE = YES;
				INFOPLIST_FILE = AVIRO/Utils/Info.plist;
				INFOPLIST_KEY_LSApplicationCategoryType = "public.app-category.lifestyle";
				INFOPLIST_KEY_NSLocationAlwaysUsageDescription = "테스트2";
				INFOPLIST_KEY_NSLocationWhenInUseUsageDescription = "테스트";
				INFOPLIST_KEY_UIApplicationSupportsIndirectInputEvents = YES;
				INFOPLIST_KEY_UILaunchStoryboardName = LaunchScreen;
				INFOPLIST_KEY_UISupportedInterfaceOrientations_iPad = "UIInterfaceOrientationPortrait UIInterfaceOrientationPortraitUpsideDown UIInterfaceOrientationLandscapeLeft UIInterfaceOrientationLandscapeRight";
				INFOPLIST_KEY_UISupportedInterfaceOrientations_iPhone = "UIInterfaceOrientationPortrait UIInterfaceOrientationLandscapeLeft UIInterfaceOrientationLandscapeRight";
				INFOPLIST_KEY_UIUserInterfaceStyle = Light;
				LD_RUNPATH_SEARCH_PATHS = (
					"$(inherited)",
					"@executable_path/Frameworks",
				);
				MARKETING_VERSION = 1.0;
				PRODUCT_BUNDLE_IDENTIFIER = SeonghunJeon.VeganRestaurant;
				PRODUCT_NAME = "$(TARGET_NAME)";
				SWIFT_EMIT_LOC_STRINGS = YES;
				SWIFT_VERSION = 5.0;
				TARGETED_DEVICE_FAMILY = "1,2";
			};
			name = Debug;
		};
		C52FA3552A175B20005E70DC /* Release */ = {
			isa = XCBuildConfiguration;
			baseConfigurationReference = 4EB01DC761F38F50251EAA43 /* Pods-AVIRO.release.xcconfig */;
			buildSettings = {
				ASSETCATALOG_COMPILER_APPICON_NAME = AppIcon;
				ASSETCATALOG_COMPILER_GLOBAL_ACCENT_COLOR_NAME = AccentColor;
				CODE_SIGN_ENTITLEMENTS = AVIRO/AVIRO.entitlements;
				CODE_SIGN_STYLE = Automatic;
				CURRENT_PROJECT_VERSION = 6;
				DEVELOPMENT_TEAM = C4K2HXA435;
				GENERATE_INFOPLIST_FILE = YES;
				INFOPLIST_FILE = AVIRO/Utils/Info.plist;
				INFOPLIST_KEY_LSApplicationCategoryType = "public.app-category.lifestyle";
				INFOPLIST_KEY_NSLocationAlwaysUsageDescription = "테스트2";
				INFOPLIST_KEY_NSLocationWhenInUseUsageDescription = "테스트";
				INFOPLIST_KEY_UIApplicationSupportsIndirectInputEvents = YES;
				INFOPLIST_KEY_UILaunchStoryboardName = LaunchScreen;
				INFOPLIST_KEY_UISupportedInterfaceOrientations_iPad = "UIInterfaceOrientationPortrait UIInterfaceOrientationPortraitUpsideDown UIInterfaceOrientationLandscapeLeft UIInterfaceOrientationLandscapeRight";
				INFOPLIST_KEY_UISupportedInterfaceOrientations_iPhone = "UIInterfaceOrientationPortrait UIInterfaceOrientationLandscapeLeft UIInterfaceOrientationLandscapeRight";
				INFOPLIST_KEY_UIUserInterfaceStyle = Light;
				LD_RUNPATH_SEARCH_PATHS = (
					"$(inherited)",
					"@executable_path/Frameworks",
				);
				MARKETING_VERSION = 1.0;
				PRODUCT_BUNDLE_IDENTIFIER = SeonghunJeon.VeganRestaurant;
				PRODUCT_NAME = "$(TARGET_NAME)";
				SWIFT_EMIT_LOC_STRINGS = YES;
				SWIFT_VERSION = 5.0;
				TARGETED_DEVICE_FAMILY = "1,2";
			};
			name = Release;
		};
/* End XCBuildConfiguration section */

/* Begin XCConfigurationList section */
		C52FA33A2A175B20005E70DC /* Build configuration list for PBXProject "AVIRO" */ = {
			isa = XCConfigurationList;
			buildConfigurations = (
				C52FA3512A175B20005E70DC /* Debug */,
				C52FA3522A175B20005E70DC /* Release */,
			);
			defaultConfigurationIsVisible = 0;
			defaultConfigurationName = Release;
		};
		C52FA3532A175B20005E70DC /* Build configuration list for PBXNativeTarget "AVIRO" */ = {
			isa = XCConfigurationList;
			buildConfigurations = (
				C52FA3542A175B20005E70DC /* Debug */,
				C52FA3552A175B20005E70DC /* Release */,
			);
			defaultConfigurationIsVisible = 0;
			defaultConfigurationName = Release;
		};
/* End XCConfigurationList section */
	};
	rootObject = C52FA3372A175B20005E70DC /* Project object */;
}
