// !$*UTF8*$!
{
	archiveVersion = 1;
	classes = {
	};
	objectVersion = 56;
	objects = {

/* Begin PBXBuildFile section */
		A156F24E1DC1F5FA54D44A76 /* Pods_AVIRO.framework in Frameworks */ = {isa = PBXBuildFile; fileRef = 796022A3066B91147B712BB4 /* Pods_AVIRO.framework */; };
		C50367F52A1795D10020C6BB /* MainViewPresenter.swift in Sources */ = {isa = PBXBuildFile; fileRef = C50367F42A1795D10020C6BB /* MainViewPresenter.swift */; };
		C50367F82A179D7B0020C6BB /* CustomConfiguration.swift in Sources */ = {isa = PBXBuildFile; fileRef = C50367F72A179D7B0020C6BB /* CustomConfiguration.swift */; };
		C52FA3432A175B20005E70DC /* AppDelegate.swift in Sources */ = {isa = PBXBuildFile; fileRef = C52FA3422A175B20005E70DC /* AppDelegate.swift */; };
		C52FA3452A175B20005E70DC /* SceneDelegate.swift in Sources */ = {isa = PBXBuildFile; fileRef = C52FA3442A175B20005E70DC /* SceneDelegate.swift */; };
		C52FA3472A175B20005E70DC /* MainViewController.swift in Sources */ = {isa = PBXBuildFile; fileRef = C52FA3462A175B20005E70DC /* MainViewController.swift */; };
		C52FA34C2A175B20005E70DC /* Assets.xcassets in Resources */ = {isa = PBXBuildFile; fileRef = C52FA34B2A175B20005E70DC /* Assets.xcassets */; };
		C52FA34F2A175B20005E70DC /* LaunchScreen.storyboard in Resources */ = {isa = PBXBuildFile; fileRef = C52FA34D2A175B20005E70DC /* LaunchScreen.storyboard */; };
		C5351B4D2A19223300116D50 /* KakaoMapRequestAPI.swift in Sources */ = {isa = PBXBuildFile; fileRef = C5351B4C2A19223300116D50 /* KakaoMapRequestAPI.swift */; };
		C5351B502A19225A00116D50 /* KakaoMapResponseKeywordModel.swift in Sources */ = {isa = PBXBuildFile; fileRef = C5351B4F2A19225A00116D50 /* KakaoMapResponseKeywordModel.swift */; };
		C5351B542A19A7B100116D50 /* PersonalLocation.swift in Sources */ = {isa = PBXBuildFile; fileRef = C5351B532A19A7B100116D50 /* PersonalLocation.swift */; };
		C5351B562A19B67900116D50 /* CustomAlertController.swift in Sources */ = {isa = PBXBuildFile; fileRef = C5351B552A19B67900116D50 /* CustomAlertController.swift */; };
		C5351B582A19F5DA00116D50 /* PlaceListViewController.swift in Sources */ = {isa = PBXBuildFile; fileRef = C5351B572A19F5DA00116D50 /* PlaceListViewController.swift */; };
		C5351B5C2A19F60200116D50 /* PlaceListViewPresenter.swift in Sources */ = {isa = PBXBuildFile; fileRef = C5351B5B2A19F60200116D50 /* PlaceListViewPresenter.swift */; };
		C5351B5E2A19F84800116D50 /* PlaceListCell.swift in Sources */ = {isa = PBXBuildFile; fileRef = C5351B5D2A19F84800116D50 /* PlaceListCell.swift */; };
		C5351B602A19F9A700116D50 /* PlaceListModel.swift in Sources */ = {isa = PBXBuildFile; fileRef = C5351B5F2A19F9A700116D50 /* PlaceListModel.swift */; };
		C5351B622A1A083400116D50 /* PlaceListCellModel.swift in Sources */ = {isa = PBXBuildFile; fileRef = C5351B612A1A083400116D50 /* PlaceListCellModel.swift */; };
		C5351B642A1A128400116D50 /* QuerySingleTon.swift in Sources */ = {isa = PBXBuildFile; fileRef = C5351B632A1A128400116D50 /* QuerySingleTon.swift */; };
		C5351B672A1A154C00116D50 /* PageEndingCheck.swift in Sources */ = {isa = PBXBuildFile; fileRef = C5351B662A1A154C00116D50 /* PageEndingCheck.swift */; };
		C5351B692A1A2EAF00116D50 /* CustomPresentation.swift in Sources */ = {isa = PBXBuildFile; fileRef = C5351B682A1A2EAF00116D50 /* CustomPresentation.swift */; };
		C5351B6D2A1B215D00116D50 /* InrollPlaceViewController.swift in Sources */ = {isa = PBXBuildFile; fileRef = C5351B6C2A1B215D00116D50 /* InrollPlaceViewController.swift */; };
		C5351B6F2A1B242C00116D50 /* InrollPlacePresenter.swift in Sources */ = {isa = PBXBuildFile; fileRef = C5351B6E2A1B242C00116D50 /* InrollPlacePresenter.swift */; };
		C5351B712A1B2FED00116D50 /* CustomLocationViewController.swift in Sources */ = {isa = PBXBuildFile; fileRef = C5351B702A1B2FED00116D50 /* CustomLocationViewController.swift */; };
		C5351B752A1B36BA00116D50 /* CustomLocationPresenter.swift in Sources */ = {isa = PBXBuildFile; fileRef = C5351B742A1B36BA00116D50 /* CustomLocationPresenter.swift */; };
		C5351B7A2A1B439000116D50 /* KakaoMapResponseCoordinateModel.swift in Sources */ = {isa = PBXBuildFile; fileRef = C5351B792A1B439000116D50 /* KakaoMapResponseCoordinateModel.swift */; };
		C5351B7D2A1B52B900116D50 /* CustomLocationCellModel.swift in Sources */ = {isa = PBXBuildFile; fileRef = C5351B7C2A1B52B900116D50 /* CustomLocationCellModel.swift */; };
		C547A8BA2A17D8D4004D1339 /* KakaoMapRequestManager.swift in Sources */ = {isa = PBXBuildFile; fileRef = C547A8B92A17D8D4004D1339 /* KakaoMapRequestManager.swift */; };
		C5538AAF2A1BB81200661DE2 /* VeganModel.swift in Sources */ = {isa = PBXBuildFile; fileRef = C5538AAE2A1BB81200661DE2 /* VeganModel.swift */; };
		C5D6E19F2A17B4410042679C /* API.plist in Resources */ = {isa = PBXBuildFile; fileRef = C5D6E19E2A17B4410042679C /* API.plist */; };
/* End PBXBuildFile section */

/* Begin PBXFileReference section */
		4EB01DC761F38F50251EAA43 /* Pods-AVIRO.release.xcconfig */ = {isa = PBXFileReference; includeInIndex = 1; lastKnownFileType = text.xcconfig; name = "Pods-AVIRO.release.xcconfig"; path = "Target Support Files/Pods-AVIRO/Pods-AVIRO.release.xcconfig"; sourceTree = "<group>"; };
		796022A3066B91147B712BB4 /* Pods_AVIRO.framework */ = {isa = PBXFileReference; explicitFileType = wrapper.framework; includeInIndex = 0; path = Pods_AVIRO.framework; sourceTree = BUILT_PRODUCTS_DIR; };
		B57500A8C1EA6C6CFDED2C4C /* Pods-AVIRO.debug.xcconfig */ = {isa = PBXFileReference; includeInIndex = 1; lastKnownFileType = text.xcconfig; name = "Pods-AVIRO.debug.xcconfig"; path = "Target Support Files/Pods-AVIRO/Pods-AVIRO.debug.xcconfig"; sourceTree = "<group>"; };
		C50367F42A1795D10020C6BB /* MainViewPresenter.swift */ = {isa = PBXFileReference; lastKnownFileType = sourcecode.swift; path = MainViewPresenter.swift; sourceTree = "<group>"; };
		C50367F72A179D7B0020C6BB /* CustomConfiguration.swift */ = {isa = PBXFileReference; lastKnownFileType = sourcecode.swift; path = CustomConfiguration.swift; sourceTree = "<group>"; };
		C52FA33F2A175B20005E70DC /* AVIRO.app */ = {isa = PBXFileReference; explicitFileType = wrapper.application; includeInIndex = 0; path = AVIRO.app; sourceTree = BUILT_PRODUCTS_DIR; };
		C52FA3422A175B20005E70DC /* AppDelegate.swift */ = {isa = PBXFileReference; lastKnownFileType = sourcecode.swift; path = AppDelegate.swift; sourceTree = "<group>"; };
		C52FA3442A175B20005E70DC /* SceneDelegate.swift */ = {isa = PBXFileReference; lastKnownFileType = sourcecode.swift; path = SceneDelegate.swift; sourceTree = "<group>"; };
		C52FA3462A175B20005E70DC /* MainViewController.swift */ = {isa = PBXFileReference; lastKnownFileType = sourcecode.swift; path = MainViewController.swift; sourceTree = "<group>"; };
		C52FA34B2A175B20005E70DC /* Assets.xcassets */ = {isa = PBXFileReference; lastKnownFileType = folder.assetcatalog; path = Assets.xcassets; sourceTree = "<group>"; };
		C52FA34E2A175B20005E70DC /* Base */ = {isa = PBXFileReference; lastKnownFileType = file.storyboard; name = Base; path = Base.lproj/LaunchScreen.storyboard; sourceTree = "<group>"; };
		C52FA3502A175B20005E70DC /* Info.plist */ = {isa = PBXFileReference; lastKnownFileType = text.plist.xml; path = Info.plist; sourceTree = "<group>"; };
		C5351B4A2A1919F700116D50 /* .swiftlint.yml */ = {isa = PBXFileReference; lastKnownFileType = text.yaml; path = .swiftlint.yml; sourceTree = "<group>"; };
		C5351B4C2A19223300116D50 /* KakaoMapRequestAPI.swift */ = {isa = PBXFileReference; lastKnownFileType = sourcecode.swift; path = KakaoMapRequestAPI.swift; sourceTree = "<group>"; };
		C5351B4F2A19225A00116D50 /* KakaoMapResponseKeywordModel.swift */ = {isa = PBXFileReference; lastKnownFileType = sourcecode.swift; path = KakaoMapResponseKeywordModel.swift; sourceTree = "<group>"; };
		C5351B532A19A7B100116D50 /* PersonalLocation.swift */ = {isa = PBXFileReference; lastKnownFileType = sourcecode.swift; path = PersonalLocation.swift; sourceTree = "<group>"; };
		C5351B552A19B67900116D50 /* CustomAlertController.swift */ = {isa = PBXFileReference; lastKnownFileType = sourcecode.swift; path = CustomAlertController.swift; sourceTree = "<group>"; };
		C5351B572A19F5DA00116D50 /* PlaceListViewController.swift */ = {isa = PBXFileReference; lastKnownFileType = sourcecode.swift; path = PlaceListViewController.swift; sourceTree = "<group>"; };
		C5351B5B2A19F60200116D50 /* PlaceListViewPresenter.swift */ = {isa = PBXFileReference; lastKnownFileType = sourcecode.swift; path = PlaceListViewPresenter.swift; sourceTree = "<group>"; };
		C5351B5D2A19F84800116D50 /* PlaceListCell.swift */ = {isa = PBXFileReference; lastKnownFileType = sourcecode.swift; path = PlaceListCell.swift; sourceTree = "<group>"; };
		C5351B5F2A19F9A700116D50 /* PlaceListModel.swift */ = {isa = PBXFileReference; lastKnownFileType = sourcecode.swift; path = PlaceListModel.swift; sourceTree = "<group>"; };
		C5351B612A1A083400116D50 /* PlaceListCellModel.swift */ = {isa = PBXFileReference; lastKnownFileType = sourcecode.swift; path = PlaceListCellModel.swift; sourceTree = "<group>"; };
		C5351B632A1A128400116D50 /* QuerySingleTon.swift */ = {isa = PBXFileReference; lastKnownFileType = sourcecode.swift; path = QuerySingleTon.swift; sourceTree = "<group>"; };
		C5351B662A1A154C00116D50 /* PageEndingCheck.swift */ = {isa = PBXFileReference; lastKnownFileType = sourcecode.swift; path = PageEndingCheck.swift; sourceTree = "<group>"; };
		C5351B682A1A2EAF00116D50 /* CustomPresentation.swift */ = {isa = PBXFileReference; lastKnownFileType = sourcecode.swift; path = CustomPresentation.swift; sourceTree = "<group>"; };
		C5351B6C2A1B215D00116D50 /* InrollPlaceViewController.swift */ = {isa = PBXFileReference; lastKnownFileType = sourcecode.swift; path = InrollPlaceViewController.swift; sourceTree = "<group>"; };
		C5351B6E2A1B242C00116D50 /* InrollPlacePresenter.swift */ = {isa = PBXFileReference; lastKnownFileType = sourcecode.swift; path = InrollPlacePresenter.swift; sourceTree = "<group>"; };
		C5351B702A1B2FED00116D50 /* CustomLocationViewController.swift */ = {isa = PBXFileReference; lastKnownFileType = sourcecode.swift; path = CustomLocationViewController.swift; sourceTree = "<group>"; };
		C5351B742A1B36BA00116D50 /* CustomLocationPresenter.swift */ = {isa = PBXFileReference; lastKnownFileType = sourcecode.swift; path = CustomLocationPresenter.swift; sourceTree = "<group>"; };
		C5351B792A1B439000116D50 /* KakaoMapResponseCoordinateModel.swift */ = {isa = PBXFileReference; lastKnownFileType = sourcecode.swift; path = KakaoMapResponseCoordinateModel.swift; sourceTree = "<group>"; };
		C5351B7C2A1B52B900116D50 /* CustomLocationCellModel.swift */ = {isa = PBXFileReference; lastKnownFileType = sourcecode.swift; path = CustomLocationCellModel.swift; sourceTree = "<group>"; };
		C547A8B92A17D8D4004D1339 /* KakaoMapRequestManager.swift */ = {isa = PBXFileReference; lastKnownFileType = sourcecode.swift; path = KakaoMapRequestManager.swift; sourceTree = "<group>"; };
		C5538AAE2A1BB81200661DE2 /* VeganModel.swift */ = {isa = PBXFileReference; lastKnownFileType = sourcecode.swift; path = VeganModel.swift; sourceTree = "<group>"; };
		C5D6E19E2A17B4410042679C /* API.plist */ = {isa = PBXFileReference; lastKnownFileType = text.plist.xml; path = API.plist; sourceTree = "<group>"; };
/* End PBXFileReference section */

/* Begin PBXFrameworksBuildPhase section */
		C52FA33C2A175B20005E70DC /* Frameworks */ = {
			isa = PBXFrameworksBuildPhase;
			buildActionMask = 2147483647;
			files = (
				A156F24E1DC1F5FA54D44A76 /* Pods_AVIRO.framework in Frameworks */,
			);
			runOnlyForDeploymentPostprocessing = 0;
		};
/* End PBXFrameworksBuildPhase section */

/* Begin PBXGroup section */
		0C3C6AC2BC6B49CCDD2FE9BF /* Frameworks */ = {
			isa = PBXGroup;
			children = (
				796022A3066B91147B712BB4 /* Pods_AVIRO.framework */,
			);
			name = Frameworks;
			sourceTree = "<group>";
		};
		BE7C2C07294F8980354FE766 /* Pods */ = {
			isa = PBXGroup;
			children = (
				B57500A8C1EA6C6CFDED2C4C /* Pods-AVIRO.debug.xcconfig */,
				4EB01DC761F38F50251EAA43 /* Pods-AVIRO.release.xcconfig */,
			);
			path = Pods;
			sourceTree = "<group>";
		};
		C50367EC2A1791620020C6BB /* Utils */ = {
			isa = PBXGroup;
			children = (
				C52FA3422A175B20005E70DC /* AppDelegate.swift */,
				C52FA3442A175B20005E70DC /* SceneDelegate.swift */,
				C52FA34B2A175B20005E70DC /* Assets.xcassets */,
				C52FA34D2A175B20005E70DC /* LaunchScreen.storyboard */,
				C52FA3502A175B20005E70DC /* Info.plist */,
				C5D6E19E2A17B4410042679C /* API.plist */,
			);
			path = Utils;
			sourceTree = "<group>";
		};
		C50367ED2A1791840020C6BB /* Scene */ = {
			isa = PBXGroup;
			children = (
				C50367F02A1795A30020C6BB /* Presenter */,
				C50367F12A1795AF0020C6BB /* View */,
			);
			path = Scene;
			sourceTree = "<group>";
		};
		C50367F02A1795A30020C6BB /* Presenter */ = {
			isa = PBXGroup;
			children = (
				C50367F42A1795D10020C6BB /* MainViewPresenter.swift */,
				C5351B5A2A19F5EE00116D50 /* SubPresenter */,
			);
			path = Presenter;
			sourceTree = "<group>";
		};
		C50367F12A1795AF0020C6BB /* View */ = {
			isa = PBXGroup;
			children = (
				C52FA3462A175B20005E70DC /* MainViewController.swift */,
				C5351B592A19F5DE00116D50 /* SubView */,
			);
			path = View;
			sourceTree = "<group>";
		};
		C50367F22A1795B90020C6BB /* Manager */ = {
			isa = PBXGroup;
			children = (
				C5351B4E2A19223600116D50 /* KakaoMap */,
			);
			path = Manager;
			sourceTree = "<group>";
		};
		C50367F32A1795BE0020C6BB /* Model */ = {
			isa = PBXGroup;
			children = (
				C5351B782A1B437600116D50 /* APIResonseModel */,
				C5351B652A1A128D00116D50 /* SingleTonModel */,
				C5351B7B2A1B52A000116D50 /* PlaceListModel */,
				C5351B7E2A1B52D400116D50 /* CustomLocationModel */,
				C5538AAE2A1BB81200661DE2 /* VeganModel.swift */,
			);
			path = Model;
			sourceTree = "<group>";
		};
		C50367F62A179D6E0020C6BB /* System */ = {
			isa = PBXGroup;
			children = (
				C50367F72A179D7B0020C6BB /* CustomConfiguration.swift */,
				C5351B552A19B67900116D50 /* CustomAlertController.swift */,
				C5351B682A1A2EAF00116D50 /* CustomPresentation.swift */,
			);
			path = System;
			sourceTree = "<group>";
		};
		C52FA3362A175B20005E70DC = {
			isa = PBXGroup;
			children = (
				C5351B4A2A1919F700116D50 /* .swiftlint.yml */,
				C52FA3412A175B20005E70DC /* AVIRO */,
				C52FA3402A175B20005E70DC /* Products */,
				BE7C2C07294F8980354FE766 /* Pods */,
				0C3C6AC2BC6B49CCDD2FE9BF /* Frameworks */,
			);
			sourceTree = "<group>";
		};
		C52FA3402A175B20005E70DC /* Products */ = {
			isa = PBXGroup;
			children = (
				C52FA33F2A175B20005E70DC /* AVIRO.app */,
			);
			name = Products;
			sourceTree = "<group>";
		};
		C52FA3412A175B20005E70DC /* AVIRO */ = {
			isa = PBXGroup;
			children = (
				C50367EC2A1791620020C6BB /* Utils */,
				C50367F62A179D6E0020C6BB /* System */,
				C50367F32A1795BE0020C6BB /* Model */,
				C50367F22A1795B90020C6BB /* Manager */,
				C50367ED2A1791840020C6BB /* Scene */,
			);
			path = AVIRO;
			sourceTree = "<group>";
		};
		C5351B4E2A19223600116D50 /* KakaoMap */ = {
			isa = PBXGroup;
			children = (
				C547A8B92A17D8D4004D1339 /* KakaoMapRequestManager.swift */,
				C5351B4C2A19223300116D50 /* KakaoMapRequestAPI.swift */,
			);
			path = KakaoMap;
			sourceTree = "<group>";
		};
		C5351B592A19F5DE00116D50 /* SubView */ = {
			isa = PBXGroup;
			children = (
				C5351B772A1B36D100116D50 /* InrollPlace */,
				C5351B722A1B369000116D50 /* SearchPlace */,
			);
			path = SubView;
			sourceTree = "<group>";
		};
		C5351B5A2A19F5EE00116D50 /* SubPresenter */ = {
			isa = PBXGroup;
			children = (
				C5351B762A1B36C700116D50 /* InrollPlace */,
				C5351B732A1B36A300116D50 /* SearchPlace */,
			);
			path = SubPresenter;
			sourceTree = "<group>";
		};
		C5351B652A1A128D00116D50 /* SingleTonModel */ = {
			isa = PBXGroup;
			children = (
				C5351B532A19A7B100116D50 /* PersonalLocation.swift */,
				C5351B632A1A128400116D50 /* QuerySingleTon.swift */,
				C5351B662A1A154C00116D50 /* PageEndingCheck.swift */,
			);
			path = SingleTonModel;
			sourceTree = "<group>";
		};
		C5351B722A1B369000116D50 /* SearchPlace */ = {
			isa = PBXGroup;
			children = (
				C5351B7F2A1B537000116D50 /* PlaceList */,
				C5351B802A1B537B00116D50 /* CustomLocation */,
			);
			path = SearchPlace;
			sourceTree = "<group>";
		};
		C5351B732A1B36A300116D50 /* SearchPlace */ = {
			isa = PBXGroup;
			children = (
				C5351B812A1B547C00116D50 /* PlaceList */,
				C5351B822A1B548100116D50 /* CustomLocation */,
			);
			path = SearchPlace;
			sourceTree = "<group>";
		};
		C5351B762A1B36C700116D50 /* InrollPlace */ = {
			isa = PBXGroup;
			children = (
				C5351B6E2A1B242C00116D50 /* InrollPlacePresenter.swift */,
			);
			path = InrollPlace;
			sourceTree = "<group>";
		};
		C5351B772A1B36D100116D50 /* InrollPlace */ = {
			isa = PBXGroup;
			children = (
				C5351B6C2A1B215D00116D50 /* InrollPlaceViewController.swift */,
			);
			path = InrollPlace;
			sourceTree = "<group>";
		};
		C5351B782A1B437600116D50 /* APIResonseModel */ = {
			isa = PBXGroup;
			children = (
				C5351B4F2A19225A00116D50 /* KakaoMapResponseKeywordModel.swift */,
				C5351B792A1B439000116D50 /* KakaoMapResponseCoordinateModel.swift */,
			);
			path = APIResonseModel;
			sourceTree = "<group>";
		};
		C5351B7B2A1B52A000116D50 /* PlaceListModel */ = {
			isa = PBXGroup;
			children = (
				C5351B5F2A19F9A700116D50 /* PlaceListModel.swift */,
				C5351B612A1A083400116D50 /* PlaceListCellModel.swift */,
			);
			path = PlaceListModel;
			sourceTree = "<group>";
		};
		C5351B7E2A1B52D400116D50 /* CustomLocationModel */ = {
			isa = PBXGroup;
			children = (
				C5351B7C2A1B52B900116D50 /* CustomLocationCellModel.swift */,
			);
			path = CustomLocationModel;
			sourceTree = "<group>";
		};
		C5351B7F2A1B537000116D50 /* PlaceList */ = {
			isa = PBXGroup;
			children = (
				C5351B572A19F5DA00116D50 /* PlaceListViewController.swift */,
				C5351B5D2A19F84800116D50 /* PlaceListCell.swift */,
			);
			path = PlaceList;
			sourceTree = "<group>";
		};
		C5351B802A1B537B00116D50 /* CustomLocation */ = {
			isa = PBXGroup;
			children = (
				C5351B702A1B2FED00116D50 /* CustomLocationViewController.swift */,
			);
			path = CustomLocation;
			sourceTree = "<group>";
		};
		C5351B812A1B547C00116D50 /* PlaceList */ = {
			isa = PBXGroup;
			children = (
				C5351B5B2A19F60200116D50 /* PlaceListViewPresenter.swift */,
			);
			path = PlaceList;
			sourceTree = "<group>";
		};
		C5351B822A1B548100116D50 /* CustomLocation */ = {
			isa = PBXGroup;
			children = (
				C5351B742A1B36BA00116D50 /* CustomLocationPresenter.swift */,
			);
			path = CustomLocation;
			sourceTree = "<group>";
		};
/* End PBXGroup section */

/* Begin PBXNativeTarget section */
		C52FA33E2A175B20005E70DC /* AVIRO */ = {
			isa = PBXNativeTarget;
			buildConfigurationList = C52FA3532A175B20005E70DC /* Build configuration list for PBXNativeTarget "AVIRO" */;
			buildPhases = (
				94D666AE4260592A253C27D2 /* [CP] Check Pods Manifest.lock */,
				C52FA33B2A175B20005E70DC /* Sources */,
				C52FA33C2A175B20005E70DC /* Frameworks */,
				C52FA33D2A175B20005E70DC /* Resources */,
				C5351B492A19160600116D50 /* swiftlint */,
				C60A8D31733F9A2D78370C5C /* [CP] Embed Pods Frameworks */,
			);
			buildRules = (
			);
			dependencies = (
			);
			name = AVIRO;
			productName = VeganRestaurant;
			productReference = C52FA33F2A175B20005E70DC /* AVIRO.app */;
			productType = "com.apple.product-type.application";
		};
/* End PBXNativeTarget section */

/* Begin PBXProject section */
		C52FA3372A175B20005E70DC /* Project object */ = {
			isa = PBXProject;
			attributes = {
				BuildIndependentTargetsInParallel = 1;
				LastSwiftUpdateCheck = 1430;
				LastUpgradeCheck = 1430;
				TargetAttributes = {
					C52FA33E2A175B20005E70DC = {
						CreatedOnToolsVersion = 14.3;
					};
				};
			};
			buildConfigurationList = C52FA33A2A175B20005E70DC /* Build configuration list for PBXProject "AVIRO" */;
			compatibilityVersion = "Xcode 14.0";
			developmentRegion = en;
			hasScannedForEncodings = 0;
			knownRegions = (
				en,
				Base,
			);
			mainGroup = C52FA3362A175B20005E70DC;
			productRefGroup = C52FA3402A175B20005E70DC /* Products */;
			projectDirPath = "";
			projectRoot = "";
			targets = (
				C52FA33E2A175B20005E70DC /* AVIRO */,
			);
		};
/* End PBXProject section */

/* Begin PBXResourcesBuildPhase section */
		C52FA33D2A175B20005E70DC /* Resources */ = {
			isa = PBXResourcesBuildPhase;
			buildActionMask = 2147483647;
			files = (
				C52FA34F2A175B20005E70DC /* LaunchScreen.storyboard in Resources */,
				C5D6E19F2A17B4410042679C /* API.plist in Resources */,
				C52FA34C2A175B20005E70DC /* Assets.xcassets in Resources */,
			);
			runOnlyForDeploymentPostprocessing = 0;
		};
/* End PBXResourcesBuildPhase section */

/* Begin PBXShellScriptBuildPhase section */
		94D666AE4260592A253C27D2 /* [CP] Check Pods Manifest.lock */ = {
			isa = PBXShellScriptBuildPhase;
			buildActionMask = 2147483647;
			files = (
			);
			inputFileListPaths = (
			);
			inputPaths = (
				"${PODS_PODFILE_DIR_PATH}/Podfile.lock",
				"${PODS_ROOT}/Manifest.lock",
			);
			name = "[CP] Check Pods Manifest.lock";
			outputFileListPaths = (
			);
			outputPaths = (
				"$(DERIVED_FILE_DIR)/Pods-AVIRO-checkManifestLockResult.txt",
			);
			runOnlyForDeploymentPostprocessing = 0;
			shellPath = /bin/sh;
			shellScript = "diff \"${PODS_PODFILE_DIR_PATH}/Podfile.lock\" \"${PODS_ROOT}/Manifest.lock\" > /dev/null\nif [ $? != 0 ] ; then\n    # print error to STDERR\n    echo \"error: The sandbox is not in sync with the Podfile.lock. Run 'pod install' or update your CocoaPods installation.\" >&2\n    exit 1\nfi\n# This output is used by Xcode 'outputs' to avoid re-running this script phase.\necho \"SUCCESS\" > \"${SCRIPT_OUTPUT_FILE_0}\"\n";
			showEnvVarsInLog = 0;
		};
		C5351B492A19160600116D50 /* swiftlint */ = {
			isa = PBXShellScriptBuildPhase;
			alwaysOutOfDate = 1;
			buildActionMask = 2147483647;
			files = (
			);
			inputFileListPaths = (
			);
			inputPaths = (
			);
			name = swiftlint;
			outputFileListPaths = (
			);
			outputPaths = (
			);
			runOnlyForDeploymentPostprocessing = 0;
			shellPath = /bin/sh;
			shellScript = "# Type a script or drag a script file from your workspace to insert its path.\n\n    export PATH=\"$PATH:/opt/homebrew/bin\"\n    if which swiftlint > /dev/null; then\n      swiftlint\n    else\n      echo \"warning: SwiftLint not installed, download from https://github.com/realm/SwiftLint\"\n    fi\n";
		};
		C60A8D31733F9A2D78370C5C /* [CP] Embed Pods Frameworks */ = {
			isa = PBXShellScriptBuildPhase;
			buildActionMask = 2147483647;
			files = (
			);
			inputFileListPaths = (
				"${PODS_ROOT}/Target Support Files/Pods-AVIRO/Pods-AVIRO-frameworks-${CONFIGURATION}-input-files.xcfilelist",
			);
			name = "[CP] Embed Pods Frameworks";
			outputFileListPaths = (
				"${PODS_ROOT}/Target Support Files/Pods-AVIRO/Pods-AVIRO-frameworks-${CONFIGURATION}-output-files.xcfilelist",
			);
			runOnlyForDeploymentPostprocessing = 0;
			shellPath = /bin/sh;
			shellScript = "\"${PODS_ROOT}/Target Support Files/Pods-AVIRO/Pods-AVIRO-frameworks.sh\"\n";
			showEnvVarsInLog = 0;
		};
/* End PBXShellScriptBuildPhase section */

/* Begin PBXSourcesBuildPhase section */
		C52FA33B2A175B20005E70DC /* Sources */ = {
			isa = PBXSourcesBuildPhase;
			buildActionMask = 2147483647;
			files = (
				C5351B582A19F5DA00116D50 /* PlaceListViewController.swift in Sources */,
				C5351B5E2A19F84800116D50 /* PlaceListCell.swift in Sources */,
				C5351B6F2A1B242C00116D50 /* InrollPlacePresenter.swift in Sources */,
				C52FA3472A175B20005E70DC /* MainViewController.swift in Sources */,
				C5351B642A1A128400116D50 /* QuerySingleTon.swift in Sources */,
				C5351B7D2A1B52B900116D50 /* CustomLocationCellModel.swift in Sources */,
				C52FA3432A175B20005E70DC /* AppDelegate.swift in Sources */,
				C5351B502A19225A00116D50 /* KakaoMapResponseKeywordModel.swift in Sources */,
				C5351B4D2A19223300116D50 /* KakaoMapRequestAPI.swift in Sources */,
				C50367F82A179D7B0020C6BB /* CustomConfiguration.swift in Sources */,
				C5351B562A19B67900116D50 /* CustomAlertController.swift in Sources */,
				C5538AAF2A1BB81200661DE2 /* VeganModel.swift in Sources */,
				C50367F52A1795D10020C6BB /* MainViewPresenter.swift in Sources */,
				C5351B622A1A083400116D50 /* PlaceListCellModel.swift in Sources */,
				C52FA3452A175B20005E70DC /* SceneDelegate.swift in Sources */,
				C5351B542A19A7B100116D50 /* PersonalLocation.swift in Sources */,
				C5351B752A1B36BA00116D50 /* CustomLocationPresenter.swift in Sources */,
				C5351B6D2A1B215D00116D50 /* InrollPlaceViewController.swift in Sources */,
				C547A8BA2A17D8D4004D1339 /* KakaoMapRequestManager.swift in Sources */,
				C5351B672A1A154C00116D50 /* PageEndingCheck.swift in Sources */,
				C5351B5C2A19F60200116D50 /* PlaceListViewPresenter.swift in Sources */,
				C5351B692A1A2EAF00116D50 /* CustomPresentation.swift in Sources */,
				C5351B7A2A1B439000116D50 /* KakaoMapResponseCoordinateModel.swift in Sources */,
				C5351B602A19F9A700116D50 /* PlaceListModel.swift in Sources */,
				C5351B712A1B2FED00116D50 /* CustomLocationViewController.swift in Sources */,
			);
			runOnlyForDeploymentPostprocessing = 0;
		};
/* End PBXSourcesBuildPhase section */

/* Begin PBXVariantGroup section */
		C52FA34D2A175B20005E70DC /* LaunchScreen.storyboard */ = {
			isa = PBXVariantGroup;
			children = (
				C52FA34E2A175B20005E70DC /* Base */,
			);
			name = LaunchScreen.storyboard;
			sourceTree = "<group>";
		};
/* End PBXVariantGroup section */

/* Begin XCBuildConfiguration section */
		C52FA3512A175B20005E70DC /* Debug */ = {
			isa = XCBuildConfiguration;
			buildSettings = {
				ALWAYS_SEARCH_USER_PATHS = NO;
				CLANG_ANALYZER_NONNULL = YES;
				CLANG_ANALYZER_NUMBER_OBJECT_CONVERSION = YES_AGGRESSIVE;
				CLANG_CXX_LANGUAGE_STANDARD = "gnu++20";
				CLANG_ENABLE_MODULES = YES;
				CLANG_ENABLE_OBJC_ARC = YES;
				CLANG_ENABLE_OBJC_WEAK = YES;
				CLANG_WARN_BLOCK_CAPTURE_AUTORELEASING = YES;
				CLANG_WARN_BOOL_CONVERSION = YES;
				CLANG_WARN_COMMA = YES;
				CLANG_WARN_CONSTANT_CONVERSION = YES;
				CLANG_WARN_DEPRECATED_OBJC_IMPLEMENTATIONS = YES;
				CLANG_WARN_DIRECT_OBJC_ISA_USAGE = YES_ERROR;
				CLANG_WARN_DOCUMENTATION_COMMENTS = YES;
				CLANG_WARN_EMPTY_BODY = YES;
				CLANG_WARN_ENUM_CONVERSION = YES;
				CLANG_WARN_INFINITE_RECURSION = YES;
				CLANG_WARN_INT_CONVERSION = YES;
				CLANG_WARN_NON_LITERAL_NULL_CONVERSION = YES;
				CLANG_WARN_OBJC_IMPLICIT_RETAIN_SELF = YES;
				CLANG_WARN_OBJC_LITERAL_CONVERSION = YES;
				CLANG_WARN_OBJC_ROOT_CLASS = YES_ERROR;
				CLANG_WARN_QUOTED_INCLUDE_IN_FRAMEWORK_HEADER = YES;
				CLANG_WARN_RANGE_LOOP_ANALYSIS = YES;
				CLANG_WARN_STRICT_PROTOTYPES = YES;
				CLANG_WARN_SUSPICIOUS_MOVE = YES;
				CLANG_WARN_UNGUARDED_AVAILABILITY = YES_AGGRESSIVE;
				CLANG_WARN_UNREACHABLE_CODE = YES;
				CLANG_WARN__DUPLICATE_METHOD_MATCH = YES;
				COPY_PHASE_STRIP = NO;
				DEBUG_INFORMATION_FORMAT = dwarf;
				ENABLE_STRICT_OBJC_MSGSEND = YES;
				ENABLE_TESTABILITY = YES;
				GCC_C_LANGUAGE_STANDARD = gnu11;
				GCC_DYNAMIC_NO_PIC = NO;
				GCC_NO_COMMON_BLOCKS = YES;
				GCC_OPTIMIZATION_LEVEL = 0;
				GCC_PREPROCESSOR_DEFINITIONS = (
					"DEBUG=1",
					"$(inherited)",
				);
				GCC_WARN_64_TO_32_BIT_CONVERSION = YES;
				GCC_WARN_ABOUT_RETURN_TYPE = YES_ERROR;
				GCC_WARN_UNDECLARED_SELECTOR = YES;
				GCC_WARN_UNINITIALIZED_AUTOS = YES_AGGRESSIVE;
				GCC_WARN_UNUSED_FUNCTION = YES;
				GCC_WARN_UNUSED_VARIABLE = YES;
				IPHONEOS_DEPLOYMENT_TARGET = 16.4;
				MTL_ENABLE_DEBUG_INFO = INCLUDE_SOURCE;
				MTL_FAST_MATH = YES;
				ONLY_ACTIVE_ARCH = YES;
				SDKROOT = iphoneos;
				SWIFT_ACTIVE_COMPILATION_CONDITIONS = DEBUG;
				SWIFT_OPTIMIZATION_LEVEL = "-Onone";
			};
			name = Debug;
		};
		C52FA3522A175B20005E70DC /* Release */ = {
			isa = XCBuildConfiguration;
			buildSettings = {
				ALWAYS_SEARCH_USER_PATHS = NO;
				CLANG_ANALYZER_NONNULL = YES;
				CLANG_ANALYZER_NUMBER_OBJECT_CONVERSION = YES_AGGRESSIVE;
				CLANG_CXX_LANGUAGE_STANDARD = "gnu++20";
				CLANG_ENABLE_MODULES = YES;
				CLANG_ENABLE_OBJC_ARC = YES;
				CLANG_ENABLE_OBJC_WEAK = YES;
				CLANG_WARN_BLOCK_CAPTURE_AUTORELEASING = YES;
				CLANG_WARN_BOOL_CONVERSION = YES;
				CLANG_WARN_COMMA = YES;
				CLANG_WARN_CONSTANT_CONVERSION = YES;
				CLANG_WARN_DEPRECATED_OBJC_IMPLEMENTATIONS = YES;
				CLANG_WARN_DIRECT_OBJC_ISA_USAGE = YES_ERROR;
				CLANG_WARN_DOCUMENTATION_COMMENTS = YES;
				CLANG_WARN_EMPTY_BODY = YES;
				CLANG_WARN_ENUM_CONVERSION = YES;
				CLANG_WARN_INFINITE_RECURSION = YES;
				CLANG_WARN_INT_CONVERSION = YES;
				CLANG_WARN_NON_LITERAL_NULL_CONVERSION = YES;
				CLANG_WARN_OBJC_IMPLICIT_RETAIN_SELF = YES;
				CLANG_WARN_OBJC_LITERAL_CONVERSION = YES;
				CLANG_WARN_OBJC_ROOT_CLASS = YES_ERROR;
				CLANG_WARN_QUOTED_INCLUDE_IN_FRAMEWORK_HEADER = YES;
				CLANG_WARN_RANGE_LOOP_ANALYSIS = YES;
				CLANG_WARN_STRICT_PROTOTYPES = YES;
				CLANG_WARN_SUSPICIOUS_MOVE = YES;
				CLANG_WARN_UNGUARDED_AVAILABILITY = YES_AGGRESSIVE;
				CLANG_WARN_UNREACHABLE_CODE = YES;
				CLANG_WARN__DUPLICATE_METHOD_MATCH = YES;
				COPY_PHASE_STRIP = NO;
				DEBUG_INFORMATION_FORMAT = "dwarf-with-dsym";
				ENABLE_NS_ASSERTIONS = NO;
				ENABLE_STRICT_OBJC_MSGSEND = YES;
				GCC_C_LANGUAGE_STANDARD = gnu11;
				GCC_NO_COMMON_BLOCKS = YES;
				GCC_WARN_64_TO_32_BIT_CONVERSION = YES;
				GCC_WARN_ABOUT_RETURN_TYPE = YES_ERROR;
				GCC_WARN_UNDECLARED_SELECTOR = YES;
				GCC_WARN_UNINITIALIZED_AUTOS = YES_AGGRESSIVE;
				GCC_WARN_UNUSED_FUNCTION = YES;
				GCC_WARN_UNUSED_VARIABLE = YES;
				IPHONEOS_DEPLOYMENT_TARGET = 16.4;
				MTL_ENABLE_DEBUG_INFO = NO;
				MTL_FAST_MATH = YES;
				SDKROOT = iphoneos;
				SWIFT_COMPILATION_MODE = wholemodule;
				SWIFT_OPTIMIZATION_LEVEL = "-O";
				VALIDATE_PRODUCT = YES;
			};
			name = Release;
		};
		C52FA3542A175B20005E70DC /* Debug */ = {
			isa = XCBuildConfiguration;
			baseConfigurationReference = B57500A8C1EA6C6CFDED2C4C /* Pods-AVIRO.debug.xcconfig */;
			buildSettings = {
				ASSETCATALOG_COMPILER_APPICON_NAME = AppIcon;
				ASSETCATALOG_COMPILER_GLOBAL_ACCENT_COLOR_NAME = AccentColor;
				CODE_SIGN_STYLE = Automatic;
				CURRENT_PROJECT_VERSION = 6;
				DEVELOPMENT_TEAM = C4K2HXA435;
				GENERATE_INFOPLIST_FILE = YES;
				INFOPLIST_FILE = AVIRO/Utils/Info.plist;
				INFOPLIST_KEY_NSLocationAlwaysUsageDescription = "테스트2";
				INFOPLIST_KEY_NSLocationWhenInUseUsageDescription = "테스트";
				INFOPLIST_KEY_UIApplicationSupportsIndirectInputEvents = YES;
				INFOPLIST_KEY_UILaunchStoryboardName = LaunchScreen;
				INFOPLIST_KEY_UISupportedInterfaceOrientations_iPad = "UIInterfaceOrientationPortrait UIInterfaceOrientationPortraitUpsideDown UIInterfaceOrientationLandscapeLeft UIInterfaceOrientationLandscapeRight";
				INFOPLIST_KEY_UISupportedInterfaceOrientations_iPhone = "UIInterfaceOrientationPortrait UIInterfaceOrientationLandscapeLeft UIInterfaceOrientationLandscapeRight";
				LD_RUNPATH_SEARCH_PATHS = (
					"$(inherited)",
					"@executable_path/Frameworks",
				);
				MARKETING_VERSION = 1.0;
				PRODUCT_BUNDLE_IDENTIFIER = SeonghunJeon.VeganRestaurant;
				PRODUCT_NAME = "$(TARGET_NAME)";
				SWIFT_EMIT_LOC_STRINGS = YES;
				SWIFT_VERSION = 5.0;
				TARGETED_DEVICE_FAMILY = "1,2";
			};
			name = Debug;
		};
		C52FA3552A175B20005E70DC /* Release */ = {
			isa = XCBuildConfiguration;
			baseConfigurationReference = 4EB01DC761F38F50251EAA43 /* Pods-AVIRO.release.xcconfig */;
			buildSettings = {
				ASSETCATALOG_COMPILER_APPICON_NAME = AppIcon;
				ASSETCATALOG_COMPILER_GLOBAL_ACCENT_COLOR_NAME = AccentColor;
				CODE_SIGN_STYLE = Automatic;
				CURRENT_PROJECT_VERSION = 6;
				DEVELOPMENT_TEAM = C4K2HXA435;
				GENERATE_INFOPLIST_FILE = YES;
				INFOPLIST_FILE = AVIRO/Utils/Info.plist;
				INFOPLIST_KEY_NSLocationAlwaysUsageDescription = "테스트2";
				INFOPLIST_KEY_NSLocationWhenInUseUsageDescription = "테스트";
				INFOPLIST_KEY_UIApplicationSupportsIndirectInputEvents = YES;
				INFOPLIST_KEY_UILaunchStoryboardName = LaunchScreen;
				INFOPLIST_KEY_UISupportedInterfaceOrientations_iPad = "UIInterfaceOrientationPortrait UIInterfaceOrientationPortraitUpsideDown UIInterfaceOrientationLandscapeLeft UIInterfaceOrientationLandscapeRight";
				INFOPLIST_KEY_UISupportedInterfaceOrientations_iPhone = "UIInterfaceOrientationPortrait UIInterfaceOrientationLandscapeLeft UIInterfaceOrientationLandscapeRight";
				LD_RUNPATH_SEARCH_PATHS = (
					"$(inherited)",
					"@executable_path/Frameworks",
				);
				MARKETING_VERSION = 1.0;
				PRODUCT_BUNDLE_IDENTIFIER = SeonghunJeon.VeganRestaurant;
				PRODUCT_NAME = "$(TARGET_NAME)";
				SWIFT_EMIT_LOC_STRINGS = YES;
				SWIFT_VERSION = 5.0;
				TARGETED_DEVICE_FAMILY = "1,2";
			};
			name = Release;
		};
/* End XCBuildConfiguration section */

/* Begin XCConfigurationList section */
		C52FA33A2A175B20005E70DC /* Build configuration list for PBXProject "AVIRO" */ = {
			isa = XCConfigurationList;
			buildConfigurations = (
				C52FA3512A175B20005E70DC /* Debug */,
				C52FA3522A175B20005E70DC /* Release */,
			);
			defaultConfigurationIsVisible = 0;
			defaultConfigurationName = Release;
		};
		C52FA3532A175B20005E70DC /* Build configuration list for PBXNativeTarget "AVIRO" */ = {
			isa = XCConfigurationList;
			buildConfigurations = (
				C52FA3542A175B20005E70DC /* Debug */,
				C52FA3552A175B20005E70DC /* Release */,
			);
			defaultConfigurationIsVisible = 0;
			defaultConfigurationName = Release;
		};
/* End XCConfigurationList section */
	};
	rootObject = C52FA3372A175B20005E70DC /* Project object */;
}
